// !$*UTF8*$!
{
	archiveVersion = 1;
	classes = {
	};
	objectVersion = 46;
	objects = {

/* Begin PBXBuildFile section */
		764A2E5925E018CC00279B76 /* CloudKit.framework in Frameworks */ = {isa = PBXBuildFile; fileRef = 764A2E5825E018CC00279B76 /* CloudKit.framework */; };
		76FE476E25DDA51700179321 /* AudioToolbox.framework in Frameworks */ = {isa = PBXBuildFile; fileRef = 76FE476D25DDA51700179321 /* AudioToolbox.framework */; };
		840931491E268CDD00C61711 /* MothershipSlots.swift in Sources */ = {isa = PBXBuildFile; fileRef = 840931481E268CDD00C61711 /* MothershipSlots.swift */; };
		8409314B1E268CDD00C61711 /* MothershipSlots.swift in Sources */ = {isa = PBXBuildFile; fileRef = 840931481E268CDD00C61711 /* MothershipSlots.swift */; };
		8409314D1E26930700C61711 /* MothershipSlot.swift in Sources */ = {isa = PBXBuildFile; fileRef = 8409314C1E26930700C61711 /* MothershipSlot.swift */; };
		8409314F1E26930700C61711 /* MothershipSlot.swift in Sources */ = {isa = PBXBuildFile; fileRef = 8409314C1E26930700C61711 /* MothershipSlot.swift */; };
		840931511E26985500C61711 /* GameColorsExtension.swift in Sources */ = {isa = PBXBuildFile; fileRef = 840931501E26985500C61711 /* GameColorsExtension.swift */; };
		840931531E26985500C61711 /* GameColorsExtension.swift in Sources */ = {isa = PBXBuildFile; fileRef = 840931501E26985500C61711 /* GameColorsExtension.swift */; };
		840B12FB1E25E49100707EE9 /* Spaceship.swift in Sources */ = {isa = PBXBuildFile; fileRef = 840B12FA1E25E49100707EE9 /* Spaceship.swift */; };
		840B12FD1E25E49100707EE9 /* Spaceship.swift in Sources */ = {isa = PBXBuildFile; fileRef = 840B12FA1E25E49100707EE9 /* Spaceship.swift */; };
		840B12FF1E25E6C200707EE9 /* MainMenuScene.swift in Sources */ = {isa = PBXBuildFile; fileRef = 840B12FE1E25E6C200707EE9 /* MainMenuScene.swift */; };
		840B13011E25E6C200707EE9 /* MainMenuScene.swift in Sources */ = {isa = PBXBuildFile; fileRef = 840B12FE1E25E6C200707EE9 /* MainMenuScene.swift */; };
		840B13031E25E7AE00707EE9 /* SpaceshipData.swift in Sources */ = {isa = PBXBuildFile; fileRef = 840B13021E25E7AE00707EE9 /* SpaceshipData.swift */; };
		840B13051E25E7AE00707EE9 /* SpaceshipData.swift in Sources */ = {isa = PBXBuildFile; fileRef = 840B13021E25E7AE00707EE9 /* SpaceshipData.swift */; };
		840B13071E25F64400707EE9 /* MothershipData.swift in Sources */ = {isa = PBXBuildFile; fileRef = 840B13061E25F64400707EE9 /* MothershipData.swift */; };
		840B13091E25F64400707EE9 /* MothershipData.swift in Sources */ = {isa = PBXBuildFile; fileRef = 840B13061E25F64400707EE9 /* MothershipData.swift */; };
		840B4DB11ED4B42D00C6ECD1 /* Element.swift in Sources */ = {isa = PBXBuildFile; fileRef = 840B4DB01ED4B42D00C6ECD1 /* Element.swift */; };
		840B4DB31ED4B42D00C6ECD1 /* Element.swift in Sources */ = {isa = PBXBuildFile; fileRef = 840B4DB01ED4B42D00C6ECD1 /* Element.swift */; };
		840BDF681E4A7DC000B2B0FA /* BoxUnlockSpaceship.swift in Sources */ = {isa = PBXBuildFile; fileRef = 840BDF671E4A7DC000B2B0FA /* BoxUnlockSpaceship.swift */; };
		840BDF6A1E4A7DC000B2B0FA /* BoxUnlockSpaceship.swift in Sources */ = {isa = PBXBuildFile; fileRef = 840BDF671E4A7DC000B2B0FA /* BoxUnlockSpaceship.swift */; };
		840DB2841E54F72800247ACB /* Stars.swift in Sources */ = {isa = PBXBuildFile; fileRef = 840DB2831E54F72800247ACB /* Stars.swift */; };
		840DB2861E54F72800247ACB /* Stars.swift in Sources */ = {isa = PBXBuildFile; fileRef = 840DB2831E54F72800247ACB /* Stars.swift */; };
		84138E011E439A9500B845E4 /* ControlMission.swift in Sources */ = {isa = PBXBuildFile; fileRef = 84138E001E439A9500B845E4 /* ControlMission.swift */; };
		84138E031E439A9500B845E4 /* ControlMission.swift in Sources */ = {isa = PBXBuildFile; fileRef = 84138E001E439A9500B845E4 /* ControlMission.swift */; };
		84240B6E1E26DD060090E681 /* GameMath.swift in Sources */ = {isa = PBXBuildFile; fileRef = 84240B6D1E26DD060090E681 /* GameMath.swift */; };
		84240B701E26DD060090E681 /* GameMath.swift in Sources */ = {isa = PBXBuildFile; fileRef = 84240B6D1E26DD060090E681 /* GameMath.swift */; };
		842A85711E25B715006B31F7 /* AppDelegate.swift in Sources */ = {isa = PBXBuildFile; fileRef = 842A85701E25B715006B31F7 /* AppDelegate.swift */; };
		842A85731E25B715006B31F7 /* GameViewController.swift in Sources */ = {isa = PBXBuildFile; fileRef = 842A85721E25B715006B31F7 /* GameViewController.swift */; };
		842A85761E25B715006B31F7 /* Main.storyboard in Resources */ = {isa = PBXBuildFile; fileRef = 842A85741E25B715006B31F7 /* Main.storyboard */; };
		842A85791E25B715006B31F7 /* LaunchScreen.storyboard in Resources */ = {isa = PBXBuildFile; fileRef = 842A85771E25B715006B31F7 /* LaunchScreen.storyboard */; };
		842A85A91E25B715006B31F7 /* AppDelegate.swift in Sources */ = {isa = PBXBuildFile; fileRef = 842A85A81E25B715006B31F7 /* AppDelegate.swift */; };
		842A85AB1E25B715006B31F7 /* GameViewController.swift in Sources */ = {isa = PBXBuildFile; fileRef = 842A85AA1E25B715006B31F7 /* GameViewController.swift */; };
		842A85AE1E25B715006B31F7 /* Main.storyboard in Resources */ = {isa = PBXBuildFile; fileRef = 842A85AC1E25B715006B31F7 /* Main.storyboard */; };
		842A85BB1E25B715006B31F7 /* Assets.xcassets in Resources */ = {isa = PBXBuildFile; fileRef = 842A85681E25B715006B31F7 /* Assets.xcassets */; };
		842A85BE1E25B715006B31F7 /* Assets.xcassets in Resources */ = {isa = PBXBuildFile; fileRef = 842A85681E25B715006B31F7 /* Assets.xcassets */; };
		842A85F91E25BB3F006B31F7 /* LoadScene.swift in Sources */ = {isa = PBXBuildFile; fileRef = 842A85F81E25BB3F006B31F7 /* LoadScene.swift */; };
		842A85FB1E25BB3F006B31F7 /* LoadScene.swift in Sources */ = {isa = PBXBuildFile; fileRef = 842A85F81E25BB3F006B31F7 /* LoadScene.swift */; };
		843739A01E9F2ADF00C61B6F /* BoxSellSpaceship.swift in Sources */ = {isa = PBXBuildFile; fileRef = 8437399F1E9F2ADF00C61B6F /* BoxSellSpaceship.swift */; };
		843739A21E9F2ADF00C61B6F /* BoxSellSpaceship.swift in Sources */ = {isa = PBXBuildFile; fileRef = 8437399F1E9F2ADF00C61B6F /* BoxSellSpaceship.swift */; };
		84429C5E1E710ACD00D9B9FD /* Metrics.swift in Sources */ = {isa = PBXBuildFile; fileRef = 847182DF1E25D6990077D3EF /* Metrics.swift */; };
		844779761E7892C1004AF4B9 /* klamm_airborne.m4a in Resources */ = {isa = PBXBuildFile; fileRef = 8447796E1E7892C1004AF4B9 /* klamm_airborne.m4a */; };
		844779781E7892C1004AF4B9 /* klamm_airborne.m4a in Resources */ = {isa = PBXBuildFile; fileRef = 8447796E1E7892C1004AF4B9 /* klamm_airborne.m4a */; };
		844779791E7892C1004AF4B9 /* klamm_atmosphere.m4a in Resources */ = {isa = PBXBuildFile; fileRef = 8447796F1E7892C1004AF4B9 /* klamm_atmosphere.m4a */; };
		8447797B1E7892C1004AF4B9 /* klamm_atmosphere.m4a in Resources */ = {isa = PBXBuildFile; fileRef = 8447796F1E7892C1004AF4B9 /* klamm_atmosphere.m4a */; };
		8447797C1E7892C1004AF4B9 /* klamm_battleship.m4a in Resources */ = {isa = PBXBuildFile; fileRef = 844779701E7892C1004AF4B9 /* klamm_battleship.m4a */; };
		8447797E1E7892C1004AF4B9 /* klamm_battleship.m4a in Resources */ = {isa = PBXBuildFile; fileRef = 844779701E7892C1004AF4B9 /* klamm_battleship.m4a */; };
		8447797F1E7892C1004AF4B9 /* klamm_destroyer.m4a in Resources */ = {isa = PBXBuildFile; fileRef = 844779711E7892C1004AF4B9 /* klamm_destroyer.m4a */; };
		844779811E7892C1004AF4B9 /* klamm_destroyer.m4a in Resources */ = {isa = PBXBuildFile; fileRef = 844779711E7892C1004AF4B9 /* klamm_destroyer.m4a */; };
		844779821E7892C1004AF4B9 /* klamm_ice-and-fire.m4a in Resources */ = {isa = PBXBuildFile; fileRef = 844779721E7892C1004AF4B9 /* klamm_ice-and-fire.m4a */; };
		844779841E7892C1004AF4B9 /* klamm_ice-and-fire.m4a in Resources */ = {isa = PBXBuildFile; fileRef = 844779721E7892C1004AF4B9 /* klamm_ice-and-fire.m4a */; };
		8447798B1E7892C1004AF4B9 /* klamm_vortex.m4a in Resources */ = {isa = PBXBuildFile; fileRef = 844779751E7892C1004AF4B9 /* klamm_vortex.m4a */; };
		8447798D1E7892C1004AF4B9 /* klamm_vortex.m4a in Resources */ = {isa = PBXBuildFile; fileRef = 844779751E7892C1004AF4B9 /* klamm_vortex.m4a */; };
		845436661E44FE7600E1E2A7 /* BoxBattleResult.swift in Sources */ = {isa = PBXBuildFile; fileRef = 845436651E44FE7600E1E2A7 /* BoxBattleResult.swift */; };
		845436681E44FE7600E1E2A7 /* BoxBattleResult.swift in Sources */ = {isa = PBXBuildFile; fileRef = 845436651E44FE7600E1E2A7 /* BoxBattleResult.swift */; };
		846585421E3D9C1100C890D3 /* MothershipHealthBar.swift in Sources */ = {isa = PBXBuildFile; fileRef = 846585411E3D9C1100C890D3 /* MothershipHealthBar.swift */; };
		846585441E3D9C1100C890D3 /* MothershipHealthBar.swift in Sources */ = {isa = PBXBuildFile; fileRef = 846585411E3D9C1100C890D3 /* MothershipHealthBar.swift */; };
		84660A531E7A4BB5006C0D1C /* Scorpion.m4a in Resources */ = {isa = PBXBuildFile; fileRef = 84660A4F1E7A4BB5006C0D1C /* Scorpion.m4a */; };
		84660A551E7A4BB5006C0D1C /* Scorpion.m4a in Resources */ = {isa = PBXBuildFile; fileRef = 84660A4F1E7A4BB5006C0D1C /* Scorpion.m4a */; };
		8468411A1E839B0A004CAF31 /* BoxWatchAd.swift in Sources */ = {isa = PBXBuildFile; fileRef = 846841191E839B0A004CAF31 /* BoxWatchAd.swift */; };
		846F28461E2925510040DB51 /* FacebookClient.swift in Sources */ = {isa = PBXBuildFile; fileRef = 846F28451E2925510040DB51 /* FacebookClient.swift */; };
		847126FD241A8C6E00B0BB75 /* SKColor+Extensions.swift in Sources */ = {isa = PBXBuildFile; fileRef = 847126F1241A8C6E00B0BB75 /* SKColor+Extensions.swift */; };
		847126FE241A8C6E00B0BB75 /* SKColor+Extensions.swift in Sources */ = {isa = PBXBuildFile; fileRef = 847126F1241A8C6E00B0BB75 /* SKColor+Extensions.swift */; };
		847126FF241A8C6E00B0BB75 /* CGVector+Extensions.swift in Sources */ = {isa = PBXBuildFile; fileRef = 847126F2241A8C6E00B0BB75 /* CGVector+Extensions.swift */; };
		84712700241A8C6E00B0BB75 /* CGVector+Extensions.swift in Sources */ = {isa = PBXBuildFile; fileRef = 847126F2241A8C6E00B0BB75 /* CGVector+Extensions.swift */; };
		84712701241A8C6E00B0BB75 /* Int+Extensions.swift in Sources */ = {isa = PBXBuildFile; fileRef = 847126F3241A8C6E00B0BB75 /* Int+Extensions.swift */; };
		84712702241A8C6E00B0BB75 /* Int+Extensions.swift in Sources */ = {isa = PBXBuildFile; fileRef = 847126F3241A8C6E00B0BB75 /* Int+Extensions.swift */; };
		84712703241A8C6E00B0BB75 /* SKTTimingFunctions.swift in Sources */ = {isa = PBXBuildFile; fileRef = 847126F4241A8C6E00B0BB75 /* SKTTimingFunctions.swift */; };
		84712704241A8C6E00B0BB75 /* SKTTimingFunctions.swift in Sources */ = {isa = PBXBuildFile; fileRef = 847126F4241A8C6E00B0BB75 /* SKTTimingFunctions.swift */; };
		84712705241A8C6E00B0BB75 /* SKAction+Extensions.swift in Sources */ = {isa = PBXBuildFile; fileRef = 847126F5241A8C6E00B0BB75 /* SKAction+Extensions.swift */; };
		84712706241A8C6E00B0BB75 /* SKAction+Extensions.swift in Sources */ = {isa = PBXBuildFile; fileRef = 847126F5241A8C6E00B0BB75 /* SKAction+Extensions.swift */; };
		84712707241A8C6E00B0BB75 /* SKAction+SpecialEffects.swift in Sources */ = {isa = PBXBuildFile; fileRef = 847126F6241A8C6E00B0BB75 /* SKAction+SpecialEffects.swift */; };
		84712708241A8C6E00B0BB75 /* SKAction+SpecialEffects.swift in Sources */ = {isa = PBXBuildFile; fileRef = 847126F6241A8C6E00B0BB75 /* SKAction+SpecialEffects.swift */; };
		84712709241A8C6E00B0BB75 /* SKNode+Extensions.swift in Sources */ = {isa = PBXBuildFile; fileRef = 847126F7241A8C6E00B0BB75 /* SKNode+Extensions.swift */; };
		8471270A241A8C6E00B0BB75 /* SKNode+Extensions.swift in Sources */ = {isa = PBXBuildFile; fileRef = 847126F7241A8C6E00B0BB75 /* SKNode+Extensions.swift */; };
		8471270B241A8C6E00B0BB75 /* CGPoint+Extensions.swift in Sources */ = {isa = PBXBuildFile; fileRef = 847126F8241A8C6E00B0BB75 /* CGPoint+Extensions.swift */; };
		8471270C241A8C6E00B0BB75 /* CGPoint+Extensions.swift in Sources */ = {isa = PBXBuildFile; fileRef = 847126F8241A8C6E00B0BB75 /* CGPoint+Extensions.swift */; };
		8471270D241A8C6E00B0BB75 /* SKTEffects.swift in Sources */ = {isa = PBXBuildFile; fileRef = 847126F9241A8C6E00B0BB75 /* SKTEffects.swift */; };
		8471270E241A8C6E00B0BB75 /* SKTEffects.swift in Sources */ = {isa = PBXBuildFile; fileRef = 847126F9241A8C6E00B0BB75 /* SKTEffects.swift */; };
		8471270F241A8C6E00B0BB75 /* SKTAudio.swift in Sources */ = {isa = PBXBuildFile; fileRef = 847126FA241A8C6E00B0BB75 /* SKTAudio.swift */; };
		84712710241A8C6E00B0BB75 /* SKTAudio.swift in Sources */ = {isa = PBXBuildFile; fileRef = 847126FA241A8C6E00B0BB75 /* SKTAudio.swift */; };
		84712711241A8C6E00B0BB75 /* Vector3.swift in Sources */ = {isa = PBXBuildFile; fileRef = 847126FB241A8C6E00B0BB75 /* Vector3.swift */; };
		84712712241A8C6E00B0BB75 /* Vector3.swift in Sources */ = {isa = PBXBuildFile; fileRef = 847126FB241A8C6E00B0BB75 /* Vector3.swift */; };
		84712713241A8C6E00B0BB75 /* CGFloat+Extensions.swift in Sources */ = {isa = PBXBuildFile; fileRef = 847126FC241A8C6E00B0BB75 /* CGFloat+Extensions.swift */; };
		84712714241A8C6E00B0BB75 /* CGFloat+Extensions.swift in Sources */ = {isa = PBXBuildFile; fileRef = 847126FC241A8C6E00B0BB75 /* CGFloat+Extensions.swift */; };
		8471272C241A8C7800B0BB75 /* Label.swift in Sources */ = {isa = PBXBuildFile; fileRef = 84712716241A8C7800B0BB75 /* Label.swift */; };
		8471272D241A8C7800B0BB75 /* Label.swift in Sources */ = {isa = PBXBuildFile; fileRef = 84712716241A8C7800B0BB75 /* Label.swift */; };
		8471272E241A8C7800B0BB75 /* TiledData.swift in Sources */ = {isa = PBXBuildFile; fileRef = 84712718241A8C7800B0BB75 /* TiledData.swift */; };
		8471272F241A8C7800B0BB75 /* TiledData.swift in Sources */ = {isa = PBXBuildFile; fileRef = 84712718241A8C7800B0BB75 /* TiledData.swift */; };
		84712730241A8C7800B0BB75 /* Tileset.swift in Sources */ = {isa = PBXBuildFile; fileRef = 84712719241A8C7800B0BB75 /* Tileset.swift */; };
		84712731241A8C7800B0BB75 /* Tileset.swift in Sources */ = {isa = PBXBuildFile; fileRef = 84712719241A8C7800B0BB75 /* Tileset.swift */; };
		84712732241A8C7800B0BB75 /* TiledObjectGroup.swift in Sources */ = {isa = PBXBuildFile; fileRef = 8471271A241A8C7800B0BB75 /* TiledObjectGroup.swift */; };
		84712733241A8C7800B0BB75 /* TiledObjectGroup.swift in Sources */ = {isa = PBXBuildFile; fileRef = 8471271A241A8C7800B0BB75 /* TiledObjectGroup.swift */; };
		84712734241A8C7800B0BB75 /* TiledLayer.swift in Sources */ = {isa = PBXBuildFile; fileRef = 8471271B241A8C7800B0BB75 /* TiledLayer.swift */; };
		84712735241A8C7800B0BB75 /* TiledLayer.swift in Sources */ = {isa = PBXBuildFile; fileRef = 8471271B241A8C7800B0BB75 /* TiledLayer.swift */; };
		84712736241A8C7800B0BB75 /* TiledMap.swift in Sources */ = {isa = PBXBuildFile; fileRef = 8471271C241A8C7800B0BB75 /* TiledMap.swift */; };
		84712737241A8C7800B0BB75 /* TiledMap.swift in Sources */ = {isa = PBXBuildFile; fileRef = 8471271C241A8C7800B0BB75 /* TiledMap.swift */; };
		84712738241A8C7800B0BB75 /* TiledObject.swift in Sources */ = {isa = PBXBuildFile; fileRef = 8471271D241A8C7800B0BB75 /* TiledObject.swift */; };
		84712739241A8C7800B0BB75 /* TiledObject.swift in Sources */ = {isa = PBXBuildFile; fileRef = 8471271D241A8C7800B0BB75 /* TiledObject.swift */; };
		8471273A241A8C7800B0BB75 /* TiledTile.swift in Sources */ = {isa = PBXBuildFile; fileRef = 8471271E241A8C7800B0BB75 /* TiledTile.swift */; };
		8471273B241A8C7800B0BB75 /* TiledTile.swift in Sources */ = {isa = PBXBuildFile; fileRef = 8471271E241A8C7800B0BB75 /* TiledTile.swift */; };
		8471273C241A8C7800B0BB75 /* Control.swift in Sources */ = {isa = PBXBuildFile; fileRef = 8471271F241A8C7800B0BB75 /* Control.swift */; };
		8471273D241A8C7800B0BB75 /* Control.swift in Sources */ = {isa = PBXBuildFile; fileRef = 8471271F241A8C7800B0BB75 /* Control.swift */; };
		8471273E241A8C7800B0BB75 /* BlackSpriteNode.swift in Sources */ = {isa = PBXBuildFile; fileRef = 84712720241A8C7800B0BB75 /* BlackSpriteNode.swift */; };
		8471273F241A8C7800B0BB75 /* BlackSpriteNode.swift in Sources */ = {isa = PBXBuildFile; fileRef = 84712720241A8C7800B0BB75 /* BlackSpriteNode.swift */; };
		84712740241A8C7800B0BB75 /* Data+Gzip.swift in Sources */ = {isa = PBXBuildFile; fileRef = 84712721241A8C7800B0BB75 /* Data+Gzip.swift */; };
		84712741241A8C7800B0BB75 /* Data+Gzip.swift in Sources */ = {isa = PBXBuildFile; fileRef = 84712721241A8C7800B0BB75 /* Data+Gzip.swift */; };
		84712742241A8C7800B0BB75 /* MultiLineLabel.swift in Sources */ = {isa = PBXBuildFile; fileRef = 84712722241A8C7800B0BB75 /* MultiLineLabel.swift */; };
		84712743241A8C7800B0BB75 /* MultiLineLabel.swift in Sources */ = {isa = PBXBuildFile; fileRef = 84712722241A8C7800B0BB75 /* MultiLineLabel.swift */; };
		84712744241A8C7800B0BB75 /* Event.swift in Sources */ = {isa = PBXBuildFile; fileRef = 84712723241A8C7800B0BB75 /* Event.swift */; };
		84712745241A8C7800B0BB75 /* Event.swift in Sources */ = {isa = PBXBuildFile; fileRef = 84712723241A8C7800B0BB75 /* Event.swift */; };
		84712746241A8C7800B0BB75 /* ScrollNode.swift in Sources */ = {isa = PBXBuildFile; fileRef = 84712724241A8C7800B0BB75 /* ScrollNode.swift */; };
		84712747241A8C7800B0BB75 /* ScrollNode.swift in Sources */ = {isa = PBXBuildFile; fileRef = 84712724241A8C7800B0BB75 /* ScrollNode.swift */; };
		84712748241A8C7800B0BB75 /* Box.swift in Sources */ = {isa = PBXBuildFile; fileRef = 84712725241A8C7800B0BB75 /* Box.swift */; };
		84712749241A8C7800B0BB75 /* Box.swift in Sources */ = {isa = PBXBuildFile; fileRef = 84712725241A8C7800B0BB75 /* Box.swift */; };
		8471274A241A8C7800B0BB75 /* GameCamera.swift in Sources */ = {isa = PBXBuildFile; fileRef = 84712726241A8C7800B0BB75 /* GameCamera.swift */; };
		8471274B241A8C7800B0BB75 /* GameCamera.swift in Sources */ = {isa = PBXBuildFile; fileRef = 84712726241A8C7800B0BB75 /* GameCamera.swift */; };
		8471274C241A8C7800B0BB75 /* GameColors.swift in Sources */ = {isa = PBXBuildFile; fileRef = 84712727241A8C7800B0BB75 /* GameColors.swift */; };
		8471274D241A8C7800B0BB75 /* GameColors.swift in Sources */ = {isa = PBXBuildFile; fileRef = 84712727241A8C7800B0BB75 /* GameColors.swift */; };
		8471274E241A8C7800B0BB75 /* StringExtension.swift in Sources */ = {isa = PBXBuildFile; fileRef = 84712728241A8C7800B0BB75 /* StringExtension.swift */; };
		8471274F241A8C7800B0BB75 /* StringExtension.swift in Sources */ = {isa = PBXBuildFile; fileRef = 84712728241A8C7800B0BB75 /* StringExtension.swift */; };
		84712750241A8C7800B0BB75 /* GameScene.swift in Sources */ = {isa = PBXBuildFile; fileRef = 84712729241A8C7800B0BB75 /* GameScene.swift */; };
		84712751241A8C7800B0BB75 /* GameScene.swift in Sources */ = {isa = PBXBuildFile; fileRef = 84712729241A8C7800B0BB75 /* GameScene.swift */; };
		84712752241A8C7800B0BB75 /* ServerManager.swift in Sources */ = {isa = PBXBuildFile; fileRef = 8471272A241A8C7800B0BB75 /* ServerManager.swift */; };
		84712753241A8C7800B0BB75 /* ServerManager.swift in Sources */ = {isa = PBXBuildFile; fileRef = 8471272A241A8C7800B0BB75 /* ServerManager.swift */; };
		84712754241A8C7800B0BB75 /* Button.swift in Sources */ = {isa = PBXBuildFile; fileRef = 8471272B241A8C7800B0BB75 /* Button.swift */; };
		84712755241A8C7800B0BB75 /* Button.swift in Sources */ = {isa = PBXBuildFile; fileRef = 8471272B241A8C7800B0BB75 /* Button.swift */; };
		847182E01E25D6990077D3EF /* Metrics.swift in Sources */ = {isa = PBXBuildFile; fileRef = 847182DF1E25D6990077D3EF /* Metrics.swift */; };
		8479051C1E28584100872D70 /* GameCenter.swift in Sources */ = {isa = PBXBuildFile; fileRef = 8479051B1E28584100872D70 /* GameCenter.swift */; };
		84798FA31E7083C100741DE5 /* SoundEffect.swift in Sources */ = {isa = PBXBuildFile; fileRef = 84798FA21E7083C100741DE5 /* SoundEffect.swift */; };
		84798FA51E7083C100741DE5 /* SoundEffect.swift in Sources */ = {isa = PBXBuildFile; fileRef = 84798FA21E7083C100741DE5 /* SoundEffect.swift */; };
		847A04E81E3A3967004A4878 /* Shot.swift in Sources */ = {isa = PBXBuildFile; fileRef = 847A04E71E3A3967004A4878 /* Shot.swift */; };
		847A04EA1E3A3967004A4878 /* Shot.swift in Sources */ = {isa = PBXBuildFile; fileRef = 847A04E71E3A3967004A4878 /* Shot.swift */; };
		8487B03C1E78A807007A4921 /* CreditsScene.swift in Sources */ = {isa = PBXBuildFile; fileRef = 8487B03B1E78A807007A4921 /* CreditsScene.swift */; };
		8487B03E1E78A807007A4921 /* CreditsScene.swift in Sources */ = {isa = PBXBuildFile; fileRef = 8487B03B1E78A807007A4921 /* CreditsScene.swift */; };
		8487B0431E78CC9E007A4921 /* klamm_cracks.m4a in Resources */ = {isa = PBXBuildFile; fileRef = 8487B03F1E78CC9E007A4921 /* klamm_cracks.m4a */; };
		8487B0451E78CC9E007A4921 /* klamm_cracks.m4a in Resources */ = {isa = PBXBuildFile; fileRef = 8487B03F1E78CC9E007A4921 /* klamm_cracks.m4a */; };
		8487B0461E78CC9E007A4921 /* klamm_infinity.m4a in Resources */ = {isa = PBXBuildFile; fileRef = 8487B0401E78CC9E007A4921 /* klamm_infinity.m4a */; };
		8487B0481E78CC9E007A4921 /* klamm_infinity.m4a in Resources */ = {isa = PBXBuildFile; fileRef = 8487B0401E78CC9E007A4921 /* klamm_infinity.m4a */; };
		8487B04C1E78CC9E007A4921 /* klamm_prisma.m4a in Resources */ = {isa = PBXBuildFile; fileRef = 8487B0421E78CC9E007A4921 /* klamm_prisma.m4a */; };
		8487B04E1E78CC9E007A4921 /* klamm_prisma.m4a in Resources */ = {isa = PBXBuildFile; fileRef = 8487B0421E78CC9E007A4921 /* klamm_prisma.m4a */; };
		8487B0501E78E15E007A4921 /* BoxSettings.swift in Sources */ = {isa = PBXBuildFile; fileRef = 8487B04F1E78E15E007A4921 /* BoxSettings.swift */; };
		8487B0521E78E15E007A4921 /* BoxSettings.swift in Sources */ = {isa = PBXBuildFile; fileRef = 8487B04F1E78E15E007A4921 /* BoxSettings.swift */; };
		8487B0581E78F109007A4921 /* BoxResetData.swift in Sources */ = {isa = PBXBuildFile; fileRef = 8487B0571E78F109007A4921 /* BoxResetData.swift */; };
		8487B05A1E78F109007A4921 /* BoxResetData.swift in Sources */ = {isa = PBXBuildFile; fileRef = 8487B0571E78F109007A4921 /* BoxResetData.swift */; };
		848B8F991EB979530002E557 /* BattleSceneOnline.swift in Sources */ = {isa = PBXBuildFile; fileRef = 848B8F981EB979530002E557 /* BattleSceneOnline.swift */; };
		848B8F9B1EB979530002E557 /* BattleSceneOnline.swift in Sources */ = {isa = PBXBuildFile; fileRef = 848B8F981EB979530002E557 /* BattleSceneOnline.swift */; };
		848B8F9D1EB986D30002E557 /* BoxSearchingForOpponent.swift in Sources */ = {isa = PBXBuildFile; fileRef = 848B8F9C1EB986D30002E557 /* BoxSearchingForOpponent.swift */; };
		848B8F9F1EB986D30002E557 /* BoxSearchingForOpponent.swift in Sources */ = {isa = PBXBuildFile; fileRef = 848B8F9C1EB986D30002E557 /* BoxSearchingForOpponent.swift */; };
		849632C71E42DCB100AEC90F /* Mission.swift in Sources */ = {isa = PBXBuildFile; fileRef = 849632C61E42DCB100AEC90F /* Mission.swift */; };
		849632C91E42DCB100AEC90F /* Mission.swift in Sources */ = {isa = PBXBuildFile; fileRef = 849632C61E42DCB100AEC90F /* Mission.swift */; };
		8498CB531E93FAD600C30E4D /* BoxVideoAdAttemptFinished.swift in Sources */ = {isa = PBXBuildFile; fileRef = 8498CB521E93FAD600C30E4D /* BoxVideoAdAttemptFinished.swift */; };
		849B4CB51E6F179300C14B8F /* Music.swift in Sources */ = {isa = PBXBuildFile; fileRef = 849B4CB41E6F179300C14B8F /* Music.swift */; };
		849B4CB71E6F179300C14B8F /* Music.swift in Sources */ = {isa = PBXBuildFile; fileRef = 849B4CB41E6F179300C14B8F /* Music.swift */; };
		84A211271E3FC364008EE6ED /* HangarScene.swift in Sources */ = {isa = PBXBuildFile; fileRef = 84A211261E3FC364008EE6ED /* HangarScene.swift */; };
		84A211291E3FC364008EE6ED /* HangarScene.swift in Sources */ = {isa = PBXBuildFile; fileRef = 84A211261E3FC364008EE6ED /* HangarScene.swift */; };
		84A4CFD01E3C1B0800BE28FC /* SpaceshipHealthBar.swift in Sources */ = {isa = PBXBuildFile; fileRef = 84A4CFCF1E3C1B0800BE28FC /* SpaceshipHealthBar.swift */; };
		84A4CFD21E3C1B0800BE28FC /* SpaceshipHealthBar.swift in Sources */ = {isa = PBXBuildFile; fileRef = 84A4CFCF1E3C1B0800BE28FC /* SpaceshipHealthBar.swift */; };
		84AFAE1B1E2FC949006359DD /* BattleScene.swift in Sources */ = {isa = PBXBuildFile; fileRef = 84AFAE1A1E2FC949006359DD /* BattleScene.swift */; };
		84AFAE1D1E2FC949006359DD /* BattleScene.swift in Sources */ = {isa = PBXBuildFile; fileRef = 84AFAE1A1E2FC949006359DD /* BattleScene.swift */; };
		84AFAE1F1E2FEEEC006359DD /* GameWorld.swift in Sources */ = {isa = PBXBuildFile; fileRef = 84AFAE1E1E2FEEEC006359DD /* GameWorld.swift */; };
		84AFAE211E2FEEEC006359DD /* GameWorld.swift in Sources */ = {isa = PBXBuildFile; fileRef = 84AFAE1E1E2FEEEC006359DD /* GameWorld.swift */; };
		84B4E33D1E53A2C9003E8674 /* MissionCell.swift in Sources */ = {isa = PBXBuildFile; fileRef = 84B4E33C1E53A2C9003E8674 /* MissionCell.swift */; };
		84B4E33F1E53A2C9003E8674 /* MissionCell.swift in Sources */ = {isa = PBXBuildFile; fileRef = 84B4E33C1E53A2C9003E8674 /* MissionCell.swift */; };
		84B7BAF91E4D186B00074CDA /* ChooseMissionScene.swift in Sources */ = {isa = PBXBuildFile; fileRef = 84B7BAF81E4D186B00074CDA /* ChooseMissionScene.swift */; };
		84B7BAFB1E4D186B00074CDA /* ChooseMissionScene.swift in Sources */ = {isa = PBXBuildFile; fileRef = 84B7BAF81E4D186B00074CDA /* ChooseMissionScene.swift */; };
		84BA34D61E7B5514006FEEAD /* GameAdManager.swift in Sources */ = {isa = PBXBuildFile; fileRef = 84BA34D51E7B5514006FEEAD /* GameAdManager.swift */; };
		84BE8B901E70C66300BBDAA6 /* explosion1.m4a in Resources */ = {isa = PBXBuildFile; fileRef = 84BE8B821E70C66300BBDAA6 /* explosion1.m4a */; };
		84BE8B921E70C66300BBDAA6 /* explosion1.m4a in Resources */ = {isa = PBXBuildFile; fileRef = 84BE8B821E70C66300BBDAA6 /* explosion1.m4a */; };
		84BE8B961E70C66300BBDAA6 /* explosion2.m4a in Resources */ = {isa = PBXBuildFile; fileRef = 84BE8B841E70C66300BBDAA6 /* explosion2.m4a */; };
		84BE8B981E70C66300BBDAA6 /* explosion2.m4a in Resources */ = {isa = PBXBuildFile; fileRef = 84BE8B841E70C66300BBDAA6 /* explosion2.m4a */; };
		84BE8B9C1E70C66300BBDAA6 /* explosion3.m4a in Resources */ = {isa = PBXBuildFile; fileRef = 84BE8B861E70C66300BBDAA6 /* explosion3.m4a */; };
		84BE8B9E1E70C66300BBDAA6 /* explosion3.m4a in Resources */ = {isa = PBXBuildFile; fileRef = 84BE8B861E70C66300BBDAA6 /* explosion3.m4a */; };
		84BE8BA21E70C66300BBDAA6 /* explosion4.m4a in Resources */ = {isa = PBXBuildFile; fileRef = 84BE8B881E70C66300BBDAA6 /* explosion4.m4a */; };
		84BE8BA41E70C66300BBDAA6 /* explosion4.m4a in Resources */ = {isa = PBXBuildFile; fileRef = 84BE8B881E70C66300BBDAA6 /* explosion4.m4a */; };
		84BE8BA81E70C66300BBDAA6 /* explosion5.m4a in Resources */ = {isa = PBXBuildFile; fileRef = 84BE8B8A1E70C66300BBDAA6 /* explosion5.m4a */; };
		84BE8BAA1E70C66300BBDAA6 /* explosion5.m4a in Resources */ = {isa = PBXBuildFile; fileRef = 84BE8B8A1E70C66300BBDAA6 /* explosion5.m4a */; };
		84BE8BAE1E70C66300BBDAA6 /* explosion6.m4a in Resources */ = {isa = PBXBuildFile; fileRef = 84BE8B8C1E70C66300BBDAA6 /* explosion6.m4a */; };
		84BE8BB01E70C66300BBDAA6 /* explosion6.m4a in Resources */ = {isa = PBXBuildFile; fileRef = 84BE8B8C1E70C66300BBDAA6 /* explosion6.m4a */; };
		84BE8BB41E70C66300BBDAA6 /* explosion7.m4a in Resources */ = {isa = PBXBuildFile; fileRef = 84BE8B8E1E70C66300BBDAA6 /* explosion7.m4a */; };
		84BE8BB61E70C66300BBDAA6 /* explosion7.m4a in Resources */ = {isa = PBXBuildFile; fileRef = 84BE8B8E1E70C66300BBDAA6 /* explosion7.m4a */; };
		84BE8BE71E70C8A300BBDAA6 /* laser1.m4a in Resources */ = {isa = PBXBuildFile; fileRef = 84BE8BDE1E70C8A300BBDAA6 /* laser1.m4a */; };
		84BE8BE91E70C8A300BBDAA6 /* laser1.m4a in Resources */ = {isa = PBXBuildFile; fileRef = 84BE8BDE1E70C8A300BBDAA6 /* laser1.m4a */; };
		84BE8BEA1E70C8A300BBDAA6 /* laser2.m4a in Resources */ = {isa = PBXBuildFile; fileRef = 84BE8BDF1E70C8A300BBDAA6 /* laser2.m4a */; };
		84BE8BEC1E70C8A300BBDAA6 /* laser2.m4a in Resources */ = {isa = PBXBuildFile; fileRef = 84BE8BDF1E70C8A300BBDAA6 /* laser2.m4a */; };
		84BE8BED1E70C8A300BBDAA6 /* laser3.m4a in Resources */ = {isa = PBXBuildFile; fileRef = 84BE8BE01E70C8A300BBDAA6 /* laser3.m4a */; };
		84BE8BEF1E70C8A300BBDAA6 /* laser3.m4a in Resources */ = {isa = PBXBuildFile; fileRef = 84BE8BE01E70C8A300BBDAA6 /* laser3.m4a */; };
		84BE8BF01E70C8A300BBDAA6 /* laser4.m4a in Resources */ = {isa = PBXBuildFile; fileRef = 84BE8BE11E70C8A300BBDAA6 /* laser4.m4a */; };
		84BE8BF21E70C8A300BBDAA6 /* laser4.m4a in Resources */ = {isa = PBXBuildFile; fileRef = 84BE8BE11E70C8A300BBDAA6 /* laser4.m4a */; };
		84BE8BF31E70C8A300BBDAA6 /* laser5.m4a in Resources */ = {isa = PBXBuildFile; fileRef = 84BE8BE21E70C8A300BBDAA6 /* laser5.m4a */; };
		84BE8BF51E70C8A300BBDAA6 /* laser5.m4a in Resources */ = {isa = PBXBuildFile; fileRef = 84BE8BE21E70C8A300BBDAA6 /* laser5.m4a */; };
		84BE8BF61E70C8A300BBDAA6 /* laser6.m4a in Resources */ = {isa = PBXBuildFile; fileRef = 84BE8BE31E70C8A300BBDAA6 /* laser6.m4a */; };
		84BE8BF81E70C8A300BBDAA6 /* laser6.m4a in Resources */ = {isa = PBXBuildFile; fileRef = 84BE8BE31E70C8A300BBDAA6 /* laser6.m4a */; };
		84BE8BF91E70C8A300BBDAA6 /* laser7.m4a in Resources */ = {isa = PBXBuildFile; fileRef = 84BE8BE41E70C8A300BBDAA6 /* laser7.m4a */; };
		84BE8BFB1E70C8A400BBDAA6 /* laser7.m4a in Resources */ = {isa = PBXBuildFile; fileRef = 84BE8BE41E70C8A300BBDAA6 /* laser7.m4a */; };
		84BE8BFC1E70C8A400BBDAA6 /* laser8.m4a in Resources */ = {isa = PBXBuildFile; fileRef = 84BE8BE51E70C8A300BBDAA6 /* laser8.m4a */; };
		84BE8BFE1E70C8A400BBDAA6 /* laser8.m4a in Resources */ = {isa = PBXBuildFile; fileRef = 84BE8BE51E70C8A300BBDAA6 /* laser8.m4a */; };
		84BE8BFF1E70C8A400BBDAA6 /* laser9.m4a in Resources */ = {isa = PBXBuildFile; fileRef = 84BE8BE61E70C8A300BBDAA6 /* laser9.m4a */; };
		84BE8C011E70C8A400BBDAA6 /* laser9.m4a in Resources */ = {isa = PBXBuildFile; fileRef = 84BE8BE61E70C8A300BBDAA6 /* laser9.m4a */; };
		84C31E281E26FF1100892544 /* MothershipSlotData.swift in Sources */ = {isa = PBXBuildFile; fileRef = 84C31E271E26FF1100892544 /* MothershipSlotData.swift */; };
		84C31E2A1E26FF1100892544 /* MothershipSlotData.swift in Sources */ = {isa = PBXBuildFile; fileRef = 84C31E271E26FF1100892544 /* MothershipSlotData.swift */; };
		84D03EE01E35A1E7007425E0 /* Mothership.swift in Sources */ = {isa = PBXBuildFile; fileRef = 84D03EDF1E35A1E7007425E0 /* Mothership.swift */; };
		84D03EE21E35A1E7007425E0 /* Mothership.swift in Sources */ = {isa = PBXBuildFile; fileRef = 84D03EDF1E35A1E7007425E0 /* Mothership.swift */; };
		84D587051E426BD90041BAAD /* SpaceshipHangarCell.swift in Sources */ = {isa = PBXBuildFile; fileRef = 84D587041E426BD90041BAAD /* SpaceshipHangarCell.swift */; };
		84D587071E426BD90041BAAD /* SpaceshipHangarCell.swift in Sources */ = {isa = PBXBuildFile; fileRef = 84D587041E426BD90041BAAD /* SpaceshipHangarCell.swift */; };
		84E0F2981E25C6F000E12E09 /* Model.xcdatamodeld in Sources */ = {isa = PBXBuildFile; fileRef = 84E0F2961E25C6F000E12E09 /* Model.xcdatamodeld */; };
		84E0F29A1E25C6F000E12E09 /* Model.xcdatamodeld in Sources */ = {isa = PBXBuildFile; fileRef = 84E0F2961E25C6F000E12E09 /* Model.xcdatamodeld */; };
		84E0F29C1E25C74600E12E09 /* MemoryCard.swift in Sources */ = {isa = PBXBuildFile; fileRef = 84E0F29B1E25C74600E12E09 /* MemoryCard.swift */; };
		84E0F29E1E25C74600E12E09 /* MemoryCard.swift in Sources */ = {isa = PBXBuildFile; fileRef = 84E0F29B1E25C74600E12E09 /* MemoryCard.swift */; };
		84E0F2A01E25C77100E12E09 /* PlayerData.swift in Sources */ = {isa = PBXBuildFile; fileRef = 84E0F29F1E25C77100E12E09 /* PlayerData.swift */; };
		84E0F2A21E25C77100E12E09 /* PlayerData.swift in Sources */ = {isa = PBXBuildFile; fileRef = 84E0F29F1E25C77100E12E09 /* PlayerData.swift */; };
		84E128192249BAEE0077DDB8 /* BattleRoyaleScene.swift in Sources */ = {isa = PBXBuildFile; fileRef = 84E128182249BAEE0077DDB8 /* BattleRoyaleScene.swift */; };
		84E1281A2249BAEE0077DDB8 /* BattleRoyaleScene.swift in Sources */ = {isa = PBXBuildFile; fileRef = 84E128182249BAEE0077DDB8 /* BattleRoyaleScene.swift */; };
		84F945201E29C45B0034F530 /* InvitableFriends.swift in Sources */ = {isa = PBXBuildFile; fileRef = 84F9451F1E29C45B0034F530 /* InvitableFriends.swift */; };
		84F945221E2EE6780034F530 /* ControlPremiumPoints.swift in Sources */ = {isa = PBXBuildFile; fileRef = 84F945211E2EE6780034F530 /* ControlPremiumPoints.swift */; };
		84F945241E2EE6780034F530 /* ControlPremiumPoints.swift in Sources */ = {isa = PBXBuildFile; fileRef = 84F945211E2EE6780034F530 /* ControlPremiumPoints.swift */; };
		84F945261E2EEBCD0034F530 /* kenpixel.ttf in Resources */ = {isa = PBXBuildFile; fileRef = 84F945251E2EEBCD0034F530 /* kenpixel.ttf */; };
		84F945281E2EEBCD0034F530 /* kenpixel.ttf in Resources */ = {isa = PBXBuildFile; fileRef = 84F945251E2EEBCD0034F530 /* kenpixel.ttf */; };
		84F9452A1E2EEEBA0034F530 /* ControlPoints.swift in Sources */ = {isa = PBXBuildFile; fileRef = 84F945291E2EEEBA0034F530 /* ControlPoints.swift */; };
		84F9452C1E2EEEBA0034F530 /* ControlPoints.swift in Sources */ = {isa = PBXBuildFile; fileRef = 84F945291E2EEEBA0034F530 /* ControlPoints.swift */; };
		84FF7E4A2194E53500E87D48 /* klamm_discoveries.m4a in Resources */ = {isa = PBXBuildFile; fileRef = 84FF7E472194E53500E87D48 /* klamm_discoveries.m4a */; };
		84FF7E4B2194E53500E87D48 /* klamm_subzero.m4a in Resources */ = {isa = PBXBuildFile; fileRef = 84FF7E482194E53500E87D48 /* klamm_subzero.m4a */; };
		84FF7E4C2194E53500E87D48 /* klamm_reign-of-robots.m4a in Resources */ = {isa = PBXBuildFile; fileRef = 84FF7E492194E53500E87D48 /* klamm_reign-of-robots.m4a */; };
		84FF7E512194F06A00E87D48 /* BoxVideoAdAttemptFinished.swift in Sources */ = {isa = PBXBuildFile; fileRef = 8498CB521E93FAD600C30E4D /* BoxVideoAdAttemptFinished.swift */; };
		84FF7E532194F49D00E87D48 /* klamm_discoveries.m4a in Resources */ = {isa = PBXBuildFile; fileRef = 84FF7E472194E53500E87D48 /* klamm_discoveries.m4a */; };
		84FF7E542194F4A400E87D48 /* klamm_reign-of-robots.m4a in Resources */ = {isa = PBXBuildFile; fileRef = 84FF7E492194E53500E87D48 /* klamm_reign-of-robots.m4a */; };
		84FF7E552194F4A400E87D48 /* klamm_subzero.m4a in Resources */ = {isa = PBXBuildFile; fileRef = 84FF7E482194E53500E87D48 /* klamm_subzero.m4a */; };
/* End PBXBuildFile section */

/* Begin PBXCopyFilesBuildPhase section */
		842A85C81E25B715006B31F7 /* Embed Watch Content */ = {
			isa = PBXCopyFilesBuildPhase;
			buildActionMask = 2147483647;
			dstPath = "$(CONTENTS_FOLDER_PATH)/Watch";
			dstSubfolderSpec = 16;
			files = (
			);
			name = "Embed Watch Content";
			runOnlyForDeploymentPostprocessing = 0;
		};
/* End PBXCopyFilesBuildPhase section */

/* Begin PBXFileReference section */
		764A2E5125E015A400279B76 /* CommandersWar.entitlements */ = {isa = PBXFileReference; lastKnownFileType = text.plist.entitlements; path = CommandersWar.entitlements; sourceTree = "<group>"; };
		764A2E5825E018CC00279B76 /* CloudKit.framework */ = {isa = PBXFileReference; lastKnownFileType = wrapper.framework; name = CloudKit.framework; path = Platforms/iPhoneOS.platform/Developer/SDKs/iPhoneOS14.4.sdk/System/Library/Frameworks/CloudKit.framework; sourceTree = DEVELOPER_DIR; };
		76FE476C25DDA51700179321 /* CommandersWar.entitlements */ = {isa = PBXFileReference; lastKnownFileType = text.plist.entitlements; name = CommandersWar.entitlements; path = ../CommandersWar.entitlements; sourceTree = "<group>"; };
		76FE476D25DDA51700179321 /* AudioToolbox.framework */ = {isa = PBXFileReference; lastKnownFileType = wrapper.framework; name = AudioToolbox.framework; path = Platforms/iPhoneOS.platform/Developer/SDKs/iPhoneOS14.4.sdk/System/Library/Frameworks/AudioToolbox.framework; sourceTree = DEVELOPER_DIR; };
		840931481E268CDD00C61711 /* MothershipSlots.swift */ = {isa = PBXFileReference; fileEncoding = 4; lastKnownFileType = sourcecode.swift; path = MothershipSlots.swift; sourceTree = "<group>"; };
		8409314C1E26930700C61711 /* MothershipSlot.swift */ = {isa = PBXFileReference; fileEncoding = 4; lastKnownFileType = sourcecode.swift; path = MothershipSlot.swift; sourceTree = "<group>"; };
		840931501E26985500C61711 /* GameColorsExtension.swift */ = {isa = PBXFileReference; fileEncoding = 4; lastKnownFileType = sourcecode.swift; path = GameColorsExtension.swift; sourceTree = "<group>"; };
		840B12FA1E25E49100707EE9 /* Spaceship.swift */ = {isa = PBXFileReference; fileEncoding = 4; lastKnownFileType = sourcecode.swift; path = Spaceship.swift; sourceTree = "<group>"; };
		840B12FE1E25E6C200707EE9 /* MainMenuScene.swift */ = {isa = PBXFileReference; fileEncoding = 4; lastKnownFileType = sourcecode.swift; path = MainMenuScene.swift; sourceTree = "<group>"; };
		840B13021E25E7AE00707EE9 /* SpaceshipData.swift */ = {isa = PBXFileReference; fileEncoding = 4; lastKnownFileType = sourcecode.swift; path = SpaceshipData.swift; sourceTree = "<group>"; };
		840B13061E25F64400707EE9 /* MothershipData.swift */ = {isa = PBXFileReference; fileEncoding = 4; lastKnownFileType = sourcecode.swift; path = MothershipData.swift; sourceTree = "<group>"; };
		840B4DB01ED4B42D00C6ECD1 /* Element.swift */ = {isa = PBXFileReference; fileEncoding = 4; lastKnownFileType = sourcecode.swift; path = Element.swift; sourceTree = "<group>"; };
		840BDF671E4A7DC000B2B0FA /* BoxUnlockSpaceship.swift */ = {isa = PBXFileReference; fileEncoding = 4; lastKnownFileType = sourcecode.swift; path = BoxUnlockSpaceship.swift; sourceTree = "<group>"; };
		840DB2831E54F72800247ACB /* Stars.swift */ = {isa = PBXFileReference; fileEncoding = 4; lastKnownFileType = sourcecode.swift; path = Stars.swift; sourceTree = "<group>"; };
		84138E001E439A9500B845E4 /* ControlMission.swift */ = {isa = PBXFileReference; fileEncoding = 4; lastKnownFileType = sourcecode.swift; path = ControlMission.swift; sourceTree = "<group>"; };
		841EED961ED73DBD00C84815 /* Rarity.playground */ = {isa = PBXFileReference; lastKnownFileType = file.playground; path = Rarity.playground; sourceTree = "<group>"; xcLanguageSpecificationIdentifier = xcode.lang.swift; };
		84240B6D1E26DD060090E681 /* GameMath.swift */ = {isa = PBXFileReference; fileEncoding = 4; lastKnownFileType = sourcecode.swift; path = GameMath.swift; sourceTree = "<group>"; };
		842A85681E25B715006B31F7 /* Assets.xcassets */ = {isa = PBXFileReference; lastKnownFileType = folder.assetcatalog; path = Assets.xcassets; sourceTree = "<group>"; };
		842A856D1E25B715006B31F7 /* CommandersWar.app */ = {isa = PBXFileReference; explicitFileType = wrapper.application; includeInIndex = 0; path = CommandersWar.app; sourceTree = BUILT_PRODUCTS_DIR; };
		842A85701E25B715006B31F7 /* AppDelegate.swift */ = {isa = PBXFileReference; lastKnownFileType = sourcecode.swift; path = AppDelegate.swift; sourceTree = "<group>"; };
		842A85721E25B715006B31F7 /* GameViewController.swift */ = {isa = PBXFileReference; lastKnownFileType = sourcecode.swift; path = GameViewController.swift; sourceTree = "<group>"; };
		842A85751E25B715006B31F7 /* Base */ = {isa = PBXFileReference; lastKnownFileType = file.storyboard; name = Base; path = Base.lproj/Main.storyboard; sourceTree = "<group>"; };
		842A85781E25B715006B31F7 /* Base */ = {isa = PBXFileReference; lastKnownFileType = file.storyboard; name = Base; path = Base.lproj/LaunchScreen.storyboard; sourceTree = "<group>"; };
		842A857A1E25B715006B31F7 /* Info.plist */ = {isa = PBXFileReference; lastKnownFileType = text.plist.xml; path = Info.plist; sourceTree = "<group>"; };
		842A85A61E25B715006B31F7 /* CommandersWar.app */ = {isa = PBXFileReference; explicitFileType = wrapper.application; includeInIndex = 0; path = CommandersWar.app; sourceTree = BUILT_PRODUCTS_DIR; };
		842A85A81E25B715006B31F7 /* AppDelegate.swift */ = {isa = PBXFileReference; lastKnownFileType = sourcecode.swift; path = AppDelegate.swift; sourceTree = "<group>"; };
		842A85AA1E25B715006B31F7 /* GameViewController.swift */ = {isa = PBXFileReference; lastKnownFileType = sourcecode.swift; path = GameViewController.swift; sourceTree = "<group>"; };
		842A85AD1E25B715006B31F7 /* Base */ = {isa = PBXFileReference; lastKnownFileType = file.storyboard; name = Base; path = Base.lproj/Main.storyboard; sourceTree = "<group>"; };
		842A85AF1E25B715006B31F7 /* Info.plist */ = {isa = PBXFileReference; lastKnownFileType = text.plist.xml; path = Info.plist; sourceTree = "<group>"; };
		842A85F81E25BB3F006B31F7 /* LoadScene.swift */ = {isa = PBXFileReference; fileEncoding = 4; lastKnownFileType = sourcecode.swift; path = LoadScene.swift; sourceTree = "<group>"; };
		8437399F1E9F2ADF00C61B6F /* BoxSellSpaceship.swift */ = {isa = PBXFileReference; fileEncoding = 4; lastKnownFileType = sourcecode.swift; path = BoxSellSpaceship.swift; sourceTree = "<group>"; };
		8447796E1E7892C1004AF4B9 /* klamm_airborne.m4a */ = {isa = PBXFileReference; lastKnownFileType = file; path = klamm_airborne.m4a; sourceTree = "<group>"; };
		8447796F1E7892C1004AF4B9 /* klamm_atmosphere.m4a */ = {isa = PBXFileReference; lastKnownFileType = file; path = klamm_atmosphere.m4a; sourceTree = "<group>"; };
		844779701E7892C1004AF4B9 /* klamm_battleship.m4a */ = {isa = PBXFileReference; lastKnownFileType = file; path = klamm_battleship.m4a; sourceTree = "<group>"; };
		844779711E7892C1004AF4B9 /* klamm_destroyer.m4a */ = {isa = PBXFileReference; lastKnownFileType = file; path = klamm_destroyer.m4a; sourceTree = "<group>"; };
		844779721E7892C1004AF4B9 /* klamm_ice-and-fire.m4a */ = {isa = PBXFileReference; lastKnownFileType = file; path = "klamm_ice-and-fire.m4a"; sourceTree = "<group>"; };
		844779751E7892C1004AF4B9 /* klamm_vortex.m4a */ = {isa = PBXFileReference; lastKnownFileType = file; path = klamm_vortex.m4a; sourceTree = "<group>"; };
		845436651E44FE7600E1E2A7 /* BoxBattleResult.swift */ = {isa = PBXFileReference; fileEncoding = 4; lastKnownFileType = sourcecode.swift; path = BoxBattleResult.swift; sourceTree = "<group>"; };
		846585411E3D9C1100C890D3 /* MothershipHealthBar.swift */ = {isa = PBXFileReference; fileEncoding = 4; lastKnownFileType = sourcecode.swift; path = MothershipHealthBar.swift; sourceTree = "<group>"; };
		84660A4F1E7A4BB5006C0D1C /* Scorpion.m4a */ = {isa = PBXFileReference; lastKnownFileType = file; path = Scorpion.m4a; sourceTree = "<group>"; };
		846841191E839B0A004CAF31 /* BoxWatchAd.swift */ = {isa = PBXFileReference; fileEncoding = 4; lastKnownFileType = sourcecode.swift; path = BoxWatchAd.swift; sourceTree = "<group>"; };
		846F28451E2925510040DB51 /* FacebookClient.swift */ = {isa = PBXFileReference; fileEncoding = 4; lastKnownFileType = sourcecode.swift; path = FacebookClient.swift; sourceTree = "<group>"; };
		847126F1241A8C6E00B0BB75 /* SKColor+Extensions.swift */ = {isa = PBXFileReference; fileEncoding = 4; lastKnownFileType = sourcecode.swift; path = "SKColor+Extensions.swift"; sourceTree = "<group>"; };
		847126F2241A8C6E00B0BB75 /* CGVector+Extensions.swift */ = {isa = PBXFileReference; fileEncoding = 4; lastKnownFileType = sourcecode.swift; path = "CGVector+Extensions.swift"; sourceTree = "<group>"; };
		847126F3241A8C6E00B0BB75 /* Int+Extensions.swift */ = {isa = PBXFileReference; fileEncoding = 4; lastKnownFileType = sourcecode.swift; path = "Int+Extensions.swift"; sourceTree = "<group>"; };
		847126F4241A8C6E00B0BB75 /* SKTTimingFunctions.swift */ = {isa = PBXFileReference; fileEncoding = 4; lastKnownFileType = sourcecode.swift; path = SKTTimingFunctions.swift; sourceTree = "<group>"; };
		847126F5241A8C6E00B0BB75 /* SKAction+Extensions.swift */ = {isa = PBXFileReference; fileEncoding = 4; lastKnownFileType = sourcecode.swift; path = "SKAction+Extensions.swift"; sourceTree = "<group>"; };
		847126F6241A8C6E00B0BB75 /* SKAction+SpecialEffects.swift */ = {isa = PBXFileReference; fileEncoding = 4; lastKnownFileType = sourcecode.swift; path = "SKAction+SpecialEffects.swift"; sourceTree = "<group>"; };
		847126F7241A8C6E00B0BB75 /* SKNode+Extensions.swift */ = {isa = PBXFileReference; fileEncoding = 4; lastKnownFileType = sourcecode.swift; path = "SKNode+Extensions.swift"; sourceTree = "<group>"; };
		847126F8241A8C6E00B0BB75 /* CGPoint+Extensions.swift */ = {isa = PBXFileReference; fileEncoding = 4; lastKnownFileType = sourcecode.swift; path = "CGPoint+Extensions.swift"; sourceTree = "<group>"; };
		847126F9241A8C6E00B0BB75 /* SKTEffects.swift */ = {isa = PBXFileReference; fileEncoding = 4; lastKnownFileType = sourcecode.swift; path = SKTEffects.swift; sourceTree = "<group>"; };
		847126FA241A8C6E00B0BB75 /* SKTAudio.swift */ = {isa = PBXFileReference; fileEncoding = 4; lastKnownFileType = sourcecode.swift; path = SKTAudio.swift; sourceTree = "<group>"; };
		847126FB241A8C6E00B0BB75 /* Vector3.swift */ = {isa = PBXFileReference; fileEncoding = 4; lastKnownFileType = sourcecode.swift; path = Vector3.swift; sourceTree = "<group>"; };
		847126FC241A8C6E00B0BB75 /* CGFloat+Extensions.swift */ = {isa = PBXFileReference; fileEncoding = 4; lastKnownFileType = sourcecode.swift; path = "CGFloat+Extensions.swift"; sourceTree = "<group>"; };
		84712716241A8C7800B0BB75 /* Label.swift */ = {isa = PBXFileReference; fileEncoding = 4; lastKnownFileType = sourcecode.swift; path = Label.swift; sourceTree = "<group>"; };
		84712718241A8C7800B0BB75 /* TiledData.swift */ = {isa = PBXFileReference; fileEncoding = 4; lastKnownFileType = sourcecode.swift; path = TiledData.swift; sourceTree = "<group>"; };
		84712719241A8C7800B0BB75 /* Tileset.swift */ = {isa = PBXFileReference; fileEncoding = 4; lastKnownFileType = sourcecode.swift; path = Tileset.swift; sourceTree = "<group>"; };
		8471271A241A8C7800B0BB75 /* TiledObjectGroup.swift */ = {isa = PBXFileReference; fileEncoding = 4; lastKnownFileType = sourcecode.swift; path = TiledObjectGroup.swift; sourceTree = "<group>"; };
		8471271B241A8C7800B0BB75 /* TiledLayer.swift */ = {isa = PBXFileReference; fileEncoding = 4; lastKnownFileType = sourcecode.swift; path = TiledLayer.swift; sourceTree = "<group>"; };
		8471271C241A8C7800B0BB75 /* TiledMap.swift */ = {isa = PBXFileReference; fileEncoding = 4; lastKnownFileType = sourcecode.swift; path = TiledMap.swift; sourceTree = "<group>"; };
		8471271D241A8C7800B0BB75 /* TiledObject.swift */ = {isa = PBXFileReference; fileEncoding = 4; lastKnownFileType = sourcecode.swift; path = TiledObject.swift; sourceTree = "<group>"; };
		8471271E241A8C7800B0BB75 /* TiledTile.swift */ = {isa = PBXFileReference; fileEncoding = 4; lastKnownFileType = sourcecode.swift; path = TiledTile.swift; sourceTree = "<group>"; };
		8471271F241A8C7800B0BB75 /* Control.swift */ = {isa = PBXFileReference; fileEncoding = 4; lastKnownFileType = sourcecode.swift; path = Control.swift; sourceTree = "<group>"; };
		84712720241A8C7800B0BB75 /* BlackSpriteNode.swift */ = {isa = PBXFileReference; fileEncoding = 4; lastKnownFileType = sourcecode.swift; path = BlackSpriteNode.swift; sourceTree = "<group>"; };
		84712721241A8C7800B0BB75 /* Data+Gzip.swift */ = {isa = PBXFileReference; fileEncoding = 4; lastKnownFileType = sourcecode.swift; path = "Data+Gzip.swift"; sourceTree = "<group>"; };
		84712722241A8C7800B0BB75 /* MultiLineLabel.swift */ = {isa = PBXFileReference; fileEncoding = 4; lastKnownFileType = sourcecode.swift; path = MultiLineLabel.swift; sourceTree = "<group>"; };
		84712723241A8C7800B0BB75 /* Event.swift */ = {isa = PBXFileReference; fileEncoding = 4; lastKnownFileType = sourcecode.swift; path = Event.swift; sourceTree = "<group>"; };
		84712724241A8C7800B0BB75 /* ScrollNode.swift */ = {isa = PBXFileReference; fileEncoding = 4; lastKnownFileType = sourcecode.swift; path = ScrollNode.swift; sourceTree = "<group>"; };
		84712725241A8C7800B0BB75 /* Box.swift */ = {isa = PBXFileReference; fileEncoding = 4; lastKnownFileType = sourcecode.swift; path = Box.swift; sourceTree = "<group>"; };
		84712726241A8C7800B0BB75 /* GameCamera.swift */ = {isa = PBXFileReference; fileEncoding = 4; lastKnownFileType = sourcecode.swift; path = GameCamera.swift; sourceTree = "<group>"; };
		84712727241A8C7800B0BB75 /* GameColors.swift */ = {isa = PBXFileReference; fileEncoding = 4; lastKnownFileType = sourcecode.swift; path = GameColors.swift; sourceTree = "<group>"; };
		84712728241A8C7800B0BB75 /* StringExtension.swift */ = {isa = PBXFileReference; fileEncoding = 4; lastKnownFileType = sourcecode.swift; path = StringExtension.swift; sourceTree = "<group>"; };
		84712729241A8C7800B0BB75 /* GameScene.swift */ = {isa = PBXFileReference; fileEncoding = 4; lastKnownFileType = sourcecode.swift; path = GameScene.swift; sourceTree = "<group>"; };
		8471272A241A8C7800B0BB75 /* ServerManager.swift */ = {isa = PBXFileReference; fileEncoding = 4; lastKnownFileType = sourcecode.swift; path = ServerManager.swift; sourceTree = "<group>"; };
		8471272B241A8C7800B0BB75 /* Button.swift */ = {isa = PBXFileReference; fileEncoding = 4; lastKnownFileType = sourcecode.swift; path = Button.swift; sourceTree = "<group>"; };
		847182DF1E25D6990077D3EF /* Metrics.swift */ = {isa = PBXFileReference; fileEncoding = 4; lastKnownFileType = sourcecode.swift; path = Metrics.swift; sourceTree = "<group>"; };
		8479051B1E28584100872D70 /* GameCenter.swift */ = {isa = PBXFileReference; fileEncoding = 4; lastKnownFileType = sourcecode.swift; path = GameCenter.swift; sourceTree = "<group>"; };
		84798FA21E7083C100741DE5 /* SoundEffect.swift */ = {isa = PBXFileReference; fileEncoding = 4; lastKnownFileType = sourcecode.swift; path = SoundEffect.swift; sourceTree = "<group>"; };
		847A04E71E3A3967004A4878 /* Shot.swift */ = {isa = PBXFileReference; fileEncoding = 4; lastKnownFileType = sourcecode.swift; path = Shot.swift; sourceTree = "<group>"; };
		8484EC411E7A192600EB14DB /* CommandersWar.entitlements */ = {isa = PBXFileReference; lastKnownFileType = text.plist.entitlements; path = CommandersWar.entitlements; sourceTree = "<group>"; };
		8487B03B1E78A807007A4921 /* CreditsScene.swift */ = {isa = PBXFileReference; fileEncoding = 4; lastKnownFileType = sourcecode.swift; path = CreditsScene.swift; sourceTree = "<group>"; };
		8487B03F1E78CC9E007A4921 /* klamm_cracks.m4a */ = {isa = PBXFileReference; lastKnownFileType = file; path = klamm_cracks.m4a; sourceTree = "<group>"; };
		8487B0401E78CC9E007A4921 /* klamm_infinity.m4a */ = {isa = PBXFileReference; lastKnownFileType = file; path = klamm_infinity.m4a; sourceTree = "<group>"; };
		8487B0421E78CC9E007A4921 /* klamm_prisma.m4a */ = {isa = PBXFileReference; lastKnownFileType = file; path = klamm_prisma.m4a; sourceTree = "<group>"; };
		8487B04F1E78E15E007A4921 /* BoxSettings.swift */ = {isa = PBXFileReference; fileEncoding = 4; lastKnownFileType = sourcecode.swift; path = BoxSettings.swift; sourceTree = "<group>"; };
		8487B0571E78F109007A4921 /* BoxResetData.swift */ = {isa = PBXFileReference; fileEncoding = 4; lastKnownFileType = sourcecode.swift; path = BoxResetData.swift; sourceTree = "<group>"; };
		848B8F981EB979530002E557 /* BattleSceneOnline.swift */ = {isa = PBXFileReference; fileEncoding = 4; lastKnownFileType = sourcecode.swift; path = BattleSceneOnline.swift; sourceTree = "<group>"; };
		848B8F9C1EB986D30002E557 /* BoxSearchingForOpponent.swift */ = {isa = PBXFileReference; fileEncoding = 4; lastKnownFileType = sourcecode.swift; path = BoxSearchingForOpponent.swift; sourceTree = "<group>"; };
		849632C61E42DCB100AEC90F /* Mission.swift */ = {isa = PBXFileReference; fileEncoding = 4; lastKnownFileType = sourcecode.swift; path = Mission.swift; sourceTree = "<group>"; };
		8498CB521E93FAD600C30E4D /* BoxVideoAdAttemptFinished.swift */ = {isa = PBXFileReference; fileEncoding = 4; lastKnownFileType = sourcecode.swift; path = BoxVideoAdAttemptFinished.swift; sourceTree = "<group>"; };
		849B4CB41E6F179300C14B8F /* Music.swift */ = {isa = PBXFileReference; fileEncoding = 4; lastKnownFileType = sourcecode.swift; path = Music.swift; sourceTree = "<group>"; };
		84A211261E3FC364008EE6ED /* HangarScene.swift */ = {isa = PBXFileReference; fileEncoding = 4; lastKnownFileType = sourcecode.swift; path = HangarScene.swift; sourceTree = "<group>"; };
		84A4CFCF1E3C1B0800BE28FC /* SpaceshipHealthBar.swift */ = {isa = PBXFileReference; fileEncoding = 4; lastKnownFileType = sourcecode.swift; path = SpaceshipHealthBar.swift; sourceTree = "<group>"; };
		84AFAE1A1E2FC949006359DD /* BattleScene.swift */ = {isa = PBXFileReference; fileEncoding = 4; lastKnownFileType = sourcecode.swift; path = BattleScene.swift; sourceTree = "<group>"; };
		84AFAE1E1E2FEEEC006359DD /* GameWorld.swift */ = {isa = PBXFileReference; fileEncoding = 4; lastKnownFileType = sourcecode.swift; path = GameWorld.swift; sourceTree = "<group>"; };
		84B4E33C1E53A2C9003E8674 /* MissionCell.swift */ = {isa = PBXFileReference; fileEncoding = 4; lastKnownFileType = sourcecode.swift; path = MissionCell.swift; sourceTree = "<group>"; };
		84B7BAF81E4D186B00074CDA /* ChooseMissionScene.swift */ = {isa = PBXFileReference; fileEncoding = 4; lastKnownFileType = sourcecode.swift; path = ChooseMissionScene.swift; sourceTree = "<group>"; };
		84B93A431E42DFA300F3708B /* Mission.playground */ = {isa = PBXFileReference; lastKnownFileType = file.playground; path = Mission.playground; sourceTree = "<group>"; xcLanguageSpecificationIdentifier = xcode.lang.swift; };
		84B93A441E42DFBB00F3708B /* SpaceshipXP.playground */ = {isa = PBXFileReference; lastKnownFileType = file.playground; path = SpaceshipXP.playground; sourceTree = "<group>"; };
		84BA34D21E7B4E62006FEEAD /* iOS-Bridging-Header.h */ = {isa = PBXFileReference; lastKnownFileType = sourcecode.c.h; path = "iOS-Bridging-Header.h"; sourceTree = "<group>"; };
		84BA34D51E7B5514006FEEAD /* GameAdManager.swift */ = {isa = PBXFileReference; fileEncoding = 4; lastKnownFileType = sourcecode.swift; path = GameAdManager.swift; sourceTree = "<group>"; };
		84BE8B821E70C66300BBDAA6 /* explosion1.m4a */ = {isa = PBXFileReference; lastKnownFileType = file; path = explosion1.m4a; sourceTree = "<group>"; };
		84BE8B841E70C66300BBDAA6 /* explosion2.m4a */ = {isa = PBXFileReference; lastKnownFileType = file; path = explosion2.m4a; sourceTree = "<group>"; };
		84BE8B861E70C66300BBDAA6 /* explosion3.m4a */ = {isa = PBXFileReference; lastKnownFileType = file; path = explosion3.m4a; sourceTree = "<group>"; };
		84BE8B881E70C66300BBDAA6 /* explosion4.m4a */ = {isa = PBXFileReference; lastKnownFileType = file; path = explosion4.m4a; sourceTree = "<group>"; };
		84BE8B8A1E70C66300BBDAA6 /* explosion5.m4a */ = {isa = PBXFileReference; lastKnownFileType = file; path = explosion5.m4a; sourceTree = "<group>"; };
		84BE8B8C1E70C66300BBDAA6 /* explosion6.m4a */ = {isa = PBXFileReference; lastKnownFileType = file; path = explosion6.m4a; sourceTree = "<group>"; };
		84BE8B8E1E70C66300BBDAA6 /* explosion7.m4a */ = {isa = PBXFileReference; lastKnownFileType = file; path = explosion7.m4a; sourceTree = "<group>"; };
		84BE8BDE1E70C8A300BBDAA6 /* laser1.m4a */ = {isa = PBXFileReference; lastKnownFileType = file; path = laser1.m4a; sourceTree = "<group>"; };
		84BE8BDF1E70C8A300BBDAA6 /* laser2.m4a */ = {isa = PBXFileReference; lastKnownFileType = file; path = laser2.m4a; sourceTree = "<group>"; };
		84BE8BE01E70C8A300BBDAA6 /* laser3.m4a */ = {isa = PBXFileReference; lastKnownFileType = file; path = laser3.m4a; sourceTree = "<group>"; };
		84BE8BE11E70C8A300BBDAA6 /* laser4.m4a */ = {isa = PBXFileReference; lastKnownFileType = file; path = laser4.m4a; sourceTree = "<group>"; };
		84BE8BE21E70C8A300BBDAA6 /* laser5.m4a */ = {isa = PBXFileReference; lastKnownFileType = file; path = laser5.m4a; sourceTree = "<group>"; };
		84BE8BE31E70C8A300BBDAA6 /* laser6.m4a */ = {isa = PBXFileReference; lastKnownFileType = file; path = laser6.m4a; sourceTree = "<group>"; };
		84BE8BE41E70C8A300BBDAA6 /* laser7.m4a */ = {isa = PBXFileReference; lastKnownFileType = file; path = laser7.m4a; sourceTree = "<group>"; };
		84BE8BE51E70C8A300BBDAA6 /* laser8.m4a */ = {isa = PBXFileReference; lastKnownFileType = file; path = laser8.m4a; sourceTree = "<group>"; };
		84BE8BE61E70C8A300BBDAA6 /* laser9.m4a */ = {isa = PBXFileReference; lastKnownFileType = file; path = laser9.m4a; sourceTree = "<group>"; };
		84C31E271E26FF1100892544 /* MothershipSlotData.swift */ = {isa = PBXFileReference; fileEncoding = 4; lastKnownFileType = sourcecode.swift; path = MothershipSlotData.swift; sourceTree = "<group>"; };
		84D03EDF1E35A1E7007425E0 /* Mothership.swift */ = {isa = PBXFileReference; fileEncoding = 4; lastKnownFileType = sourcecode.swift; path = Mothership.swift; sourceTree = "<group>"; };
		84D587041E426BD90041BAAD /* SpaceshipHangarCell.swift */ = {isa = PBXFileReference; fileEncoding = 4; lastKnownFileType = sourcecode.swift; path = SpaceshipHangarCell.swift; sourceTree = "<group>"; };
		84D587091E426DE70041BAAD /* Damage.playground */ = {isa = PBXFileReference; lastKnownFileType = file.playground; path = Damage.playground; sourceTree = "<group>"; xcLanguageSpecificationIdentifier = xcode.lang.swift; };
		84D5870A1E426DE70041BAAD /* MaxRange.playground */ = {isa = PBXFileReference; lastKnownFileType = file.playground; path = MaxRange.playground; sourceTree = "<group>"; };
		84D5870B1E426DE70041BAAD /* ShotMaxAngle.playground */ = {isa = PBXFileReference; lastKnownFileType = file.playground; path = ShotMaxAngle.playground; sourceTree = "<group>"; };
		84E0F2971E25C6F000E12E09 /* Model.xcdatamodel */ = {isa = PBXFileReference; lastKnownFileType = wrapper.xcdatamodel; path = Model.xcdatamodel; sourceTree = "<group>"; };
		84E0F29B1E25C74600E12E09 /* MemoryCard.swift */ = {isa = PBXFileReference; fileEncoding = 4; lastKnownFileType = sourcecode.swift; path = MemoryCard.swift; sourceTree = "<group>"; };
		84E0F29F1E25C77100E12E09 /* PlayerData.swift */ = {isa = PBXFileReference; fileEncoding = 4; lastKnownFileType = sourcecode.swift; path = PlayerData.swift; sourceTree = "<group>"; };
		84E128182249BAEE0077DDB8 /* BattleRoyaleScene.swift */ = {isa = PBXFileReference; lastKnownFileType = sourcecode.swift; path = BattleRoyaleScene.swift; sourceTree = "<group>"; };
		84F9451F1E29C45B0034F530 /* InvitableFriends.swift */ = {isa = PBXFileReference; fileEncoding = 4; lastKnownFileType = sourcecode.swift; path = InvitableFriends.swift; sourceTree = "<group>"; };
		84F945211E2EE6780034F530 /* ControlPremiumPoints.swift */ = {isa = PBXFileReference; fileEncoding = 4; lastKnownFileType = sourcecode.swift; path = ControlPremiumPoints.swift; sourceTree = "<group>"; };
		84F945251E2EEBCD0034F530 /* kenpixel.ttf */ = {isa = PBXFileReference; lastKnownFileType = file; path = kenpixel.ttf; sourceTree = "<group>"; };
		84F945291E2EEEBA0034F530 /* ControlPoints.swift */ = {isa = PBXFileReference; fileEncoding = 4; lastKnownFileType = sourcecode.swift; path = ControlPoints.swift; sourceTree = "<group>"; };
		84FF7E472194E53500E87D48 /* klamm_discoveries.m4a */ = {isa = PBXFileReference; lastKnownFileType = file; path = klamm_discoveries.m4a; sourceTree = "<group>"; };
		84FF7E482194E53500E87D48 /* klamm_subzero.m4a */ = {isa = PBXFileReference; lastKnownFileType = file; path = klamm_subzero.m4a; sourceTree = "<group>"; };
		84FF7E492194E53500E87D48 /* klamm_reign-of-robots.m4a */ = {isa = PBXFileReference; lastKnownFileType = file; path = "klamm_reign-of-robots.m4a"; sourceTree = "<group>"; };
/* End PBXFileReference section */

/* Begin PBXFrameworksBuildPhase section */
		842A856A1E25B715006B31F7 /* Frameworks */ = {
			isa = PBXFrameworksBuildPhase;
			buildActionMask = 2147483647;
			files = (
				76FE476E25DDA51700179321 /* AudioToolbox.framework in Frameworks */,
				764A2E5925E018CC00279B76 /* CloudKit.framework in Frameworks */,
			);
			runOnlyForDeploymentPostprocessing = 0;
		};
		842A85A31E25B715006B31F7 /* Frameworks */ = {
			isa = PBXFrameworksBuildPhase;
			buildActionMask = 2147483647;
			files = (
			);
			runOnlyForDeploymentPostprocessing = 0;
		};
/* End PBXFrameworksBuildPhase section */

/* Begin PBXGroup section */
		842A855F1E25B715006B31F7 = {
			isa = PBXGroup;
			children = (
				847126EF241A8C4700B0BB75 /* Frameworks */,
				842A85641E25B715006B31F7 /* Shared */,
				84D587081E426DC30041BAAD /* Playground */,
				842A856F1E25B715006B31F7 /* iOS */,
				842A85A71E25B715006B31F7 /* macOS */,
				842A856E1E25B715006B31F7 /* Products */,
			);
			sourceTree = "<group>";
		};
		842A85641E25B715006B31F7 /* Shared */ = {
			isa = PBXGroup;
			children = (
				842A85681E25B715006B31F7 /* Assets.xcassets */,
				842A85D51E25BAC9006B31F7 /* CoreData */,
				842A85D61E25BAD3006B31F7 /* Fonts */,
				842A85D41E25BABD006B31F7 /* Game */,
				849B4C931E6EF4C700C14B8F /* Music */,
				842A85D31E25BAAF006B31F7 /* Scenes */,
				84798FA61E70871C00741DE5 /* SoundEffect */,
			);
			path = Shared;
			sourceTree = "<group>";
		};
		842A856E1E25B715006B31F7 /* Products */ = {
			isa = PBXGroup;
			children = (
				842A856D1E25B715006B31F7 /* CommandersWar.app */,
				842A85A61E25B715006B31F7 /* CommandersWar.app */,
			);
			name = Products;
			sourceTree = "<group>";
		};
		842A856F1E25B715006B31F7 /* iOS */ = {
			isa = PBXGroup;
			children = (
				76FE476C25DDA51700179321 /* CommandersWar.entitlements */,
				842A85701E25B715006B31F7 /* AppDelegate.swift */,
				8484EC411E7A192600EB14DB /* CommandersWar.entitlements */,
				84BA34D51E7B5514006FEEAD /* GameAdManager.swift */,
				842A85721E25B715006B31F7 /* GameViewController.swift */,
				842A857A1E25B715006B31F7 /* Info.plist */,
				84BA34D21E7B4E62006FEEAD /* iOS-Bridging-Header.h */,
				842A85771E25B715006B31F7 /* LaunchScreen.storyboard */,
				842A85741E25B715006B31F7 /* Main.storyboard */,
			);
			path = iOS;
			sourceTree = "<group>";
		};
		842A85A71E25B715006B31F7 /* macOS */ = {
			isa = PBXGroup;
			children = (
				764A2E5125E015A400279B76 /* CommandersWar.entitlements */,
				842A85A81E25B715006B31F7 /* AppDelegate.swift */,
				842A85AA1E25B715006B31F7 /* GameViewController.swift */,
				842A85AC1E25B715006B31F7 /* Main.storyboard */,
				842A85AF1E25B715006B31F7 /* Info.plist */,
			);
			path = macOS;
			sourceTree = "<group>";
		};
		842A85D31E25BAAF006B31F7 /* Scenes */ = {
			isa = PBXGroup;
			children = (
				84E128182249BAEE0077DDB8 /* BattleRoyaleScene.swift */,
				84AFAE1A1E2FC949006359DD /* BattleScene.swift */,
				848B8F981EB979530002E557 /* BattleSceneOnline.swift */,
				84B7BAF81E4D186B00074CDA /* ChooseMissionScene.swift */,
				8487B03B1E78A807007A4921 /* CreditsScene.swift */,
				84A211261E3FC364008EE6ED /* HangarScene.swift */,
				842A85F81E25BB3F006B31F7 /* LoadScene.swift */,
				840B12FE1E25E6C200707EE9 /* MainMenuScene.swift */,
			);
			path = Scenes;
			sourceTree = "<group>";
		};
		842A85D41E25BABD006B31F7 /* Game */ = {
			isa = PBXGroup;
			children = (
				845436651E44FE7600E1E2A7 /* BoxBattleResult.swift */,
				8487B0571E78F109007A4921 /* BoxResetData.swift */,
				848B8F9C1EB986D30002E557 /* BoxSearchingForOpponent.swift */,
				8437399F1E9F2ADF00C61B6F /* BoxSellSpaceship.swift */,
				8487B04F1E78E15E007A4921 /* BoxSettings.swift */,
				840BDF671E4A7DC000B2B0FA /* BoxUnlockSpaceship.swift */,
				8498CB521E93FAD600C30E4D /* BoxVideoAdAttemptFinished.swift */,
				846841191E839B0A004CAF31 /* BoxWatchAd.swift */,
				84138E001E439A9500B845E4 /* ControlMission.swift */,
				84F945291E2EEEBA0034F530 /* ControlPoints.swift */,
				84F945211E2EE6780034F530 /* ControlPremiumPoints.swift */,
				840B4DB01ED4B42D00C6ECD1 /* Element.swift */,
				846F28451E2925510040DB51 /* FacebookClient.swift */,
				8479051B1E28584100872D70 /* GameCenter.swift */,
				840931501E26985500C61711 /* GameColorsExtension.swift */,
				84240B6D1E26DD060090E681 /* GameMath.swift */,
				84AFAE1E1E2FEEEC006359DD /* GameWorld.swift */,
				84F9451F1E29C45B0034F530 /* InvitableFriends.swift */,
				847182DF1E25D6990077D3EF /* Metrics.swift */,
				849632C61E42DCB100AEC90F /* Mission.swift */,
				84B4E33C1E53A2C9003E8674 /* MissionCell.swift */,
				84D03EDF1E35A1E7007425E0 /* Mothership.swift */,
				846585411E3D9C1100C890D3 /* MothershipHealthBar.swift */,
				8409314C1E26930700C61711 /* MothershipSlot.swift */,
				840931481E268CDD00C61711 /* MothershipSlots.swift */,
				849B4CB41E6F179300C14B8F /* Music.swift */,
				847A04E71E3A3967004A4878 /* Shot.swift */,
				84798FA21E7083C100741DE5 /* SoundEffect.swift */,
				840B12FA1E25E49100707EE9 /* Spaceship.swift */,
				84D587041E426BD90041BAAD /* SpaceshipHangarCell.swift */,
				84A4CFCF1E3C1B0800BE28FC /* SpaceshipHealthBar.swift */,
				840DB2831E54F72800247ACB /* Stars.swift */,
			);
			path = Game;
			sourceTree = "<group>";
		};
		842A85D51E25BAC9006B31F7 /* CoreData */ = {
			isa = PBXGroup;
			children = (
				84E0F29B1E25C74600E12E09 /* MemoryCard.swift */,
				840B13061E25F64400707EE9 /* MothershipData.swift */,
				84C31E271E26FF1100892544 /* MothershipSlotData.swift */,
				84E0F29F1E25C77100E12E09 /* PlayerData.swift */,
				840B13021E25E7AE00707EE9 /* SpaceshipData.swift */,
				84E0F2961E25C6F000E12E09 /* Model.xcdatamodeld */,
			);
			path = CoreData;
			sourceTree = "<group>";
		};
		842A85D61E25BAD3006B31F7 /* Fonts */ = {
			isa = PBXGroup;
			children = (
				84F945251E2EEBCD0034F530 /* kenpixel.ttf */,
			);
			path = Fonts;
			sourceTree = "<group>";
		};
		847126EF241A8C4700B0BB75 /* Frameworks */ = {
			isa = PBXGroup;
			children = (
				764A2E5825E018CC00279B76 /* CloudKit.framework */,
				76FE476D25DDA51700179321 /* AudioToolbox.framework */,
				84712715241A8C7800B0BB75 /* Hydra */,
				847126F0241A8C6E00B0BB75 /* SKTUtils */,
			);
			path = Frameworks;
			sourceTree = "<group>";
		};
		847126F0241A8C6E00B0BB75 /* SKTUtils */ = {
			isa = PBXGroup;
			children = (
				847126F1241A8C6E00B0BB75 /* SKColor+Extensions.swift */,
				847126F2241A8C6E00B0BB75 /* CGVector+Extensions.swift */,
				847126F3241A8C6E00B0BB75 /* Int+Extensions.swift */,
				847126F4241A8C6E00B0BB75 /* SKTTimingFunctions.swift */,
				847126F5241A8C6E00B0BB75 /* SKAction+Extensions.swift */,
				847126F6241A8C6E00B0BB75 /* SKAction+SpecialEffects.swift */,
				847126F7241A8C6E00B0BB75 /* SKNode+Extensions.swift */,
				847126F8241A8C6E00B0BB75 /* CGPoint+Extensions.swift */,
				847126F9241A8C6E00B0BB75 /* SKTEffects.swift */,
				847126FA241A8C6E00B0BB75 /* SKTAudio.swift */,
				847126FB241A8C6E00B0BB75 /* Vector3.swift */,
				847126FC241A8C6E00B0BB75 /* CGFloat+Extensions.swift */,
			);
			name = SKTUtils;
			path = "../../../Hydra-SpriteKit/SKTUtils";
			sourceTree = "<group>";
		};
		84712715241A8C7800B0BB75 /* Hydra */ = {
			isa = PBXGroup;
			children = (
				84712716241A8C7800B0BB75 /* Label.swift */,
				84712717241A8C7800B0BB75 /* Tiled */,
				8471271F241A8C7800B0BB75 /* Control.swift */,
				84712720241A8C7800B0BB75 /* BlackSpriteNode.swift */,
				84712721241A8C7800B0BB75 /* Data+Gzip.swift */,
				84712722241A8C7800B0BB75 /* MultiLineLabel.swift */,
				84712723241A8C7800B0BB75 /* Event.swift */,
				84712724241A8C7800B0BB75 /* ScrollNode.swift */,
				84712725241A8C7800B0BB75 /* Box.swift */,
				84712726241A8C7800B0BB75 /* GameCamera.swift */,
				84712727241A8C7800B0BB75 /* GameColors.swift */,
				84712728241A8C7800B0BB75 /* StringExtension.swift */,
				84712729241A8C7800B0BB75 /* GameScene.swift */,
				8471272A241A8C7800B0BB75 /* ServerManager.swift */,
				8471272B241A8C7800B0BB75 /* Button.swift */,
			);
			name = Hydra;
			path = "../../../Hydra-SpriteKit/Hydra";
			sourceTree = "<group>";
		};
		84712717241A8C7800B0BB75 /* Tiled */ = {
			isa = PBXGroup;
			children = (
				84712718241A8C7800B0BB75 /* TiledData.swift */,
				84712719241A8C7800B0BB75 /* Tileset.swift */,
				8471271A241A8C7800B0BB75 /* TiledObjectGroup.swift */,
				8471271B241A8C7800B0BB75 /* TiledLayer.swift */,
				8471271C241A8C7800B0BB75 /* TiledMap.swift */,
				8471271D241A8C7800B0BB75 /* TiledObject.swift */,
				8471271E241A8C7800B0BB75 /* TiledTile.swift */,
			);
			path = Tiled;
			sourceTree = "<group>";
		};
		84798FA61E70871C00741DE5 /* SoundEffect */ = {
			isa = PBXGroup;
			children = (
				84798FA71E70877E00741DE5 /* explosion */,
				84798FA81E70878400741DE5 /* laser */,
			);
			path = SoundEffect;
			sourceTree = "<group>";
		};
		84798FA71E70877E00741DE5 /* explosion */ = {
			isa = PBXGroup;
			children = (
				84BE8B821E70C66300BBDAA6 /* explosion1.m4a */,
				84BE8B841E70C66300BBDAA6 /* explosion2.m4a */,
				84BE8B861E70C66300BBDAA6 /* explosion3.m4a */,
				84BE8B881E70C66300BBDAA6 /* explosion4.m4a */,
				84BE8B8A1E70C66300BBDAA6 /* explosion5.m4a */,
				84BE8B8C1E70C66300BBDAA6 /* explosion6.m4a */,
				84BE8B8E1E70C66300BBDAA6 /* explosion7.m4a */,
			);
			path = explosion;
			sourceTree = "<group>";
		};
		84798FA81E70878400741DE5 /* laser */ = {
			isa = PBXGroup;
			children = (
				84BE8BDE1E70C8A300BBDAA6 /* laser1.m4a */,
				84BE8BDF1E70C8A300BBDAA6 /* laser2.m4a */,
				84BE8BE01E70C8A300BBDAA6 /* laser3.m4a */,
				84BE8BE11E70C8A300BBDAA6 /* laser4.m4a */,
				84BE8BE21E70C8A300BBDAA6 /* laser5.m4a */,
				84BE8BE31E70C8A300BBDAA6 /* laser6.m4a */,
				84BE8BE41E70C8A300BBDAA6 /* laser7.m4a */,
				84BE8BE51E70C8A300BBDAA6 /* laser8.m4a */,
				84BE8BE61E70C8A300BBDAA6 /* laser9.m4a */,
			);
			path = laser;
			sourceTree = "<group>";
		};
		849B4C931E6EF4C700C14B8F /* Music */ = {
			isa = PBXGroup;
			children = (
				8447796E1E7892C1004AF4B9 /* klamm_airborne.m4a */,
				8447796F1E7892C1004AF4B9 /* klamm_atmosphere.m4a */,
				844779701E7892C1004AF4B9 /* klamm_battleship.m4a */,
				8487B03F1E78CC9E007A4921 /* klamm_cracks.m4a */,
				844779711E7892C1004AF4B9 /* klamm_destroyer.m4a */,
				84FF7E472194E53500E87D48 /* klamm_discoveries.m4a */,
				844779721E7892C1004AF4B9 /* klamm_ice-and-fire.m4a */,
				8487B0401E78CC9E007A4921 /* klamm_infinity.m4a */,
				8487B0421E78CC9E007A4921 /* klamm_prisma.m4a */,
				84FF7E492194E53500E87D48 /* klamm_reign-of-robots.m4a */,
				84FF7E482194E53500E87D48 /* klamm_subzero.m4a */,
				844779751E7892C1004AF4B9 /* klamm_vortex.m4a */,
				84660A4F1E7A4BB5006C0D1C /* Scorpion.m4a */,
			);
			path = Music;
			sourceTree = "<group>";
		};
		84D587081E426DC30041BAAD /* Playground */ = {
			isa = PBXGroup;
			children = (
				84D587091E426DE70041BAAD /* Damage.playground */,
				84D5870A1E426DE70041BAAD /* MaxRange.playground */,
				84B93A431E42DFA300F3708B /* Mission.playground */,
				841EED961ED73DBD00C84815 /* Rarity.playground */,
				84D5870B1E426DE70041BAAD /* ShotMaxAngle.playground */,
				84B93A441E42DFBB00F3708B /* SpaceshipXP.playground */,
			);
			path = Playground;
			sourceTree = "<group>";
		};
/* End PBXGroup section */

/* Begin PBXNativeTarget section */
		842A856C1E25B715006B31F7 /* CommandersWar */ = {
			isa = PBXNativeTarget;
			buildConfigurationList = 842A85C91E25B715006B31F7 /* Build configuration list for PBXNativeTarget "CommandersWar" */;
			buildPhases = (
				842A85691E25B715006B31F7 /* Sources */,
				842A856A1E25B715006B31F7 /* Frameworks */,
				842A856B1E25B715006B31F7 /* Resources */,
				842A85C81E25B715006B31F7 /* Embed Watch Content */,
				847182DE1E25D5F20077D3EF /* ShellScript */,
			);
			buildRules = (
			);
			dependencies = (
			);
			name = CommandersWar;
			productName = iOS;
			productReference = 842A856D1E25B715006B31F7 /* CommandersWar.app */;
			productType = "com.apple.product-type.application";
		};
		842A85A51E25B715006B31F7 /* macOS */ = {
			isa = PBXNativeTarget;
			buildConfigurationList = 842A85CF1E25B715006B31F7 /* Build configuration list for PBXNativeTarget "macOS" */;
			buildPhases = (
				842A85A21E25B715006B31F7 /* Sources */,
				842A85A31E25B715006B31F7 /* Frameworks */,
				842A85A41E25B715006B31F7 /* Resources */,
				8498D9C71E5BFA8300C2D92D /* ShellScript */,
			);
			buildRules = (
			);
			dependencies = (
			);
			name = macOS;
			productName = macOS;
			productReference = 842A85A61E25B715006B31F7 /* CommandersWar.app */;
			productType = "com.apple.product-type.application";
		};
/* End PBXNativeTarget section */

/* Begin PBXProject section */
		842A85601E25B715006B31F7 /* Project object */ = {
			isa = PBXProject;
			attributes = {
				LastSwiftUpdateCheck = 0820;
				LastUpgradeCheck = 1130;
				ORGANIZATIONNAME = PabloHenri91;
				TargetAttributes = {
					842A856C1E25B715006B31F7 = {
						CreatedOnToolsVersion = 8.2;
						DevelopmentTeam = JZ3J7RVLD7;
						LastSwiftMigration = 1130;
						ProvisioningStyle = Automatic;
						SystemCapabilities = {
							com.apple.GameCenter = {
								enabled = 1;
							};
							com.apple.iCloud = {
								enabled = 0;
							};
						};
					};
					842A85A51E25B715006B31F7 = {
						CreatedOnToolsVersion = 8.2;
						DevelopmentTeam = JZ3J7RVLD7;
						LastSwiftMigration = 1110;
						ProvisioningStyle = Automatic;
						SystemCapabilities = {
							com.apple.iCloud = {
								enabled = 0;
							};
						};
					};
				};
			};
			buildConfigurationList = 842A85631E25B715006B31F7 /* Build configuration list for PBXProject "CommandersWar" */;
			compatibilityVersion = "Xcode 3.2";
			developmentRegion = English;
			hasScannedForEncodings = 0;
			knownRegions = (
				English,
				en,
				Base,
			);
			mainGroup = 842A855F1E25B715006B31F7;
			productRefGroup = 842A856E1E25B715006B31F7 /* Products */;
			projectDirPath = "";
			projectRoot = "";
			targets = (
				842A856C1E25B715006B31F7 /* CommandersWar */,
				842A85A51E25B715006B31F7 /* macOS */,
			);
		};
/* End PBXProject section */

/* Begin PBXResourcesBuildPhase section */
		842A856B1E25B715006B31F7 /* Resources */ = {
			isa = PBXResourcesBuildPhase;
			buildActionMask = 2147483647;
			files = (
				84BE8BF91E70C8A300BBDAA6 /* laser7.m4a in Resources */,
				8487B0431E78CC9E007A4921 /* klamm_cracks.m4a in Resources */,
				84F945261E2EEBCD0034F530 /* kenpixel.ttf in Resources */,
				84BE8BB41E70C66300BBDAA6 /* explosion7.m4a in Resources */,
				84FF7E4C2194E53500E87D48 /* klamm_reign-of-robots.m4a in Resources */,
				84BE8BE71E70C8A300BBDAA6 /* laser1.m4a in Resources */,
				844779761E7892C1004AF4B9 /* klamm_airborne.m4a in Resources */,
				844779791E7892C1004AF4B9 /* klamm_atmosphere.m4a in Resources */,
				84BE8B9C1E70C66300BBDAA6 /* explosion3.m4a in Resources */,
				8487B0461E78CC9E007A4921 /* klamm_infinity.m4a in Resources */,
				84BE8BF61E70C8A300BBDAA6 /* laser6.m4a in Resources */,
				842A85761E25B715006B31F7 /* Main.storyboard in Resources */,
				84FF7E4B2194E53500E87D48 /* klamm_subzero.m4a in Resources */,
				84FF7E4A2194E53500E87D48 /* klamm_discoveries.m4a in Resources */,
				84BE8BF31E70C8A300BBDAA6 /* laser5.m4a in Resources */,
				84BE8BFF1E70C8A400BBDAA6 /* laser9.m4a in Resources */,
				842A85791E25B715006B31F7 /* LaunchScreen.storyboard in Resources */,
				84BE8BEA1E70C8A300BBDAA6 /* laser2.m4a in Resources */,
				84660A531E7A4BB5006C0D1C /* Scorpion.m4a in Resources */,
				8447797F1E7892C1004AF4B9 /* klamm_destroyer.m4a in Resources */,
				84BE8B961E70C66300BBDAA6 /* explosion2.m4a in Resources */,
				844779821E7892C1004AF4B9 /* klamm_ice-and-fire.m4a in Resources */,
				84BE8BAE1E70C66300BBDAA6 /* explosion6.m4a in Resources */,
				84BE8BA81E70C66300BBDAA6 /* explosion5.m4a in Resources */,
				84BE8BF01E70C8A300BBDAA6 /* laser4.m4a in Resources */,
				84BE8BA21E70C66300BBDAA6 /* explosion4.m4a in Resources */,
				84BE8BFC1E70C8A400BBDAA6 /* laser8.m4a in Resources */,
				8447797C1E7892C1004AF4B9 /* klamm_battleship.m4a in Resources */,
				84BE8B901E70C66300BBDAA6 /* explosion1.m4a in Resources */,
				84BE8BED1E70C8A300BBDAA6 /* laser3.m4a in Resources */,
				8447798B1E7892C1004AF4B9 /* klamm_vortex.m4a in Resources */,
				8487B04C1E78CC9E007A4921 /* klamm_prisma.m4a in Resources */,
				842A85BB1E25B715006B31F7 /* Assets.xcassets in Resources */,
			);
			runOnlyForDeploymentPostprocessing = 0;
		};
		842A85A41E25B715006B31F7 /* Resources */ = {
			isa = PBXResourcesBuildPhase;
			buildActionMask = 2147483647;
			files = (
				84BE8BB61E70C66300BBDAA6 /* explosion7.m4a in Resources */,
				8447797E1E7892C1004AF4B9 /* klamm_battleship.m4a in Resources */,
				84BE8BAA1E70C66300BBDAA6 /* explosion5.m4a in Resources */,
				84BE8BFB1E70C8A400BBDAA6 /* laser7.m4a in Resources */,
				84BE8BF21E70C8A300BBDAA6 /* laser4.m4a in Resources */,
				84FF7E542194F4A400E87D48 /* klamm_reign-of-robots.m4a in Resources */,
				8447797B1E7892C1004AF4B9 /* klamm_atmosphere.m4a in Resources */,
				84FF7E532194F49D00E87D48 /* klamm_discoveries.m4a in Resources */,
				8447798D1E7892C1004AF4B9 /* klamm_vortex.m4a in Resources */,
				84660A551E7A4BB5006C0D1C /* Scorpion.m4a in Resources */,
				84BE8BEF1E70C8A300BBDAA6 /* laser3.m4a in Resources */,
				84BE8BEC1E70C8A300BBDAA6 /* laser2.m4a in Resources */,
				84BE8BB01E70C66300BBDAA6 /* explosion6.m4a in Resources */,
				84BE8BF51E70C8A300BBDAA6 /* laser5.m4a in Resources */,
				842A85AE1E25B715006B31F7 /* Main.storyboard in Resources */,
				84BE8BE91E70C8A300BBDAA6 /* laser1.m4a in Resources */,
				84BE8C011E70C8A400BBDAA6 /* laser9.m4a in Resources */,
				84BE8BF81E70C8A300BBDAA6 /* laser6.m4a in Resources */,
				84BE8B9E1E70C66300BBDAA6 /* explosion3.m4a in Resources */,
				84F945281E2EEBCD0034F530 /* kenpixel.ttf in Resources */,
				84BE8B921E70C66300BBDAA6 /* explosion1.m4a in Resources */,
				8487B0451E78CC9E007A4921 /* klamm_cracks.m4a in Resources */,
				84BE8BFE1E70C8A400BBDAA6 /* laser8.m4a in Resources */,
				844779811E7892C1004AF4B9 /* klamm_destroyer.m4a in Resources */,
				8487B04E1E78CC9E007A4921 /* klamm_prisma.m4a in Resources */,
				8487B0481E78CC9E007A4921 /* klamm_infinity.m4a in Resources */,
				844779841E7892C1004AF4B9 /* klamm_ice-and-fire.m4a in Resources */,
				84BE8B981E70C66300BBDAA6 /* explosion2.m4a in Resources */,
				84FF7E552194F4A400E87D48 /* klamm_subzero.m4a in Resources */,
				844779781E7892C1004AF4B9 /* klamm_airborne.m4a in Resources */,
				842A85BE1E25B715006B31F7 /* Assets.xcassets in Resources */,
				84BE8BA41E70C66300BBDAA6 /* explosion4.m4a in Resources */,
			);
			runOnlyForDeploymentPostprocessing = 0;
		};
/* End PBXResourcesBuildPhase section */

/* Begin PBXShellScriptBuildPhase section */
		847182DE1E25D5F20077D3EF /* ShellScript */ = {
			isa = PBXShellScriptBuildPhase;
			buildActionMask = 8;
			files = (
			);
			inputPaths = (
			);
			outputPaths = (
			);
			runOnlyForDeploymentPostprocessing = 1;
			shellPath = /bin/sh;
			shellScript = "./Frameworks/Fabric.framework/run ed86560586bc781e35b7a73c6fe78e7beedff020 072a83851210664f7c3fad5880bd93b3d1bfa0d51d2b53928a78e2e2c4b614e7\n\nbuildNumber=$(/usr/libexec/PlistBuddy -c \"Print CFBundleVersion\" \"$INFOPLIST_FILE\")\nbuildNumber=$(($buildNumber + 1))\n/usr/libexec/PlistBuddy -c \"Set :CFBundleVersion $buildNumber\" \"$INFOPLIST_FILE\"\n";
		};
		8498D9C71E5BFA8300C2D92D /* ShellScript */ = {
			isa = PBXShellScriptBuildPhase;
			buildActionMask = 2147483647;
			files = (
			);
			inputPaths = (
			);
			outputPaths = (
			);
			runOnlyForDeploymentPostprocessing = 0;
			shellPath = /bin/sh;
			shellScript = "if which swiftlint >/dev/null; then\nswiftlint\nelse\necho \"warning: SwiftLint not installed, download from https://github.com/realm/SwiftLint\"\nfi";
		};
/* End PBXShellScriptBuildPhase section */

/* Begin PBXSourcesBuildPhase section */
		842A85691E25B715006B31F7 /* Sources */ = {
			isa = PBXSourcesBuildPhase;
			buildActionMask = 2147483647;
			files = (
				8471274A241A8C7800B0BB75 /* GameCamera.swift in Sources */,
				84B4E33D1E53A2C9003E8674 /* MissionCell.swift in Sources */,
				848B8F991EB979530002E557 /* BattleSceneOnline.swift in Sources */,
				84712730241A8C7800B0BB75 /* Tileset.swift in Sources */,
				84798FA31E7083C100741DE5 /* SoundEffect.swift in Sources */,
				84712746241A8C7800B0BB75 /* ScrollNode.swift in Sources */,
				8471274E241A8C7800B0BB75 /* StringExtension.swift in Sources */,
				845436661E44FE7600E1E2A7 /* BoxBattleResult.swift in Sources */,
				8471270B241A8C6E00B0BB75 /* CGPoint+Extensions.swift in Sources */,
				84D03EE01E35A1E7007425E0 /* Mothership.swift in Sources */,
				84712701241A8C6E00B0BB75 /* Int+Extensions.swift in Sources */,
				847126FF241A8C6E00B0BB75 /* CGVector+Extensions.swift in Sources */,
				84712740241A8C7800B0BB75 /* Data+Gzip.swift in Sources */,
				8471270F241A8C6E00B0BB75 /* SKTAudio.swift in Sources */,
				849B4CB51E6F179300C14B8F /* Music.swift in Sources */,
				84A211271E3FC364008EE6ED /* HangarScene.swift in Sources */,
				84712705241A8C6E00B0BB75 /* SKAction+Extensions.swift in Sources */,
				846F28461E2925510040DB51 /* FacebookClient.swift in Sources */,
				8471273A241A8C7800B0BB75 /* TiledTile.swift in Sources */,
				84712744241A8C7800B0BB75 /* Event.swift in Sources */,
				84712732241A8C7800B0BB75 /* TiledObjectGroup.swift in Sources */,
				840931491E268CDD00C61711 /* MothershipSlots.swift in Sources */,
				8471274C241A8C7800B0BB75 /* GameColors.swift in Sources */,
				84F9452A1E2EEEBA0034F530 /* ControlPoints.swift in Sources */,
				84712748241A8C7800B0BB75 /* Box.swift in Sources */,
				840931511E26985500C61711 /* GameColorsExtension.swift in Sources */,
				8468411A1E839B0A004CAF31 /* BoxWatchAd.swift in Sources */,
				848B8F9D1EB986D30002E557 /* BoxSearchingForOpponent.swift in Sources */,
				84AFAE1B1E2FC949006359DD /* BattleScene.swift in Sources */,
				840B4DB11ED4B42D00C6ECD1 /* Element.swift in Sources */,
				8409314D1E26930700C61711 /* MothershipSlot.swift in Sources */,
				840B13031E25E7AE00707EE9 /* SpaceshipData.swift in Sources */,
				84712703241A8C6E00B0BB75 /* SKTTimingFunctions.swift in Sources */,
				847182E01E25D6990077D3EF /* Metrics.swift in Sources */,
				84E0F2A01E25C77100E12E09 /* PlayerData.swift in Sources */,
				84E0F29C1E25C74600E12E09 /* MemoryCard.swift in Sources */,
				84E128192249BAEE0077DDB8 /* BattleRoyaleScene.swift in Sources */,
				846585421E3D9C1100C890D3 /* MothershipHealthBar.swift in Sources */,
				84712742241A8C7800B0BB75 /* MultiLineLabel.swift in Sources */,
				840B12FB1E25E49100707EE9 /* Spaceship.swift in Sources */,
				8487B0581E78F109007A4921 /* BoxResetData.swift in Sources */,
				842A85731E25B715006B31F7 /* GameViewController.swift in Sources */,
				847126FD241A8C6E00B0BB75 /* SKColor+Extensions.swift in Sources */,
				84E0F2981E25C6F000E12E09 /* Model.xcdatamodeld in Sources */,
				840DB2841E54F72800247ACB /* Stars.swift in Sources */,
				8471273C241A8C7800B0BB75 /* Control.swift in Sources */,
				8471273E241A8C7800B0BB75 /* BlackSpriteNode.swift in Sources */,
				840B13071E25F64400707EE9 /* MothershipData.swift in Sources */,
				8471272E241A8C7800B0BB75 /* TiledData.swift in Sources */,
				84AFAE1F1E2FEEEC006359DD /* GameWorld.swift in Sources */,
				84712750241A8C7800B0BB75 /* GameScene.swift in Sources */,
				84D587051E426BD90041BAAD /* SpaceshipHangarCell.swift in Sources */,
				8487B0501E78E15E007A4921 /* BoxSettings.swift in Sources */,
				847A04E81E3A3967004A4878 /* Shot.swift in Sources */,
				840B12FF1E25E6C200707EE9 /* MainMenuScene.swift in Sources */,
				84712754241A8C7800B0BB75 /* Button.swift in Sources */,
				8479051C1E28584100872D70 /* GameCenter.swift in Sources */,
				84C31E281E26FF1100892544 /* MothershipSlotData.swift in Sources */,
				84712713241A8C6E00B0BB75 /* CGFloat+Extensions.swift in Sources */,
				842A85711E25B715006B31F7 /* AppDelegate.swift in Sources */,
				84A4CFD01E3C1B0800BE28FC /* SpaceshipHealthBar.swift in Sources */,
				8471270D241A8C6E00B0BB75 /* SKTEffects.swift in Sources */,
				84B7BAF91E4D186B00074CDA /* ChooseMissionScene.swift in Sources */,
				84712734241A8C7800B0BB75 /* TiledLayer.swift in Sources */,
				84138E011E439A9500B845E4 /* ControlMission.swift in Sources */,
				8471272C241A8C7800B0BB75 /* Label.swift in Sources */,
				84F945201E29C45B0034F530 /* InvitableFriends.swift in Sources */,
				840BDF681E4A7DC000B2B0FA /* BoxUnlockSpaceship.swift in Sources */,
				8498CB531E93FAD600C30E4D /* BoxVideoAdAttemptFinished.swift in Sources */,
				843739A01E9F2ADF00C61B6F /* BoxSellSpaceship.swift in Sources */,
				84712738241A8C7800B0BB75 /* TiledObject.swift in Sources */,
				84712707241A8C6E00B0BB75 /* SKAction+SpecialEffects.swift in Sources */,
				84712709241A8C6E00B0BB75 /* SKNode+Extensions.swift in Sources */,
				84240B6E1E26DD060090E681 /* GameMath.swift in Sources */,
				84BA34D61E7B5514006FEEAD /* GameAdManager.swift in Sources */,
				849632C71E42DCB100AEC90F /* Mission.swift in Sources */,
				8487B03C1E78A807007A4921 /* CreditsScene.swift in Sources */,
				84712736241A8C7800B0BB75 /* TiledMap.swift in Sources */,
				84F945221E2EE6780034F530 /* ControlPremiumPoints.swift in Sources */,
				84712711241A8C6E00B0BB75 /* Vector3.swift in Sources */,
				84712752241A8C7800B0BB75 /* ServerManager.swift in Sources */,
				842A85F91E25BB3F006B31F7 /* LoadScene.swift in Sources */,
			);
			runOnlyForDeploymentPostprocessing = 0;
		};
		842A85A21E25B715006B31F7 /* Sources */ = {
			isa = PBXSourcesBuildPhase;
			buildActionMask = 2147483647;
			files = (
				84712749241A8C7800B0BB75 /* Box.swift in Sources */,
				840B12FD1E25E49100707EE9 /* Spaceship.swift in Sources */,
				8487B0521E78E15E007A4921 /* BoxSettings.swift in Sources */,
				84B4E33F1E53A2C9003E8674 /* MissionCell.swift in Sources */,
				84429C5E1E710ACD00D9B9FD /* Metrics.swift in Sources */,
				84712739241A8C7800B0BB75 /* TiledObject.swift in Sources */,
				84AFAE211E2FEEEC006359DD /* GameWorld.swift in Sources */,
				84712743241A8C7800B0BB75 /* MultiLineLabel.swift in Sources */,
				845436681E44FE7600E1E2A7 /* BoxBattleResult.swift in Sources */,
				84FF7E512194F06A00E87D48 /* BoxVideoAdAttemptFinished.swift in Sources */,
				84D587071E426BD90041BAAD /* SpaceshipHangarCell.swift in Sources */,
				8471270E241A8C6E00B0BB75 /* SKTEffects.swift in Sources */,
				849B4CB71E6F179300C14B8F /* Music.swift in Sources */,
				848B8F9F1EB986D30002E557 /* BoxSearchingForOpponent.swift in Sources */,
				8471274B241A8C7800B0BB75 /* GameCamera.swift in Sources */,
				84712741241A8C7800B0BB75 /* Data+Gzip.swift in Sources */,
				84F9452C1E2EEEBA0034F530 /* ControlPoints.swift in Sources */,
				84712702241A8C6E00B0BB75 /* Int+Extensions.swift in Sources */,
				84138E031E439A9500B845E4 /* ControlMission.swift in Sources */,
				840DB2861E54F72800247ACB /* Stars.swift in Sources */,
				84F945241E2EE6780034F530 /* ControlPremiumPoints.swift in Sources */,
				84712755241A8C7800B0BB75 /* Button.swift in Sources */,
				84AFAE1D1E2FC949006359DD /* BattleScene.swift in Sources */,
				84712737241A8C7800B0BB75 /* TiledMap.swift in Sources */,
				84712706241A8C6E00B0BB75 /* SKAction+Extensions.swift in Sources */,
				8471272F241A8C7800B0BB75 /* TiledData.swift in Sources */,
				84712735241A8C7800B0BB75 /* TiledLayer.swift in Sources */,
				84712733241A8C7800B0BB75 /* TiledObjectGroup.swift in Sources */,
				8409314B1E268CDD00C61711 /* MothershipSlots.swift in Sources */,
				84712708241A8C6E00B0BB75 /* SKAction+SpecialEffects.swift in Sources */,
				84E1281A2249BAEE0077DDB8 /* BattleRoyaleScene.swift in Sources */,
				843739A21E9F2ADF00C61B6F /* BoxSellSpaceship.swift in Sources */,
				8471273D241A8C7800B0BB75 /* Control.swift in Sources */,
				849632C91E42DCB100AEC90F /* Mission.swift in Sources */,
				84712745241A8C7800B0BB75 /* Event.swift in Sources */,
				84E0F2A21E25C77100E12E09 /* PlayerData.swift in Sources */,
				846585441E3D9C1100C890D3 /* MothershipHealthBar.swift in Sources */,
				84712747241A8C7800B0BB75 /* ScrollNode.swift in Sources */,
				84712704241A8C6E00B0BB75 /* SKTTimingFunctions.swift in Sources */,
				84E0F29E1E25C74600E12E09 /* MemoryCard.swift in Sources */,
				84D03EE21E35A1E7007425E0 /* Mothership.swift in Sources */,
				8471274F241A8C7800B0BB75 /* StringExtension.swift in Sources */,
				848B8F9B1EB979530002E557 /* BattleSceneOnline.swift in Sources */,
				84712731241A8C7800B0BB75 /* Tileset.swift in Sources */,
				84712700241A8C6E00B0BB75 /* CGVector+Extensions.swift in Sources */,
				84712714241A8C6E00B0BB75 /* CGFloat+Extensions.swift in Sources */,
				842A85AB1E25B715006B31F7 /* GameViewController.swift in Sources */,
				8471270C241A8C6E00B0BB75 /* CGPoint+Extensions.swift in Sources */,
				84798FA51E7083C100741DE5 /* SoundEffect.swift in Sources */,
				84712712241A8C6E00B0BB75 /* Vector3.swift in Sources */,
				8471274D241A8C7800B0BB75 /* GameColors.swift in Sources */,
				84E0F29A1E25C6F000E12E09 /* Model.xcdatamodeld in Sources */,
				8471273B241A8C7800B0BB75 /* TiledTile.swift in Sources */,
				8409314F1E26930700C61711 /* MothershipSlot.swift in Sources */,
				840931531E26985500C61711 /* GameColorsExtension.swift in Sources */,
				84A4CFD21E3C1B0800BE28FC /* SpaceshipHealthBar.swift in Sources */,
				8487B05A1E78F109007A4921 /* BoxResetData.swift in Sources */,
				8471273F241A8C7800B0BB75 /* BlackSpriteNode.swift in Sources */,
				840B13051E25E7AE00707EE9 /* SpaceshipData.swift in Sources */,
				84712710241A8C6E00B0BB75 /* SKTAudio.swift in Sources */,
				8487B03E1E78A807007A4921 /* CreditsScene.swift in Sources */,
				84712751241A8C7800B0BB75 /* GameScene.swift in Sources */,
				84240B701E26DD060090E681 /* GameMath.swift in Sources */,
				84A211291E3FC364008EE6ED /* HangarScene.swift in Sources */,
				840B4DB31ED4B42D00C6ECD1 /* Element.swift in Sources */,
				8471270A241A8C6E00B0BB75 /* SKNode+Extensions.swift in Sources */,
				8471272D241A8C7800B0BB75 /* Label.swift in Sources */,
				842A85A91E25B715006B31F7 /* AppDelegate.swift in Sources */,
				840B13091E25F64400707EE9 /* MothershipData.swift in Sources */,
				840BDF6A1E4A7DC000B2B0FA /* BoxUnlockSpaceship.swift in Sources */,
				84C31E2A1E26FF1100892544 /* MothershipSlotData.swift in Sources */,
				847126FE241A8C6E00B0BB75 /* SKColor+Extensions.swift in Sources */,
				847A04EA1E3A3967004A4878 /* Shot.swift in Sources */,
				84712753241A8C7800B0BB75 /* ServerManager.swift in Sources */,
				840B13011E25E6C200707EE9 /* MainMenuScene.swift in Sources */,
				842A85FB1E25BB3F006B31F7 /* LoadScene.swift in Sources */,
				84B7BAFB1E4D186B00074CDA /* ChooseMissionScene.swift in Sources */,
			);
			runOnlyForDeploymentPostprocessing = 0;
		};
/* End PBXSourcesBuildPhase section */

/* Begin PBXVariantGroup section */
		842A85741E25B715006B31F7 /* Main.storyboard */ = {
			isa = PBXVariantGroup;
			children = (
				842A85751E25B715006B31F7 /* Base */,
			);
			name = Main.storyboard;
			sourceTree = "<group>";
		};
		842A85771E25B715006B31F7 /* LaunchScreen.storyboard */ = {
			isa = PBXVariantGroup;
			children = (
				842A85781E25B715006B31F7 /* Base */,
			);
			name = LaunchScreen.storyboard;
			sourceTree = "<group>";
		};
		842A85AC1E25B715006B31F7 /* Main.storyboard */ = {
			isa = PBXVariantGroup;
			children = (
				842A85AD1E25B715006B31F7 /* Base */,
			);
			name = Main.storyboard;
			sourceTree = "<group>";
		};
/* End PBXVariantGroup section */

/* Begin XCBuildConfiguration section */
		842A85BF1E25B715006B31F7 /* Debug */ = {
			isa = XCBuildConfiguration;
			buildSettings = {
				ALWAYS_SEARCH_USER_PATHS = NO;
				CLANG_ANALYZER_LOCALIZABILITY_NONLOCALIZED = YES;
				CLANG_ANALYZER_NONNULL = YES;
				CLANG_CXX_LANGUAGE_STANDARD = "gnu++0x";
				CLANG_CXX_LIBRARY = "libc++";
				CLANG_ENABLE_MODULES = YES;
				CLANG_ENABLE_OBJC_ARC = YES;
				CLANG_WARN_BLOCK_CAPTURE_AUTORELEASING = YES;
				CLANG_WARN_BOOL_CONVERSION = YES;
				CLANG_WARN_COMMA = YES;
				CLANG_WARN_CONSTANT_CONVERSION = YES;
				CLANG_WARN_DEPRECATED_OBJC_IMPLEMENTATIONS = YES;
				CLANG_WARN_DIRECT_OBJC_ISA_USAGE = YES_ERROR;
				CLANG_WARN_DOCUMENTATION_COMMENTS = YES;
				CLANG_WARN_EMPTY_BODY = YES;
				CLANG_WARN_ENUM_CONVERSION = YES;
				CLANG_WARN_INFINITE_RECURSION = YES;
				CLANG_WARN_INT_CONVERSION = YES;
				CLANG_WARN_NON_LITERAL_NULL_CONVERSION = YES;
				CLANG_WARN_OBJC_IMPLICIT_RETAIN_SELF = YES;
				CLANG_WARN_OBJC_LITERAL_CONVERSION = YES;
				CLANG_WARN_OBJC_ROOT_CLASS = YES_ERROR;
				CLANG_WARN_RANGE_LOOP_ANALYSIS = YES;
				CLANG_WARN_STRICT_PROTOTYPES = YES;
				CLANG_WARN_SUSPICIOUS_MOVE = YES;
				CLANG_WARN_UNREACHABLE_CODE = YES;
				CLANG_WARN__DUPLICATE_METHOD_MATCH = YES;
				COPY_PHASE_STRIP = NO;
				DEBUG_INFORMATION_FORMAT = dwarf;
				ENABLE_STRICT_OBJC_MSGSEND = YES;
				ENABLE_TESTABILITY = YES;
				GCC_C_LANGUAGE_STANDARD = gnu99;
				GCC_DYNAMIC_NO_PIC = NO;
				GCC_NO_COMMON_BLOCKS = YES;
				GCC_OPTIMIZATION_LEVEL = 0;
				GCC_PREPROCESSOR_DEFINITIONS = (
					"DEBUG=1",
					"$(inherited)",
				);
				GCC_WARN_64_TO_32_BIT_CONVERSION = YES;
				GCC_WARN_ABOUT_RETURN_TYPE = YES_ERROR;
				GCC_WARN_UNDECLARED_SELECTOR = YES;
				GCC_WARN_UNINITIALIZED_AUTOS = YES_AGGRESSIVE;
				GCC_WARN_UNUSED_FUNCTION = YES;
				GCC_WARN_UNUSED_VARIABLE = YES;
				IPHONEOS_DEPLOYMENT_TARGET = 13.6;
				MACOSX_DEPLOYMENT_TARGET = 10.15;
				MTL_ENABLE_DEBUG_INFO = YES;
				ONLY_ACTIVE_ARCH = YES;
				OTHER_SWIFT_FLAGS = "-Xfrontend -warn-long-function-bodies=100 -Xfrontend -warn-long-expression-type-checking=100";
				SWIFT_ACTIVE_COMPILATION_CONDITIONS = DEBUG;
				SWIFT_OPTIMIZATION_LEVEL = "-Onone";
			};
			name = Debug;
		};
		842A85C01E25B715006B31F7 /* Release */ = {
			isa = XCBuildConfiguration;
			buildSettings = {
				ALWAYS_SEARCH_USER_PATHS = NO;
				CLANG_ANALYZER_LOCALIZABILITY_NONLOCALIZED = YES;
				CLANG_ANALYZER_NONNULL = YES;
				CLANG_CXX_LANGUAGE_STANDARD = "gnu++0x";
				CLANG_CXX_LIBRARY = "libc++";
				CLANG_ENABLE_MODULES = YES;
				CLANG_ENABLE_OBJC_ARC = YES;
				CLANG_WARN_BLOCK_CAPTURE_AUTORELEASING = YES;
				CLANG_WARN_BOOL_CONVERSION = YES;
				CLANG_WARN_COMMA = YES;
				CLANG_WARN_CONSTANT_CONVERSION = YES;
				CLANG_WARN_DEPRECATED_OBJC_IMPLEMENTATIONS = YES;
				CLANG_WARN_DIRECT_OBJC_ISA_USAGE = YES_ERROR;
				CLANG_WARN_DOCUMENTATION_COMMENTS = YES;
				CLANG_WARN_EMPTY_BODY = YES;
				CLANG_WARN_ENUM_CONVERSION = YES;
				CLANG_WARN_INFINITE_RECURSION = YES;
				CLANG_WARN_INT_CONVERSION = YES;
				CLANG_WARN_NON_LITERAL_NULL_CONVERSION = YES;
				CLANG_WARN_OBJC_IMPLICIT_RETAIN_SELF = YES;
				CLANG_WARN_OBJC_LITERAL_CONVERSION = YES;
				CLANG_WARN_OBJC_ROOT_CLASS = YES_ERROR;
				CLANG_WARN_RANGE_LOOP_ANALYSIS = YES;
				CLANG_WARN_STRICT_PROTOTYPES = YES;
				CLANG_WARN_SUSPICIOUS_MOVE = YES;
				CLANG_WARN_UNREACHABLE_CODE = YES;
				CLANG_WARN__DUPLICATE_METHOD_MATCH = YES;
				COPY_PHASE_STRIP = NO;
				DEBUG_INFORMATION_FORMAT = "dwarf-with-dsym";
				ENABLE_NS_ASSERTIONS = NO;
				ENABLE_STRICT_OBJC_MSGSEND = YES;
				GCC_C_LANGUAGE_STANDARD = gnu99;
				GCC_NO_COMMON_BLOCKS = YES;
				GCC_WARN_64_TO_32_BIT_CONVERSION = YES;
				GCC_WARN_ABOUT_RETURN_TYPE = YES_ERROR;
				GCC_WARN_UNDECLARED_SELECTOR = YES;
				GCC_WARN_UNINITIALIZED_AUTOS = YES_AGGRESSIVE;
				GCC_WARN_UNUSED_FUNCTION = YES;
				GCC_WARN_UNUSED_VARIABLE = YES;
				IPHONEOS_DEPLOYMENT_TARGET = 13.6;
				MACOSX_DEPLOYMENT_TARGET = 10.15;
				MTL_ENABLE_DEBUG_INFO = NO;
				SWIFT_OPTIMIZATION_LEVEL = "-Owholemodule";
			};
			name = Release;
		};
		842A85CA1E25B715006B31F7 /* Debug */ = {
			isa = XCBuildConfiguration;
			buildSettings = {
				ASSETCATALOG_COMPILER_APPICON_NAME = AppIcon;
				CLANG_ENABLE_MODULES = YES;
				CODE_SIGN_ENTITLEMENTS = CommandersWar.entitlements;
				"CODE_SIGN_IDENTITY[sdk=iphoneos*]" = "iPhone Developer";
				CODE_SIGN_STYLE = Automatic;
				DEVELOPMENT_TEAM = JZ3J7RVLD7;
				FRAMEWORK_SEARCH_PATHS = (
					"$(inherited)",
					"$(PROJECT_DIR)/Frameworks",
				);
				INFOPLIST_FILE = iOS/Info.plist;
				LD_RUNPATH_SEARCH_PATHS = "$(inherited) @executable_path/Frameworks";
				MARKETING_VERSION = 1.2.9;
				"OTHER_LDFLAGS[arch=*]" = (
					"-ObjC",
					"-fobjc-arc",
				);
				OTHER_SWIFT_FLAGS = "-Xfrontend -warn-long-function-bodies=100 -Xfrontend -warn-long-expression-type-checking=100";
				PRODUCT_BUNDLE_IDENTIFIER = com.PabloHenri91.GameVI;
				PRODUCT_NAME = CommandersWar;
				PROVISIONING_PROFILE_SPECIFIER = "";
				SDKROOT = iphoneos;
				SWIFT_OBJC_BRIDGING_HEADER = "iOS/iOS-Bridging-Header.h";
				SWIFT_VERSION = 5.0;
				TARGETED_DEVICE_FAMILY = "1,2";
			};
			name = Debug;
		};
		842A85CB1E25B715006B31F7 /* Release */ = {
			isa = XCBuildConfiguration;
			buildSettings = {
				ASSETCATALOG_COMPILER_APPICON_NAME = AppIcon;
				CLANG_ENABLE_MODULES = YES;
				CODE_SIGN_ENTITLEMENTS = CommandersWar.entitlements;
				"CODE_SIGN_IDENTITY[sdk=iphoneos*]" = "iPhone Developer";
				CODE_SIGN_STYLE = Automatic;
				DEVELOPMENT_TEAM = JZ3J7RVLD7;
				FRAMEWORK_SEARCH_PATHS = (
					"$(inherited)",
					"$(PROJECT_DIR)/Frameworks",
				);
				INFOPLIST_FILE = iOS/Info.plist;
				LD_RUNPATH_SEARCH_PATHS = "$(inherited) @executable_path/Frameworks";
				MARKETING_VERSION = 1.2.9;
				"OTHER_LDFLAGS[arch=*]" = (
					"-ObjC",
					"-fobjc-arc",
				);
				PRODUCT_BUNDLE_IDENTIFIER = com.PabloHenri91.GameVI;
				PRODUCT_NAME = CommandersWar;
				PROVISIONING_PROFILE_SPECIFIER = "";
				SDKROOT = iphoneos;
				SWIFT_OBJC_BRIDGING_HEADER = "iOS/iOS-Bridging-Header.h";
				SWIFT_VERSION = 5.0;
				TARGETED_DEVICE_FAMILY = "1,2";
				VALIDATE_PRODUCT = YES;
			};
			name = Release;
		};
		842A85D01E25B715006B31F7 /* Debug */ = {
			isa = XCBuildConfiguration;
			buildSettings = {
				ASSETCATALOG_COMPILER_APPICON_NAME = AppIcon;
				CODE_SIGN_ENTITLEMENTS = macOS/CommandersWar.entitlements;
				CODE_SIGN_IDENTITY = "Apple Development";
				CODE_SIGN_STYLE = Automatic;
				COMBINE_HIDPI_IMAGES = YES;
				DEVELOPMENT_TEAM = JZ3J7RVLD7;
				INFOPLIST_FILE = macOS/Info.plist;
				LD_RUNPATH_SEARCH_PATHS = "$(inherited) @executable_path/../Frameworks";
				PRODUCT_BUNDLE_IDENTIFIER = com.PabloHenri91.GameVI.OSX;
				PRODUCT_NAME = CommandersWar;
				PROVISIONING_PROFILE_SPECIFIER = "";
				SDKROOT = macosx;
				SWIFT_VERSION = 5.0;
			};
			name = Debug;
		};
		842A85D11E25B715006B31F7 /* Release */ = {
			isa = XCBuildConfiguration;
			buildSettings = {
				ASSETCATALOG_COMPILER_APPICON_NAME = AppIcon;
				CODE_SIGN_ENTITLEMENTS = macOS/CommandersWar.entitlements;
				CODE_SIGN_IDENTITY = "Apple Development";
				CODE_SIGN_STYLE = Automatic;
				COMBINE_HIDPI_IMAGES = YES;
				DEVELOPMENT_TEAM = JZ3J7RVLD7;
				INFOPLIST_FILE = macOS/Info.plist;
				LD_RUNPATH_SEARCH_PATHS = "$(inherited) @executable_path/../Frameworks";
				PRODUCT_BUNDLE_IDENTIFIER = com.PabloHenri91.GameVI.OSX;
				PRODUCT_NAME = CommandersWar;
				PROVISIONING_PROFILE_SPECIFIER = "";
				SDKROOT = macosx;
				SWIFT_VERSION = 5.0;
			};
			name = Release;
		};
/* End XCBuildConfiguration section */

/* Begin XCConfigurationList section */
		842A85631E25B715006B31F7 /* Build configuration list for PBXProject "CommandersWar" */ = {
			isa = XCConfigurationList;
			buildConfigurations = (
				842A85BF1E25B715006B31F7 /* Debug */,
				842A85C01E25B715006B31F7 /* Release */,
			);
			defaultConfigurationIsVisible = 0;
			defaultConfigurationName = Release;
		};
		842A85C91E25B715006B31F7 /* Build configuration list for PBXNativeTarget "CommandersWar" */ = {
			isa = XCConfigurationList;
			buildConfigurations = (
				842A85CA1E25B715006B31F7 /* Debug */,
				842A85CB1E25B715006B31F7 /* Release */,
			);
			defaultConfigurationIsVisible = 0;
			defaultConfigurationName = Release;
		};
		842A85CF1E25B715006B31F7 /* Build configuration list for PBXNativeTarget "macOS" */ = {
			isa = XCConfigurationList;
			buildConfigurations = (
				842A85D01E25B715006B31F7 /* Debug */,
				842A85D11E25B715006B31F7 /* Release */,
			);
			defaultConfigurationIsVisible = 0;
			defaultConfigurationName = Release;
		};
/* End XCConfigurationList section */

/* Begin XCVersionGroup section */
		84E0F2961E25C6F000E12E09 /* Model.xcdatamodeld */ = {
			isa = XCVersionGroup;
			children = (
				84E0F2971E25C6F000E12E09 /* Model.xcdatamodel */,
			);
			currentVersion = 84E0F2971E25C6F000E12E09 /* Model.xcdatamodel */;
			path = Model.xcdatamodeld;
			sourceTree = "<group>";
			versionGroupType = wrapper.xcdatamodel;
		};
/* End XCVersionGroup section */
	};
	rootObject = 842A85601E25B715006B31F7 /* Project object */;
}
