// !$*UTF8*$!
{
	archiveVersion = 1;
	classes = {
	};
	objectVersion = 46;
	objects = {

/* Begin PBXBuildFile section */
		842A85711E25B715006B31F7 /* AppDelegate.swift in Sources */ = {isa = PBXBuildFile; fileRef = 842A85701E25B715006B31F7 /* AppDelegate.swift */; };
		842A85731E25B715006B31F7 /* GameViewController.swift in Sources */ = {isa = PBXBuildFile; fileRef = 842A85721E25B715006B31F7 /* GameViewController.swift */; };
		842A85761E25B715006B31F7 /* Main.storyboard in Resources */ = {isa = PBXBuildFile; fileRef = 842A85741E25B715006B31F7 /* Main.storyboard */; };
		842A85791E25B715006B31F7 /* LaunchScreen.storyboard in Resources */ = {isa = PBXBuildFile; fileRef = 842A85771E25B715006B31F7 /* LaunchScreen.storyboard */; };
		842A857E1E25B715006B31F7 /* GameVI.app in Embed Watch Content */ = {isa = PBXBuildFile; fileRef = 842A857D1E25B715006B31F7 /* GameVI.app */; };
		842A85841E25B715006B31F7 /* Interface.storyboard in Resources */ = {isa = PBXBuildFile; fileRef = 842A85821E25B715006B31F7 /* Interface.storyboard */; };
		842A858B1E25B715006B31F7 /* GameVI Extension.appex in Embed App Extensions */ = {isa = PBXBuildFile; fileRef = 842A858A1E25B715006B31F7 /* GameVI Extension.appex */; settings = {ATTRIBUTES = (RemoveHeadersOnCopy, ); }; };
		842A85901E25B715006B31F7 /* InterfaceController.swift in Sources */ = {isa = PBXBuildFile; fileRef = 842A858F1E25B715006B31F7 /* InterfaceController.swift */; };
		842A85921E25B715006B31F7 /* ExtensionDelegate.swift in Sources */ = {isa = PBXBuildFile; fileRef = 842A85911E25B715006B31F7 /* ExtensionDelegate.swift */; };
		842A859B1E25B715006B31F7 /* AppDelegate.swift in Sources */ = {isa = PBXBuildFile; fileRef = 842A859A1E25B715006B31F7 /* AppDelegate.swift */; };
		842A859D1E25B715006B31F7 /* GameViewController.swift in Sources */ = {isa = PBXBuildFile; fileRef = 842A859C1E25B715006B31F7 /* GameViewController.swift */; };
		842A85A01E25B715006B31F7 /* Main.storyboard in Resources */ = {isa = PBXBuildFile; fileRef = 842A859E1E25B715006B31F7 /* Main.storyboard */; };
		842A85A91E25B715006B31F7 /* AppDelegate.swift in Sources */ = {isa = PBXBuildFile; fileRef = 842A85A81E25B715006B31F7 /* AppDelegate.swift */; };
		842A85AB1E25B715006B31F7 /* GameViewController.swift in Sources */ = {isa = PBXBuildFile; fileRef = 842A85AA1E25B715006B31F7 /* GameViewController.swift */; };
		842A85AE1E25B715006B31F7 /* Main.storyboard in Resources */ = {isa = PBXBuildFile; fileRef = 842A85AC1E25B715006B31F7 /* Main.storyboard */; };
		842A85BB1E25B715006B31F7 /* Assets.xcassets in Resources */ = {isa = PBXBuildFile; fileRef = 842A85681E25B715006B31F7 /* Assets.xcassets */; };
		842A85BC1E25B715006B31F7 /* Assets.xcassets in Resources */ = {isa = PBXBuildFile; fileRef = 842A85681E25B715006B31F7 /* Assets.xcassets */; };
		842A85BD1E25B715006B31F7 /* Assets.xcassets in Resources */ = {isa = PBXBuildFile; fileRef = 842A85681E25B715006B31F7 /* Assets.xcassets */; };
		842A85BE1E25B715006B31F7 /* Assets.xcassets in Resources */ = {isa = PBXBuildFile; fileRef = 842A85681E25B715006B31F7 /* Assets.xcassets */; };
		842A85E01E25BB24006B31F7 /* BlackSpriteNode.swift in Sources */ = {isa = PBXBuildFile; fileRef = 842A85D81E25BB24006B31F7 /* BlackSpriteNode.swift */; };
		842A85E11E25BB24006B31F7 /* BlackSpriteNode.swift in Sources */ = {isa = PBXBuildFile; fileRef = 842A85D81E25BB24006B31F7 /* BlackSpriteNode.swift */; };
		842A85E21E25BB24006B31F7 /* BlackSpriteNode.swift in Sources */ = {isa = PBXBuildFile; fileRef = 842A85D81E25BB24006B31F7 /* BlackSpriteNode.swift */; };
		842A85E31E25BB24006B31F7 /* Box.swift in Sources */ = {isa = PBXBuildFile; fileRef = 842A85D91E25BB24006B31F7 /* Box.swift */; };
		842A85E41E25BB24006B31F7 /* Box.swift in Sources */ = {isa = PBXBuildFile; fileRef = 842A85D91E25BB24006B31F7 /* Box.swift */; };
		842A85E51E25BB24006B31F7 /* Box.swift in Sources */ = {isa = PBXBuildFile; fileRef = 842A85D91E25BB24006B31F7 /* Box.swift */; };
		842A85E61E25BB24006B31F7 /* Button.swift in Sources */ = {isa = PBXBuildFile; fileRef = 842A85DA1E25BB24006B31F7 /* Button.swift */; };
		842A85E71E25BB24006B31F7 /* Button.swift in Sources */ = {isa = PBXBuildFile; fileRef = 842A85DA1E25BB24006B31F7 /* Button.swift */; };
		842A85E81E25BB24006B31F7 /* Button.swift in Sources */ = {isa = PBXBuildFile; fileRef = 842A85DA1E25BB24006B31F7 /* Button.swift */; };
		842A85E91E25BB24006B31F7 /* Control.swift in Sources */ = {isa = PBXBuildFile; fileRef = 842A85DB1E25BB24006B31F7 /* Control.swift */; };
		842A85EA1E25BB24006B31F7 /* Control.swift in Sources */ = {isa = PBXBuildFile; fileRef = 842A85DB1E25BB24006B31F7 /* Control.swift */; };
		842A85EB1E25BB24006B31F7 /* Control.swift in Sources */ = {isa = PBXBuildFile; fileRef = 842A85DB1E25BB24006B31F7 /* Control.swift */; };
		842A85EC1E25BB24006B31F7 /* GameCamera.swift in Sources */ = {isa = PBXBuildFile; fileRef = 842A85DC1E25BB24006B31F7 /* GameCamera.swift */; };
		842A85ED1E25BB24006B31F7 /* GameCamera.swift in Sources */ = {isa = PBXBuildFile; fileRef = 842A85DC1E25BB24006B31F7 /* GameCamera.swift */; };
		842A85EE1E25BB24006B31F7 /* GameCamera.swift in Sources */ = {isa = PBXBuildFile; fileRef = 842A85DC1E25BB24006B31F7 /* GameCamera.swift */; };
		842A85EF1E25BB24006B31F7 /* GameColors.swift in Sources */ = {isa = PBXBuildFile; fileRef = 842A85DD1E25BB24006B31F7 /* GameColors.swift */; };
		842A85F01E25BB24006B31F7 /* GameColors.swift in Sources */ = {isa = PBXBuildFile; fileRef = 842A85DD1E25BB24006B31F7 /* GameColors.swift */; };
		842A85F11E25BB24006B31F7 /* GameColors.swift in Sources */ = {isa = PBXBuildFile; fileRef = 842A85DD1E25BB24006B31F7 /* GameColors.swift */; };
		842A85F21E25BB24006B31F7 /* GameScene.swift in Sources */ = {isa = PBXBuildFile; fileRef = 842A85DE1E25BB24006B31F7 /* GameScene.swift */; };
		842A85F31E25BB24006B31F7 /* GameScene.swift in Sources */ = {isa = PBXBuildFile; fileRef = 842A85DE1E25BB24006B31F7 /* GameScene.swift */; };
		842A85F41E25BB24006B31F7 /* GameScene.swift in Sources */ = {isa = PBXBuildFile; fileRef = 842A85DE1E25BB24006B31F7 /* GameScene.swift */; };
		842A85F51E25BB24006B31F7 /* Label.swift in Sources */ = {isa = PBXBuildFile; fileRef = 842A85DF1E25BB24006B31F7 /* Label.swift */; };
		842A85F61E25BB24006B31F7 /* Label.swift in Sources */ = {isa = PBXBuildFile; fileRef = 842A85DF1E25BB24006B31F7 /* Label.swift */; };
		842A85F71E25BB24006B31F7 /* Label.swift in Sources */ = {isa = PBXBuildFile; fileRef = 842A85DF1E25BB24006B31F7 /* Label.swift */; };
		842A85F91E25BB3F006B31F7 /* LoadScene.swift in Sources */ = {isa = PBXBuildFile; fileRef = 842A85F81E25BB3F006B31F7 /* LoadScene.swift */; };
		842A85FA1E25BB3F006B31F7 /* LoadScene.swift in Sources */ = {isa = PBXBuildFile; fileRef = 842A85F81E25BB3F006B31F7 /* LoadScene.swift */; };
		842A85FB1E25BB3F006B31F7 /* LoadScene.swift in Sources */ = {isa = PBXBuildFile; fileRef = 842A85F81E25BB3F006B31F7 /* LoadScene.swift */; };
		842A86091E25BB96006B31F7 /* CGFloat+Extensions.swift in Sources */ = {isa = PBXBuildFile; fileRef = 842A85FD1E25BB96006B31F7 /* CGFloat+Extensions.swift */; };
		842A860A1E25BB96006B31F7 /* CGFloat+Extensions.swift in Sources */ = {isa = PBXBuildFile; fileRef = 842A85FD1E25BB96006B31F7 /* CGFloat+Extensions.swift */; };
		842A860B1E25BB96006B31F7 /* CGFloat+Extensions.swift in Sources */ = {isa = PBXBuildFile; fileRef = 842A85FD1E25BB96006B31F7 /* CGFloat+Extensions.swift */; };
		842A860C1E25BB96006B31F7 /* CGPoint+Extensions.swift in Sources */ = {isa = PBXBuildFile; fileRef = 842A85FE1E25BB96006B31F7 /* CGPoint+Extensions.swift */; };
		842A860D1E25BB96006B31F7 /* CGPoint+Extensions.swift in Sources */ = {isa = PBXBuildFile; fileRef = 842A85FE1E25BB96006B31F7 /* CGPoint+Extensions.swift */; };
		842A860E1E25BB96006B31F7 /* CGPoint+Extensions.swift in Sources */ = {isa = PBXBuildFile; fileRef = 842A85FE1E25BB96006B31F7 /* CGPoint+Extensions.swift */; };
		842A860F1E25BB96006B31F7 /* CGVector+Extensions.swift in Sources */ = {isa = PBXBuildFile; fileRef = 842A85FF1E25BB96006B31F7 /* CGVector+Extensions.swift */; };
		842A86101E25BB96006B31F7 /* CGVector+Extensions.swift in Sources */ = {isa = PBXBuildFile; fileRef = 842A85FF1E25BB96006B31F7 /* CGVector+Extensions.swift */; };
		842A86111E25BB96006B31F7 /* CGVector+Extensions.swift in Sources */ = {isa = PBXBuildFile; fileRef = 842A85FF1E25BB96006B31F7 /* CGVector+Extensions.swift */; };
		842A86121E25BB96006B31F7 /* Int+Extensions.swift in Sources */ = {isa = PBXBuildFile; fileRef = 842A86001E25BB96006B31F7 /* Int+Extensions.swift */; };
		842A86131E25BB96006B31F7 /* Int+Extensions.swift in Sources */ = {isa = PBXBuildFile; fileRef = 842A86001E25BB96006B31F7 /* Int+Extensions.swift */; };
		842A86141E25BB96006B31F7 /* Int+Extensions.swift in Sources */ = {isa = PBXBuildFile; fileRef = 842A86001E25BB96006B31F7 /* Int+Extensions.swift */; };
		842A86151E25BB96006B31F7 /* SKAction+Extensions.swift in Sources */ = {isa = PBXBuildFile; fileRef = 842A86011E25BB96006B31F7 /* SKAction+Extensions.swift */; };
		842A86161E25BB96006B31F7 /* SKAction+Extensions.swift in Sources */ = {isa = PBXBuildFile; fileRef = 842A86011E25BB96006B31F7 /* SKAction+Extensions.swift */; };
		842A86171E25BB96006B31F7 /* SKAction+Extensions.swift in Sources */ = {isa = PBXBuildFile; fileRef = 842A86011E25BB96006B31F7 /* SKAction+Extensions.swift */; };
		842A86181E25BB96006B31F7 /* SKAction+SpecialEffects.swift in Sources */ = {isa = PBXBuildFile; fileRef = 842A86021E25BB96006B31F7 /* SKAction+SpecialEffects.swift */; };
		842A86191E25BB96006B31F7 /* SKAction+SpecialEffects.swift in Sources */ = {isa = PBXBuildFile; fileRef = 842A86021E25BB96006B31F7 /* SKAction+SpecialEffects.swift */; };
		842A861A1E25BB96006B31F7 /* SKAction+SpecialEffects.swift in Sources */ = {isa = PBXBuildFile; fileRef = 842A86021E25BB96006B31F7 /* SKAction+SpecialEffects.swift */; };
		842A861B1E25BB96006B31F7 /* SKColor+Extensions.swift in Sources */ = {isa = PBXBuildFile; fileRef = 842A86031E25BB96006B31F7 /* SKColor+Extensions.swift */; };
		842A861C1E25BB96006B31F7 /* SKColor+Extensions.swift in Sources */ = {isa = PBXBuildFile; fileRef = 842A86031E25BB96006B31F7 /* SKColor+Extensions.swift */; };
		842A861D1E25BB96006B31F7 /* SKColor+Extensions.swift in Sources */ = {isa = PBXBuildFile; fileRef = 842A86031E25BB96006B31F7 /* SKColor+Extensions.swift */; };
		842A861E1E25BB96006B31F7 /* SKNode+Extensions.swift in Sources */ = {isa = PBXBuildFile; fileRef = 842A86041E25BB96006B31F7 /* SKNode+Extensions.swift */; };
		842A861F1E25BB96006B31F7 /* SKNode+Extensions.swift in Sources */ = {isa = PBXBuildFile; fileRef = 842A86041E25BB96006B31F7 /* SKNode+Extensions.swift */; };
		842A86201E25BB96006B31F7 /* SKNode+Extensions.swift in Sources */ = {isa = PBXBuildFile; fileRef = 842A86041E25BB96006B31F7 /* SKNode+Extensions.swift */; };
		842A86211E25BB96006B31F7 /* SKTAudio.swift in Sources */ = {isa = PBXBuildFile; fileRef = 842A86051E25BB96006B31F7 /* SKTAudio.swift */; };
		842A86221E25BB96006B31F7 /* SKTAudio.swift in Sources */ = {isa = PBXBuildFile; fileRef = 842A86051E25BB96006B31F7 /* SKTAudio.swift */; };
		842A86231E25BB96006B31F7 /* SKTAudio.swift in Sources */ = {isa = PBXBuildFile; fileRef = 842A86051E25BB96006B31F7 /* SKTAudio.swift */; };
		842A86241E25BB96006B31F7 /* SKTEffects.swift in Sources */ = {isa = PBXBuildFile; fileRef = 842A86061E25BB96006B31F7 /* SKTEffects.swift */; };
		842A86251E25BB96006B31F7 /* SKTEffects.swift in Sources */ = {isa = PBXBuildFile; fileRef = 842A86061E25BB96006B31F7 /* SKTEffects.swift */; };
		842A86261E25BB96006B31F7 /* SKTEffects.swift in Sources */ = {isa = PBXBuildFile; fileRef = 842A86061E25BB96006B31F7 /* SKTEffects.swift */; };
		842A86271E25BB96006B31F7 /* SKTTimingFunctions.swift in Sources */ = {isa = PBXBuildFile; fileRef = 842A86071E25BB96006B31F7 /* SKTTimingFunctions.swift */; };
		842A86281E25BB96006B31F7 /* SKTTimingFunctions.swift in Sources */ = {isa = PBXBuildFile; fileRef = 842A86071E25BB96006B31F7 /* SKTTimingFunctions.swift */; };
		842A86291E25BB96006B31F7 /* SKTTimingFunctions.swift in Sources */ = {isa = PBXBuildFile; fileRef = 842A86071E25BB96006B31F7 /* SKTTimingFunctions.swift */; };
		842A862A1E25BB96006B31F7 /* Vector3.swift in Sources */ = {isa = PBXBuildFile; fileRef = 842A86081E25BB96006B31F7 /* Vector3.swift */; };
		842A862B1E25BB96006B31F7 /* Vector3.swift in Sources */ = {isa = PBXBuildFile; fileRef = 842A86081E25BB96006B31F7 /* Vector3.swift */; };
		842A862C1E25BB96006B31F7 /* Vector3.swift in Sources */ = {isa = PBXBuildFile; fileRef = 842A86081E25BB96006B31F7 /* Vector3.swift */; };
		84E0F2981E25C6F000E12E09 /* Model.xcdatamodeld in Sources */ = {isa = PBXBuildFile; fileRef = 84E0F2961E25C6F000E12E09 /* Model.xcdatamodeld */; };
		84E0F2991E25C6F000E12E09 /* Model.xcdatamodeld in Sources */ = {isa = PBXBuildFile; fileRef = 84E0F2961E25C6F000E12E09 /* Model.xcdatamodeld */; };
		84E0F29A1E25C6F000E12E09 /* Model.xcdatamodeld in Sources */ = {isa = PBXBuildFile; fileRef = 84E0F2961E25C6F000E12E09 /* Model.xcdatamodeld */; };
		84E0F29C1E25C74600E12E09 /* MemoryCard.swift in Sources */ = {isa = PBXBuildFile; fileRef = 84E0F29B1E25C74600E12E09 /* MemoryCard.swift */; };
		84E0F29D1E25C74600E12E09 /* MemoryCard.swift in Sources */ = {isa = PBXBuildFile; fileRef = 84E0F29B1E25C74600E12E09 /* MemoryCard.swift */; };
		84E0F29E1E25C74600E12E09 /* MemoryCard.swift in Sources */ = {isa = PBXBuildFile; fileRef = 84E0F29B1E25C74600E12E09 /* MemoryCard.swift */; };
		84E0F2A01E25C77100E12E09 /* PlayerData.swift in Sources */ = {isa = PBXBuildFile; fileRef = 84E0F29F1E25C77100E12E09 /* PlayerData.swift */; };
		84E0F2A11E25C77100E12E09 /* PlayerData.swift in Sources */ = {isa = PBXBuildFile; fileRef = 84E0F29F1E25C77100E12E09 /* PlayerData.swift */; };
		84E0F2A21E25C77100E12E09 /* PlayerData.swift in Sources */ = {isa = PBXBuildFile; fileRef = 84E0F29F1E25C77100E12E09 /* PlayerData.swift */; };
/* End PBXBuildFile section */

/* Begin PBXContainerItemProxy section */
		842A857F1E25B715006B31F7 /* PBXContainerItemProxy */ = {
			isa = PBXContainerItemProxy;
			containerPortal = 842A85601E25B715006B31F7 /* Project object */;
			proxyType = 1;
			remoteGlobalIDString = 842A857C1E25B715006B31F7;
			remoteInfo = "watchOS App";
		};
		842A858C1E25B715006B31F7 /* PBXContainerItemProxy */ = {
			isa = PBXContainerItemProxy;
			containerPortal = 842A85601E25B715006B31F7 /* Project object */;
			proxyType = 1;
			remoteGlobalIDString = 842A85891E25B715006B31F7;
			remoteInfo = "watchOS Extension";
		};
/* End PBXContainerItemProxy section */

/* Begin PBXCopyFilesBuildPhase section */
		842A85C41E25B715006B31F7 /* Embed App Extensions */ = {
			isa = PBXCopyFilesBuildPhase;
			buildActionMask = 2147483647;
			dstPath = "";
			dstSubfolderSpec = 13;
			files = (
				842A858B1E25B715006B31F7 /* GameVI Extension.appex in Embed App Extensions */,
			);
			name = "Embed App Extensions";
			runOnlyForDeploymentPostprocessing = 0;
		};
		842A85C81E25B715006B31F7 /* Embed Watch Content */ = {
			isa = PBXCopyFilesBuildPhase;
			buildActionMask = 2147483647;
			dstPath = "$(CONTENTS_FOLDER_PATH)/Watch";
			dstSubfolderSpec = 16;
			files = (
				842A857E1E25B715006B31F7 /* GameVI.app in Embed Watch Content */,
			);
			name = "Embed Watch Content";
			runOnlyForDeploymentPostprocessing = 0;
		};
/* End PBXCopyFilesBuildPhase section */

/* Begin PBXFileReference section */
		842A85681E25B715006B31F7 /* Assets.xcassets */ = {isa = PBXFileReference; lastKnownFileType = folder.assetcatalog; path = Assets.xcassets; sourceTree = "<group>"; };
		842A856D1E25B715006B31F7 /* GameVI.app */ = {isa = PBXFileReference; explicitFileType = wrapper.application; includeInIndex = 0; path = GameVI.app; sourceTree = BUILT_PRODUCTS_DIR; };
		842A85701E25B715006B31F7 /* AppDelegate.swift */ = {isa = PBXFileReference; lastKnownFileType = sourcecode.swift; path = AppDelegate.swift; sourceTree = "<group>"; };
		842A85721E25B715006B31F7 /* GameViewController.swift */ = {isa = PBXFileReference; lastKnownFileType = sourcecode.swift; path = GameViewController.swift; sourceTree = "<group>"; };
		842A85751E25B715006B31F7 /* Base */ = {isa = PBXFileReference; lastKnownFileType = file.storyboard; name = Base; path = Base.lproj/Main.storyboard; sourceTree = "<group>"; };
		842A85781E25B715006B31F7 /* Base */ = {isa = PBXFileReference; lastKnownFileType = file.storyboard; name = Base; path = Base.lproj/LaunchScreen.storyboard; sourceTree = "<group>"; };
		842A857A1E25B715006B31F7 /* Info.plist */ = {isa = PBXFileReference; lastKnownFileType = text.plist.xml; path = Info.plist; sourceTree = "<group>"; };
		842A857D1E25B715006B31F7 /* GameVI.app */ = {isa = PBXFileReference; explicitFileType = wrapper.application; includeInIndex = 0; path = GameVI.app; sourceTree = BUILT_PRODUCTS_DIR; };
		842A85831E25B715006B31F7 /* Base */ = {isa = PBXFileReference; lastKnownFileType = file.storyboard; name = Base; path = Base.lproj/Interface.storyboard; sourceTree = "<group>"; };
		842A85851E25B715006B31F7 /* Info.plist */ = {isa = PBXFileReference; lastKnownFileType = text.plist.xml; path = Info.plist; sourceTree = "<group>"; };
		842A858A1E25B715006B31F7 /* GameVI Extension.appex */ = {isa = PBXFileReference; explicitFileType = "wrapper.app-extension"; includeInIndex = 0; path = "GameVI Extension.appex"; sourceTree = BUILT_PRODUCTS_DIR; };
		842A858F1E25B715006B31F7 /* InterfaceController.swift */ = {isa = PBXFileReference; lastKnownFileType = sourcecode.swift; path = InterfaceController.swift; sourceTree = "<group>"; };
		842A85911E25B715006B31F7 /* ExtensionDelegate.swift */ = {isa = PBXFileReference; lastKnownFileType = sourcecode.swift; path = ExtensionDelegate.swift; sourceTree = "<group>"; };
		842A85931E25B715006B31F7 /* Info.plist */ = {isa = PBXFileReference; lastKnownFileType = text.plist.xml; path = Info.plist; sourceTree = "<group>"; };
		842A85981E25B715006B31F7 /* GameVI.app */ = {isa = PBXFileReference; explicitFileType = wrapper.application; includeInIndex = 0; path = GameVI.app; sourceTree = BUILT_PRODUCTS_DIR; };
		842A859A1E25B715006B31F7 /* AppDelegate.swift */ = {isa = PBXFileReference; lastKnownFileType = sourcecode.swift; path = AppDelegate.swift; sourceTree = "<group>"; };
		842A859C1E25B715006B31F7 /* GameViewController.swift */ = {isa = PBXFileReference; lastKnownFileType = sourcecode.swift; path = GameViewController.swift; sourceTree = "<group>"; };
		842A859F1E25B715006B31F7 /* Base */ = {isa = PBXFileReference; lastKnownFileType = file.storyboard; name = Base; path = Base.lproj/Main.storyboard; sourceTree = "<group>"; };
		842A85A11E25B715006B31F7 /* Info.plist */ = {isa = PBXFileReference; lastKnownFileType = text.plist.xml; path = Info.plist; sourceTree = "<group>"; };
		842A85A61E25B715006B31F7 /* GameVI.app */ = {isa = PBXFileReference; explicitFileType = wrapper.application; includeInIndex = 0; path = GameVI.app; sourceTree = BUILT_PRODUCTS_DIR; };
		842A85A81E25B715006B31F7 /* AppDelegate.swift */ = {isa = PBXFileReference; lastKnownFileType = sourcecode.swift; path = AppDelegate.swift; sourceTree = "<group>"; };
		842A85AA1E25B715006B31F7 /* GameViewController.swift */ = {isa = PBXFileReference; lastKnownFileType = sourcecode.swift; path = GameViewController.swift; sourceTree = "<group>"; };
		842A85AD1E25B715006B31F7 /* Base */ = {isa = PBXFileReference; lastKnownFileType = file.storyboard; name = Base; path = Base.lproj/Main.storyboard; sourceTree = "<group>"; };
		842A85AF1E25B715006B31F7 /* Info.plist */ = {isa = PBXFileReference; lastKnownFileType = text.plist.xml; path = Info.plist; sourceTree = "<group>"; };
		842A85D81E25BB24006B31F7 /* BlackSpriteNode.swift */ = {isa = PBXFileReference; fileEncoding = 4; lastKnownFileType = sourcecode.swift; path = BlackSpriteNode.swift; sourceTree = "<group>"; };
		842A85D91E25BB24006B31F7 /* Box.swift */ = {isa = PBXFileReference; fileEncoding = 4; lastKnownFileType = sourcecode.swift; path = Box.swift; sourceTree = "<group>"; };
		842A85DA1E25BB24006B31F7 /* Button.swift */ = {isa = PBXFileReference; fileEncoding = 4; lastKnownFileType = sourcecode.swift; path = Button.swift; sourceTree = "<group>"; };
		842A85DB1E25BB24006B31F7 /* Control.swift */ = {isa = PBXFileReference; fileEncoding = 4; lastKnownFileType = sourcecode.swift; path = Control.swift; sourceTree = "<group>"; };
		842A85DC1E25BB24006B31F7 /* GameCamera.swift */ = {isa = PBXFileReference; fileEncoding = 4; lastKnownFileType = sourcecode.swift; path = GameCamera.swift; sourceTree = "<group>"; };
		842A85DD1E25BB24006B31F7 /* GameColors.swift */ = {isa = PBXFileReference; fileEncoding = 4; lastKnownFileType = sourcecode.swift; path = GameColors.swift; sourceTree = "<group>"; };
		842A85DE1E25BB24006B31F7 /* GameScene.swift */ = {isa = PBXFileReference; fileEncoding = 4; lastKnownFileType = sourcecode.swift; path = GameScene.swift; sourceTree = "<group>"; };
		842A85DF1E25BB24006B31F7 /* Label.swift */ = {isa = PBXFileReference; fileEncoding = 4; lastKnownFileType = sourcecode.swift; path = Label.swift; sourceTree = "<group>"; };
		842A85F81E25BB3F006B31F7 /* LoadScene.swift */ = {isa = PBXFileReference; fileEncoding = 4; lastKnownFileType = sourcecode.swift; path = LoadScene.swift; sourceTree = "<group>"; };
		842A85FD1E25BB96006B31F7 /* CGFloat+Extensions.swift */ = {isa = PBXFileReference; fileEncoding = 4; lastKnownFileType = sourcecode.swift; path = "CGFloat+Extensions.swift"; sourceTree = "<group>"; };
		842A85FE1E25BB96006B31F7 /* CGPoint+Extensions.swift */ = {isa = PBXFileReference; fileEncoding = 4; lastKnownFileType = sourcecode.swift; path = "CGPoint+Extensions.swift"; sourceTree = "<group>"; };
		842A85FF1E25BB96006B31F7 /* CGVector+Extensions.swift */ = {isa = PBXFileReference; fileEncoding = 4; lastKnownFileType = sourcecode.swift; path = "CGVector+Extensions.swift"; sourceTree = "<group>"; };
		842A86001E25BB96006B31F7 /* Int+Extensions.swift */ = {isa = PBXFileReference; fileEncoding = 4; lastKnownFileType = sourcecode.swift; path = "Int+Extensions.swift"; sourceTree = "<group>"; };
		842A86011E25BB96006B31F7 /* SKAction+Extensions.swift */ = {isa = PBXFileReference; fileEncoding = 4; lastKnownFileType = sourcecode.swift; path = "SKAction+Extensions.swift"; sourceTree = "<group>"; };
		842A86021E25BB96006B31F7 /* SKAction+SpecialEffects.swift */ = {isa = PBXFileReference; fileEncoding = 4; lastKnownFileType = sourcecode.swift; path = "SKAction+SpecialEffects.swift"; sourceTree = "<group>"; };
		842A86031E25BB96006B31F7 /* SKColor+Extensions.swift */ = {isa = PBXFileReference; fileEncoding = 4; lastKnownFileType = sourcecode.swift; path = "SKColor+Extensions.swift"; sourceTree = "<group>"; };
		842A86041E25BB96006B31F7 /* SKNode+Extensions.swift */ = {isa = PBXFileReference; fileEncoding = 4; lastKnownFileType = sourcecode.swift; path = "SKNode+Extensions.swift"; sourceTree = "<group>"; };
		842A86051E25BB96006B31F7 /* SKTAudio.swift */ = {isa = PBXFileReference; fileEncoding = 4; lastKnownFileType = sourcecode.swift; path = SKTAudio.swift; sourceTree = "<group>"; };
		842A86061E25BB96006B31F7 /* SKTEffects.swift */ = {isa = PBXFileReference; fileEncoding = 4; lastKnownFileType = sourcecode.swift; path = SKTEffects.swift; sourceTree = "<group>"; };
		842A86071E25BB96006B31F7 /* SKTTimingFunctions.swift */ = {isa = PBXFileReference; fileEncoding = 4; lastKnownFileType = sourcecode.swift; path = SKTTimingFunctions.swift; sourceTree = "<group>"; };
		842A86081E25BB96006B31F7 /* Vector3.swift */ = {isa = PBXFileReference; fileEncoding = 4; lastKnownFileType = sourcecode.swift; path = Vector3.swift; sourceTree = "<group>"; };
		84E0F2971E25C6F000E12E09 /* Model.xcdatamodel */ = {isa = PBXFileReference; lastKnownFileType = wrapper.xcdatamodel; path = Model.xcdatamodel; sourceTree = "<group>"; };
		84E0F29B1E25C74600E12E09 /* MemoryCard.swift */ = {isa = PBXFileReference; fileEncoding = 4; lastKnownFileType = sourcecode.swift; path = MemoryCard.swift; sourceTree = "<group>"; };
		84E0F29F1E25C77100E12E09 /* PlayerData.swift */ = {isa = PBXFileReference; fileEncoding = 4; lastKnownFileType = sourcecode.swift; path = PlayerData.swift; sourceTree = "<group>"; };
/* End PBXFileReference section */

/* Begin PBXFrameworksBuildPhase section */
		842A856A1E25B715006B31F7 /* Frameworks */ = {
			isa = PBXFrameworksBuildPhase;
			buildActionMask = 2147483647;
			files = (
			);
			runOnlyForDeploymentPostprocessing = 0;
		};
		842A85871E25B715006B31F7 /* Frameworks */ = {
			isa = PBXFrameworksBuildPhase;
			buildActionMask = 2147483647;
			files = (
			);
			runOnlyForDeploymentPostprocessing = 0;
		};
		842A85951E25B715006B31F7 /* Frameworks */ = {
			isa = PBXFrameworksBuildPhase;
			buildActionMask = 2147483647;
			files = (
			);
			runOnlyForDeploymentPostprocessing = 0;
		};
		842A85A31E25B715006B31F7 /* Frameworks */ = {
			isa = PBXFrameworksBuildPhase;
			buildActionMask = 2147483647;
			files = (
			);
			runOnlyForDeploymentPostprocessing = 0;
		};
/* End PBXFrameworksBuildPhase section */

/* Begin PBXGroup section */
		842A855F1E25B715006B31F7 = {
			isa = PBXGroup;
			children = (
				842A85D21E25BA3B006B31F7 /* Frameworks */,
				842A85641E25B715006B31F7 /* Shared */,
				842A856F1E25B715006B31F7 /* iOS */,
				842A85811E25B715006B31F7 /* watchOS App */,
				842A858E1E25B715006B31F7 /* watchOS Extension */,
				842A85991E25B715006B31F7 /* tvOS */,
				842A85A71E25B715006B31F7 /* macOS */,
				842A856E1E25B715006B31F7 /* Products */,
			);
			sourceTree = "<group>";
		};
		842A85641E25B715006B31F7 /* Shared */ = {
			isa = PBXGroup;
			children = (
				842A85681E25B715006B31F7 /* Assets.xcassets */,
				842A85D51E25BAC9006B31F7 /* CoreData */,
				842A85D61E25BAD3006B31F7 /* Fonts */,
				842A85D41E25BABD006B31F7 /* Game */,
				842A85D31E25BAAF006B31F7 /* Scenes */,
			);
			path = Shared;
			sourceTree = "<group>";
		};
		842A856E1E25B715006B31F7 /* Products */ = {
			isa = PBXGroup;
			children = (
				842A856D1E25B715006B31F7 /* GameVI.app */,
				842A857D1E25B715006B31F7 /* GameVI.app */,
				842A858A1E25B715006B31F7 /* GameVI Extension.appex */,
				842A85981E25B715006B31F7 /* GameVI.app */,
				842A85A61E25B715006B31F7 /* GameVI.app */,
			);
			name = Products;
			sourceTree = "<group>";
		};
		842A856F1E25B715006B31F7 /* iOS */ = {
			isa = PBXGroup;
			children = (
				842A85701E25B715006B31F7 /* AppDelegate.swift */,
				842A85721E25B715006B31F7 /* GameViewController.swift */,
				842A85741E25B715006B31F7 /* Main.storyboard */,
				842A85771E25B715006B31F7 /* LaunchScreen.storyboard */,
				842A857A1E25B715006B31F7 /* Info.plist */,
			);
			path = iOS;
			sourceTree = "<group>";
		};
		842A85811E25B715006B31F7 /* watchOS App */ = {
			isa = PBXGroup;
			children = (
				842A85821E25B715006B31F7 /* Interface.storyboard */,
				842A85851E25B715006B31F7 /* Info.plist */,
			);
			path = "watchOS App";
			sourceTree = "<group>";
		};
		842A858E1E25B715006B31F7 /* watchOS Extension */ = {
			isa = PBXGroup;
			children = (
				842A858F1E25B715006B31F7 /* InterfaceController.swift */,
				842A85911E25B715006B31F7 /* ExtensionDelegate.swift */,
				842A85931E25B715006B31F7 /* Info.plist */,
			);
			path = "watchOS Extension";
			sourceTree = "<group>";
		};
		842A85991E25B715006B31F7 /* tvOS */ = {
			isa = PBXGroup;
			children = (
				842A859A1E25B715006B31F7 /* AppDelegate.swift */,
				842A859C1E25B715006B31F7 /* GameViewController.swift */,
				842A859E1E25B715006B31F7 /* Main.storyboard */,
				842A85A11E25B715006B31F7 /* Info.plist */,
			);
			path = tvOS;
			sourceTree = "<group>";
		};
		842A85A71E25B715006B31F7 /* macOS */ = {
			isa = PBXGroup;
			children = (
				842A85A81E25B715006B31F7 /* AppDelegate.swift */,
				842A85AA1E25B715006B31F7 /* GameViewController.swift */,
				842A85AC1E25B715006B31F7 /* Main.storyboard */,
				842A85AF1E25B715006B31F7 /* Info.plist */,
			);
			path = macOS;
			sourceTree = "<group>";
		};
		842A85D21E25BA3B006B31F7 /* Frameworks */ = {
			isa = PBXGroup;
			children = (
				842A85D71E25BB24006B31F7 /* Hydra */,
				842A85FC1E25BB96006B31F7 /* SKTUtils */,
			);
			name = Frameworks;
			sourceTree = "<group>";
		};
		842A85D31E25BAAF006B31F7 /* Scenes */ = {
			isa = PBXGroup;
			children = (
				842A85F81E25BB3F006B31F7 /* LoadScene.swift */,
			);
			path = Scenes;
			sourceTree = "<group>";
		};
		842A85D41E25BABD006B31F7 /* Game */ = {
			isa = PBXGroup;
			children = (
			);
			path = Game;
			sourceTree = "<group>";
		};
		842A85D51E25BAC9006B31F7 /* CoreData */ = {
			isa = PBXGroup;
			children = (
				84E0F29B1E25C74600E12E09 /* MemoryCard.swift */,
				84E0F29F1E25C77100E12E09 /* PlayerData.swift */,
				84E0F2961E25C6F000E12E09 /* Model.xcdatamodeld */,
			);
			path = CoreData;
			sourceTree = "<group>";
		};
		842A85D61E25BAD3006B31F7 /* Fonts */ = {
			isa = PBXGroup;
			children = (
			);
			path = Fonts;
			sourceTree = "<group>";
		};
		842A85D71E25BB24006B31F7 /* Hydra */ = {
			isa = PBXGroup;
			children = (
				842A85D81E25BB24006B31F7 /* BlackSpriteNode.swift */,
				842A85D91E25BB24006B31F7 /* Box.swift */,
				842A85DA1E25BB24006B31F7 /* Button.swift */,
				842A85DB1E25BB24006B31F7 /* Control.swift */,
				842A85DC1E25BB24006B31F7 /* GameCamera.swift */,
				842A85DD1E25BB24006B31F7 /* GameColors.swift */,
				842A85DE1E25BB24006B31F7 /* GameScene.swift */,
				842A85DF1E25BB24006B31F7 /* Label.swift */,
			);
			name = Hydra;
			path = ../../Hydra/XCode/Frameworks/Hydra;
			sourceTree = "<group>";
		};
		842A85FC1E25BB96006B31F7 /* SKTUtils */ = {
			isa = PBXGroup;
			children = (
				842A85FD1E25BB96006B31F7 /* CGFloat+Extensions.swift */,
				842A85FE1E25BB96006B31F7 /* CGPoint+Extensions.swift */,
				842A85FF1E25BB96006B31F7 /* CGVector+Extensions.swift */,
				842A86001E25BB96006B31F7 /* Int+Extensions.swift */,
				842A86011E25BB96006B31F7 /* SKAction+Extensions.swift */,
				842A86021E25BB96006B31F7 /* SKAction+SpecialEffects.swift */,
				842A86031E25BB96006B31F7 /* SKColor+Extensions.swift */,
				842A86041E25BB96006B31F7 /* SKNode+Extensions.swift */,
				842A86051E25BB96006B31F7 /* SKTAudio.swift */,
				842A86061E25BB96006B31F7 /* SKTEffects.swift */,
				842A86071E25BB96006B31F7 /* SKTTimingFunctions.swift */,
				842A86081E25BB96006B31F7 /* Vector3.swift */,
			);
			name = SKTUtils;
			path = ../../SKTUtils/SKTUtils;
			sourceTree = "<group>";
		};
/* End PBXGroup section */

/* Begin PBXNativeTarget section */
		842A856C1E25B715006B31F7 /* iOS */ = {
			isa = PBXNativeTarget;
			buildConfigurationList = 842A85C91E25B715006B31F7 /* Build configuration list for PBXNativeTarget "iOS" */;
			buildPhases = (
				842A85691E25B715006B31F7 /* Sources */,
				842A856A1E25B715006B31F7 /* Frameworks */,
				842A856B1E25B715006B31F7 /* Resources */,
				842A85C81E25B715006B31F7 /* Embed Watch Content */,
			);
			buildRules = (
			);
			dependencies = (
				842A85801E25B715006B31F7 /* PBXTargetDependency */,
			);
			name = iOS;
			productName = iOS;
			productReference = 842A856D1E25B715006B31F7 /* GameVI.app */;
			productType = "com.apple.product-type.application";
		};
		842A857C1E25B715006B31F7 /* watchOS App */ = {
			isa = PBXNativeTarget;
			buildConfigurationList = 842A85C51E25B715006B31F7 /* Build configuration list for PBXNativeTarget "watchOS App" */;
			buildPhases = (
				842A857B1E25B715006B31F7 /* Resources */,
				842A85C41E25B715006B31F7 /* Embed App Extensions */,
			);
			buildRules = (
			);
			dependencies = (
				842A858D1E25B715006B31F7 /* PBXTargetDependency */,
			);
			name = "watchOS App";
			productName = "watchOS App";
			productReference = 842A857D1E25B715006B31F7 /* GameVI.app */;
			productType = "com.apple.product-type.application.watchapp2";
		};
		842A85891E25B715006B31F7 /* watchOS Extension */ = {
			isa = PBXNativeTarget;
			buildConfigurationList = 842A85C11E25B715006B31F7 /* Build configuration list for PBXNativeTarget "watchOS Extension" */;
			buildPhases = (
				842A85861E25B715006B31F7 /* Sources */,
				842A85871E25B715006B31F7 /* Frameworks */,
				842A85881E25B715006B31F7 /* Resources */,
			);
			buildRules = (
			);
			dependencies = (
			);
			name = "watchOS Extension";
			productName = "watchOS Extension";
			productReference = 842A858A1E25B715006B31F7 /* GameVI Extension.appex */;
			productType = "com.apple.product-type.watchkit2-extension";
		};
		842A85971E25B715006B31F7 /* tvOS */ = {
			isa = PBXNativeTarget;
			buildConfigurationList = 842A85CC1E25B715006B31F7 /* Build configuration list for PBXNativeTarget "tvOS" */;
			buildPhases = (
				842A85941E25B715006B31F7 /* Sources */,
				842A85951E25B715006B31F7 /* Frameworks */,
				842A85961E25B715006B31F7 /* Resources */,
			);
			buildRules = (
			);
			dependencies = (
			);
			name = tvOS;
			productName = tvOS;
			productReference = 842A85981E25B715006B31F7 /* GameVI.app */;
			productType = "com.apple.product-type.application";
		};
		842A85A51E25B715006B31F7 /* macOS */ = {
			isa = PBXNativeTarget;
			buildConfigurationList = 842A85CF1E25B715006B31F7 /* Build configuration list for PBXNativeTarget "macOS" */;
			buildPhases = (
				842A85A21E25B715006B31F7 /* Sources */,
				842A85A31E25B715006B31F7 /* Frameworks */,
				842A85A41E25B715006B31F7 /* Resources */,
			);
			buildRules = (
			);
			dependencies = (
			);
			name = macOS;
			productName = macOS;
			productReference = 842A85A61E25B715006B31F7 /* GameVI.app */;
			productType = "com.apple.product-type.application";
		};
/* End PBXNativeTarget section */

/* Begin PBXProject section */
		842A85601E25B715006B31F7 /* Project object */ = {
			isa = PBXProject;
			attributes = {
				LastSwiftUpdateCheck = 0820;
				LastUpgradeCheck = 0820;
				ORGANIZATIONNAME = PabloHenri91;
				TargetAttributes = {
					842A856C1E25B715006B31F7 = {
						CreatedOnToolsVersion = 8.2;
						DevelopmentTeam = JZ3J7RVLD7;
						ProvisioningStyle = Automatic;
					};
					842A857C1E25B715006B31F7 = {
						CreatedOnToolsVersion = 8.2;
						DevelopmentTeam = JZ3J7RVLD7;
						ProvisioningStyle = Automatic;
					};
					842A85891E25B715006B31F7 = {
						CreatedOnToolsVersion = 8.2;
						DevelopmentTeam = JZ3J7RVLD7;
						ProvisioningStyle = Automatic;
					};
					842A85971E25B715006B31F7 = {
						CreatedOnToolsVersion = 8.2;
						DevelopmentTeam = JZ3J7RVLD7;
						ProvisioningStyle = Automatic;
					};
					842A85A51E25B715006B31F7 = {
						CreatedOnToolsVersion = 8.2;
						DevelopmentTeam = JZ3J7RVLD7;
						ProvisioningStyle = Automatic;
					};
				};
			};
			buildConfigurationList = 842A85631E25B715006B31F7 /* Build configuration list for PBXProject "GameVI" */;
			compatibilityVersion = "Xcode 3.2";
			developmentRegion = English;
			hasScannedForEncodings = 0;
			knownRegions = (
				en,
				Base,
			);
			mainGroup = 842A855F1E25B715006B31F7;
			productRefGroup = 842A856E1E25B715006B31F7 /* Products */;
			projectDirPath = "";
			projectRoot = "";
			targets = (
				842A856C1E25B715006B31F7 /* iOS */,
				842A857C1E25B715006B31F7 /* watchOS App */,
				842A85891E25B715006B31F7 /* watchOS Extension */,
				842A85971E25B715006B31F7 /* tvOS */,
				842A85A51E25B715006B31F7 /* macOS */,
			);
		};
/* End PBXProject section */

/* Begin PBXResourcesBuildPhase section */
		842A856B1E25B715006B31F7 /* Resources */ = {
			isa = PBXResourcesBuildPhase;
			buildActionMask = 2147483647;
			files = (
				842A85761E25B715006B31F7 /* Main.storyboard in Resources */,
				842A85791E25B715006B31F7 /* LaunchScreen.storyboard in Resources */,
				842A85BB1E25B715006B31F7 /* Assets.xcassets in Resources */,
			);
			runOnlyForDeploymentPostprocessing = 0;
		};
		842A857B1E25B715006B31F7 /* Resources */ = {
			isa = PBXResourcesBuildPhase;
			buildActionMask = 2147483647;
			files = (
				842A85BC1E25B715006B31F7 /* Assets.xcassets in Resources */,
				842A85841E25B715006B31F7 /* Interface.storyboard in Resources */,
			);
			runOnlyForDeploymentPostprocessing = 0;
		};
		842A85881E25B715006B31F7 /* Resources */ = {
			isa = PBXResourcesBuildPhase;
			buildActionMask = 2147483647;
			files = (
			);
			runOnlyForDeploymentPostprocessing = 0;
		};
		842A85961E25B715006B31F7 /* Resources */ = {
			isa = PBXResourcesBuildPhase;
			buildActionMask = 2147483647;
			files = (
				842A85A01E25B715006B31F7 /* Main.storyboard in Resources */,
				842A85BD1E25B715006B31F7 /* Assets.xcassets in Resources */,
			);
			runOnlyForDeploymentPostprocessing = 0;
		};
		842A85A41E25B715006B31F7 /* Resources */ = {
			isa = PBXResourcesBuildPhase;
			buildActionMask = 2147483647;
			files = (
				842A85AE1E25B715006B31F7 /* Main.storyboard in Resources */,
				842A85BE1E25B715006B31F7 /* Assets.xcassets in Resources */,
			);
			runOnlyForDeploymentPostprocessing = 0;
		};
/* End PBXResourcesBuildPhase section */

/* Begin PBXSourcesBuildPhase section */
		842A85691E25B715006B31F7 /* Sources */ = {
			isa = PBXSourcesBuildPhase;
			buildActionMask = 2147483647;
			files = (
				842A85EC1E25BB24006B31F7 /* GameCamera.swift in Sources */,
				842A86211E25BB96006B31F7 /* SKTAudio.swift in Sources */,
				842A86271E25BB96006B31F7 /* SKTTimingFunctions.swift in Sources */,
				842A85E61E25BB24006B31F7 /* Button.swift in Sources */,
				84E0F2A01E25C77100E12E09 /* PlayerData.swift in Sources */,
				842A85E01E25BB24006B31F7 /* BlackSpriteNode.swift in Sources */,
				842A85F21E25BB24006B31F7 /* GameScene.swift in Sources */,
				842A860C1E25BB96006B31F7 /* CGPoint+Extensions.swift in Sources */,
				842A86181E25BB96006B31F7 /* SKAction+SpecialEffects.swift in Sources */,
				842A86241E25BB96006B31F7 /* SKTEffects.swift in Sources */,
				84E0F29C1E25C74600E12E09 /* MemoryCard.swift in Sources */,
				842A85E31E25BB24006B31F7 /* Box.swift in Sources */,
				842A85731E25B715006B31F7 /* GameViewController.swift in Sources */,
				84E0F2981E25C6F000E12E09 /* Model.xcdatamodeld in Sources */,
				842A85711E25B715006B31F7 /* AppDelegate.swift in Sources */,
				842A860F1E25BB96006B31F7 /* CGVector+Extensions.swift in Sources */,
				842A86121E25BB96006B31F7 /* Int+Extensions.swift in Sources */,
				842A85E91E25BB24006B31F7 /* Control.swift in Sources */,
				842A86151E25BB96006B31F7 /* SKAction+Extensions.swift in Sources */,
				842A861E1E25BB96006B31F7 /* SKNode+Extensions.swift in Sources */,
				842A861B1E25BB96006B31F7 /* SKColor+Extensions.swift in Sources */,
				842A85F51E25BB24006B31F7 /* Label.swift in Sources */,
				842A85F91E25BB3F006B31F7 /* LoadScene.swift in Sources */,
				842A86091E25BB96006B31F7 /* CGFloat+Extensions.swift in Sources */,
				842A862A1E25BB96006B31F7 /* Vector3.swift in Sources */,
				842A85EF1E25BB24006B31F7 /* GameColors.swift in Sources */,
			);
			runOnlyForDeploymentPostprocessing = 0;
		};
		842A85861E25B715006B31F7 /* Sources */ = {
			isa = PBXSourcesBuildPhase;
			buildActionMask = 2147483647;
			files = (
				842A85921E25B715006B31F7 /* ExtensionDelegate.swift in Sources */,
				842A85901E25B715006B31F7 /* InterfaceController.swift in Sources */,
			);
			runOnlyForDeploymentPostprocessing = 0;
		};
		842A85941E25B715006B31F7 /* Sources */ = {
			isa = PBXSourcesBuildPhase;
			buildActionMask = 2147483647;
			files = (
				842A85ED1E25BB24006B31F7 /* GameCamera.swift in Sources */,
				842A86221E25BB96006B31F7 /* SKTAudio.swift in Sources */,
				842A86281E25BB96006B31F7 /* SKTTimingFunctions.swift in Sources */,
				842A85E71E25BB24006B31F7 /* Button.swift in Sources */,
				84E0F2A11E25C77100E12E09 /* PlayerData.swift in Sources */,
				842A85E11E25BB24006B31F7 /* BlackSpriteNode.swift in Sources */,
				842A85F31E25BB24006B31F7 /* GameScene.swift in Sources */,
				842A860D1E25BB96006B31F7 /* CGPoint+Extensions.swift in Sources */,
				842A86191E25BB96006B31F7 /* SKAction+SpecialEffects.swift in Sources */,
				842A86251E25BB96006B31F7 /* SKTEffects.swift in Sources */,
				84E0F29D1E25C74600E12E09 /* MemoryCard.swift in Sources */,
				842A85E41E25BB24006B31F7 /* Box.swift in Sources */,
				842A859D1E25B715006B31F7 /* GameViewController.swift in Sources */,
				84E0F2991E25C6F000E12E09 /* Model.xcdatamodeld in Sources */,
				842A859B1E25B715006B31F7 /* AppDelegate.swift in Sources */,
				842A86101E25BB96006B31F7 /* CGVector+Extensions.swift in Sources */,
				842A86131E25BB96006B31F7 /* Int+Extensions.swift in Sources */,
				842A85EA1E25BB24006B31F7 /* Control.swift in Sources */,
				842A86161E25BB96006B31F7 /* SKAction+Extensions.swift in Sources */,
				842A861F1E25BB96006B31F7 /* SKNode+Extensions.swift in Sources */,
				842A861C1E25BB96006B31F7 /* SKColor+Extensions.swift in Sources */,
				842A85F61E25BB24006B31F7 /* Label.swift in Sources */,
				842A85FA1E25BB3F006B31F7 /* LoadScene.swift in Sources */,
				842A860A1E25BB96006B31F7 /* CGFloat+Extensions.swift in Sources */,
				842A862B1E25BB96006B31F7 /* Vector3.swift in Sources */,
				842A85F01E25BB24006B31F7 /* GameColors.swift in Sources */,
			);
			runOnlyForDeploymentPostprocessing = 0;
		};
		842A85A21E25B715006B31F7 /* Sources */ = {
			isa = PBXSourcesBuildPhase;
			buildActionMask = 2147483647;
			files = (
				842A85EE1E25BB24006B31F7 /* GameCamera.swift in Sources */,
				842A86231E25BB96006B31F7 /* SKTAudio.swift in Sources */,
				842A86291E25BB96006B31F7 /* SKTTimingFunctions.swift in Sources */,
				842A85E81E25BB24006B31F7 /* Button.swift in Sources */,
				84E0F2A21E25C77100E12E09 /* PlayerData.swift in Sources */,
				842A85E21E25BB24006B31F7 /* BlackSpriteNode.swift in Sources */,
				842A85F41E25BB24006B31F7 /* GameScene.swift in Sources */,
				842A860E1E25BB96006B31F7 /* CGPoint+Extensions.swift in Sources */,
				842A861A1E25BB96006B31F7 /* SKAction+SpecialEffects.swift in Sources */,
				842A86261E25BB96006B31F7 /* SKTEffects.swift in Sources */,
				84E0F29E1E25C74600E12E09 /* MemoryCard.swift in Sources */,
				842A85E51E25BB24006B31F7 /* Box.swift in Sources */,
				842A85AB1E25B715006B31F7 /* GameViewController.swift in Sources */,
				84E0F29A1E25C6F000E12E09 /* Model.xcdatamodeld in Sources */,
				842A85A91E25B715006B31F7 /* AppDelegate.swift in Sources */,
				842A86111E25BB96006B31F7 /* CGVector+Extensions.swift in Sources */,
				842A86141E25BB96006B31F7 /* Int+Extensions.swift in Sources */,
				842A85EB1E25BB24006B31F7 /* Control.swift in Sources */,
				842A86171E25BB96006B31F7 /* SKAction+Extensions.swift in Sources */,
				842A86201E25BB96006B31F7 /* SKNode+Extensions.swift in Sources */,
				842A861D1E25BB96006B31F7 /* SKColor+Extensions.swift in Sources */,
				842A85F71E25BB24006B31F7 /* Label.swift in Sources */,
				842A85FB1E25BB3F006B31F7 /* LoadScene.swift in Sources */,
				842A860B1E25BB96006B31F7 /* CGFloat+Extensions.swift in Sources */,
				842A862C1E25BB96006B31F7 /* Vector3.swift in Sources */,
				842A85F11E25BB24006B31F7 /* GameColors.swift in Sources */,
			);
			runOnlyForDeploymentPostprocessing = 0;
		};
/* End PBXSourcesBuildPhase section */

/* Begin PBXTargetDependency section */
		842A85801E25B715006B31F7 /* PBXTargetDependency */ = {
			isa = PBXTargetDependency;
			target = 842A857C1E25B715006B31F7 /* watchOS App */;
			targetProxy = 842A857F1E25B715006B31F7 /* PBXContainerItemProxy */;
		};
		842A858D1E25B715006B31F7 /* PBXTargetDependency */ = {
			isa = PBXTargetDependency;
			target = 842A85891E25B715006B31F7 /* watchOS Extension */;
			targetProxy = 842A858C1E25B715006B31F7 /* PBXContainerItemProxy */;
		};
/* End PBXTargetDependency section */

/* Begin PBXVariantGroup section */
		842A85741E25B715006B31F7 /* Main.storyboard */ = {
			isa = PBXVariantGroup;
			children = (
				842A85751E25B715006B31F7 /* Base */,
			);
			name = Main.storyboard;
			sourceTree = "<group>";
		};
		842A85771E25B715006B31F7 /* LaunchScreen.storyboard */ = {
			isa = PBXVariantGroup;
			children = (
				842A85781E25B715006B31F7 /* Base */,
			);
			name = LaunchScreen.storyboard;
			sourceTree = "<group>";
		};
		842A85821E25B715006B31F7 /* Interface.storyboard */ = {
			isa = PBXVariantGroup;
			children = (
				842A85831E25B715006B31F7 /* Base */,
			);
			name = Interface.storyboard;
			sourceTree = "<group>";
		};
		842A859E1E25B715006B31F7 /* Main.storyboard */ = {
			isa = PBXVariantGroup;
			children = (
				842A859F1E25B715006B31F7 /* Base */,
			);
			name = Main.storyboard;
			sourceTree = "<group>";
		};
		842A85AC1E25B715006B31F7 /* Main.storyboard */ = {
			isa = PBXVariantGroup;
			children = (
				842A85AD1E25B715006B31F7 /* Base */,
			);
			name = Main.storyboard;
			sourceTree = "<group>";
		};
/* End PBXVariantGroup section */

/* Begin XCBuildConfiguration section */
		842A85BF1E25B715006B31F7 /* Debug */ = {
			isa = XCBuildConfiguration;
			buildSettings = {
				ALWAYS_SEARCH_USER_PATHS = NO;
				CLANG_ANALYZER_NONNULL = YES;
				CLANG_CXX_LANGUAGE_STANDARD = "gnu++0x";
				CLANG_CXX_LIBRARY = "libc++";
				CLANG_ENABLE_MODULES = YES;
				CLANG_ENABLE_OBJC_ARC = YES;
				CLANG_WARN_BOOL_CONVERSION = YES;
				CLANG_WARN_CONSTANT_CONVERSION = YES;
				CLANG_WARN_DIRECT_OBJC_ISA_USAGE = YES_ERROR;
				CLANG_WARN_DOCUMENTATION_COMMENTS = YES;
				CLANG_WARN_EMPTY_BODY = YES;
				CLANG_WARN_ENUM_CONVERSION = YES;
				CLANG_WARN_INFINITE_RECURSION = YES;
				CLANG_WARN_INT_CONVERSION = YES;
				CLANG_WARN_OBJC_ROOT_CLASS = YES_ERROR;
				CLANG_WARN_SUSPICIOUS_MOVE = YES;
				CLANG_WARN_UNREACHABLE_CODE = YES;
				CLANG_WARN__DUPLICATE_METHOD_MATCH = YES;
				COPY_PHASE_STRIP = NO;
				DEBUG_INFORMATION_FORMAT = dwarf;
				ENABLE_STRICT_OBJC_MSGSEND = YES;
				ENABLE_TESTABILITY = YES;
				GCC_C_LANGUAGE_STANDARD = gnu99;
				GCC_DYNAMIC_NO_PIC = NO;
				GCC_NO_COMMON_BLOCKS = YES;
				GCC_OPTIMIZATION_LEVEL = 0;
				GCC_PREPROCESSOR_DEFINITIONS = (
					"DEBUG=1",
					"$(inherited)",
				);
				GCC_WARN_64_TO_32_BIT_CONVERSION = YES;
				GCC_WARN_ABOUT_RETURN_TYPE = YES_ERROR;
				GCC_WARN_UNDECLARED_SELECTOR = YES;
				GCC_WARN_UNINITIALIZED_AUTOS = YES_AGGRESSIVE;
				GCC_WARN_UNUSED_FUNCTION = YES;
				GCC_WARN_UNUSED_VARIABLE = YES;
				IPHONEOS_DEPLOYMENT_TARGET = 8.0;
				MACOSX_DEPLOYMENT_TARGET = 10.11;
				MTL_ENABLE_DEBUG_INFO = YES;
				ONLY_ACTIVE_ARCH = YES;
				SWIFT_ACTIVE_COMPILATION_CONDITIONS = DEBUG;
				SWIFT_OPTIMIZATION_LEVEL = "-Onone";
			};
			name = Debug;
		};
		842A85C01E25B715006B31F7 /* Release */ = {
			isa = XCBuildConfiguration;
			buildSettings = {
				ALWAYS_SEARCH_USER_PATHS = NO;
				CLANG_ANALYZER_NONNULL = YES;
				CLANG_CXX_LANGUAGE_STANDARD = "gnu++0x";
				CLANG_CXX_LIBRARY = "libc++";
				CLANG_ENABLE_MODULES = YES;
				CLANG_ENABLE_OBJC_ARC = YES;
				CLANG_WARN_BOOL_CONVERSION = YES;
				CLANG_WARN_CONSTANT_CONVERSION = YES;
				CLANG_WARN_DIRECT_OBJC_ISA_USAGE = YES_ERROR;
				CLANG_WARN_DOCUMENTATION_COMMENTS = YES;
				CLANG_WARN_EMPTY_BODY = YES;
				CLANG_WARN_ENUM_CONVERSION = YES;
				CLANG_WARN_INFINITE_RECURSION = YES;
				CLANG_WARN_INT_CONVERSION = YES;
				CLANG_WARN_OBJC_ROOT_CLASS = YES_ERROR;
				CLANG_WARN_SUSPICIOUS_MOVE = YES;
				CLANG_WARN_UNREACHABLE_CODE = YES;
				CLANG_WARN__DUPLICATE_METHOD_MATCH = YES;
				COPY_PHASE_STRIP = NO;
				DEBUG_INFORMATION_FORMAT = "dwarf-with-dsym";
				ENABLE_NS_ASSERTIONS = NO;
				ENABLE_STRICT_OBJC_MSGSEND = YES;
				GCC_C_LANGUAGE_STANDARD = gnu99;
				GCC_NO_COMMON_BLOCKS = YES;
				GCC_WARN_64_TO_32_BIT_CONVERSION = YES;
				GCC_WARN_ABOUT_RETURN_TYPE = YES_ERROR;
				GCC_WARN_UNDECLARED_SELECTOR = YES;
				GCC_WARN_UNINITIALIZED_AUTOS = YES_AGGRESSIVE;
				GCC_WARN_UNUSED_FUNCTION = YES;
				GCC_WARN_UNUSED_VARIABLE = YES;
				IPHONEOS_DEPLOYMENT_TARGET = 8.0;
				MACOSX_DEPLOYMENT_TARGET = 10.11;
				MTL_ENABLE_DEBUG_INFO = NO;
				SWIFT_OPTIMIZATION_LEVEL = "-Owholemodule";
			};
			name = Release;
		};
		842A85C21E25B715006B31F7 /* Debug */ = {
			isa = XCBuildConfiguration;
			buildSettings = {
				DEVELOPMENT_TEAM = JZ3J7RVLD7;
				INFOPLIST_FILE = "watchOS Extension/Info.plist";
				LD_RUNPATH_SEARCH_PATHS = "$(inherited) @executable_path/Frameworks @executable_path/../../Frameworks";
				PRODUCT_BUNDLE_IDENTIFIER = com.PabloHenri91.GameVI.watchkitapp.watchkitextension;
				PRODUCT_NAME = "GameVI Extension";
				SDKROOT = watchos;
				SKIP_INSTALL = YES;
				SWIFT_VERSION = 3.0;
				WATCHOS_DEPLOYMENT_TARGET = 3.1;
			};
			name = Debug;
		};
		842A85C31E25B715006B31F7 /* Release */ = {
			isa = XCBuildConfiguration;
			buildSettings = {
				DEVELOPMENT_TEAM = JZ3J7RVLD7;
				INFOPLIST_FILE = "watchOS Extension/Info.plist";
				LD_RUNPATH_SEARCH_PATHS = "$(inherited) @executable_path/Frameworks @executable_path/../../Frameworks";
				PRODUCT_BUNDLE_IDENTIFIER = com.PabloHenri91.GameVI.watchkitapp.watchkitextension;
				PRODUCT_NAME = "GameVI Extension";
				SDKROOT = watchos;
				SKIP_INSTALL = YES;
				SWIFT_VERSION = 3.0;
				VALIDATE_PRODUCT = YES;
				WATCHOS_DEPLOYMENT_TARGET = 3.1;
			};
			name = Release;
		};
		842A85C61E25B715006B31F7 /* Debug */ = {
			isa = XCBuildConfiguration;
			buildSettings = {
				ALWAYS_EMBED_SWIFT_STANDARD_LIBRARIES = YES;
				ASSETCATALOG_COMPILER_APPICON_NAME = AppIcon;
				DEVELOPMENT_TEAM = JZ3J7RVLD7;
				IBSC_MODULE = GameVI_Extension;
				INFOPLIST_FILE = "watchOS App/Info.plist";
				PRODUCT_BUNDLE_IDENTIFIER = com.PabloHenri91.GameVI.watchkitapp;
				PRODUCT_NAME = GameVI;
				SDKROOT = watchos;
				SKIP_INSTALL = YES;
				SWIFT_VERSION = 3.0;
				WATCHOS_DEPLOYMENT_TARGET = 3.1;
			};
			name = Debug;
		};
		842A85C71E25B715006B31F7 /* Release */ = {
			isa = XCBuildConfiguration;
			buildSettings = {
				ALWAYS_EMBED_SWIFT_STANDARD_LIBRARIES = YES;
				ASSETCATALOG_COMPILER_APPICON_NAME = AppIcon;
				DEVELOPMENT_TEAM = JZ3J7RVLD7;
				IBSC_MODULE = GameVI_Extension;
				INFOPLIST_FILE = "watchOS App/Info.plist";
				PRODUCT_BUNDLE_IDENTIFIER = com.PabloHenri91.GameVI.watchkitapp;
				PRODUCT_NAME = GameVI;
				SDKROOT = watchos;
				SKIP_INSTALL = YES;
				SWIFT_VERSION = 3.0;
				VALIDATE_PRODUCT = YES;
				WATCHOS_DEPLOYMENT_TARGET = 3.1;
			};
			name = Release;
		};
		842A85CA1E25B715006B31F7 /* Debug */ = {
			isa = XCBuildConfiguration;
			buildSettings = {
				ASSETCATALOG_COMPILER_APPICON_NAME = AppIcon;
				"CODE_SIGN_IDENTITY[sdk=iphoneos*]" = "iPhone Developer";
				DEVELOPMENT_TEAM = JZ3J7RVLD7;
				INFOPLIST_FILE = iOS/Info.plist;
				IPHONEOS_DEPLOYMENT_TARGET = 10.2;
				LD_RUNPATH_SEARCH_PATHS = "$(inherited) @executable_path/Frameworks";
				PRODUCT_BUNDLE_IDENTIFIER = com.PabloHenri91.GameVI;
				PRODUCT_NAME = GameVI;
				SDKROOT = iphoneos;
				SWIFT_VERSION = 3.0;
				TARGETED_DEVICE_FAMILY = "1,2";
			};
			name = Debug;
		};
		842A85CB1E25B715006B31F7 /* Release */ = {
			isa = XCBuildConfiguration;
			buildSettings = {
				ASSETCATALOG_COMPILER_APPICON_NAME = AppIcon;
				"CODE_SIGN_IDENTITY[sdk=iphoneos*]" = "iPhone Developer";
				DEVELOPMENT_TEAM = JZ3J7RVLD7;
				INFOPLIST_FILE = iOS/Info.plist;
				IPHONEOS_DEPLOYMENT_TARGET = 10.2;
				LD_RUNPATH_SEARCH_PATHS = "$(inherited) @executable_path/Frameworks";
				PRODUCT_BUNDLE_IDENTIFIER = com.PabloHenri91.GameVI;
				PRODUCT_NAME = GameVI;
				SDKROOT = iphoneos;
				SWIFT_VERSION = 3.0;
				TARGETED_DEVICE_FAMILY = "1,2";
				VALIDATE_PRODUCT = YES;
			};
			name = Release;
		};
		842A85CD1E25B715006B31F7 /* Debug */ = {
			isa = XCBuildConfiguration;
			buildSettings = {
				ASSETCATALOG_COMPILER_APPICON_NAME = "tvOS App Icon & Top Shelf Image";
				ASSETCATALOG_COMPILER_LAUNCHIMAGE_NAME = "tvOS LaunchImage";
				DEVELOPMENT_TEAM = JZ3J7RVLD7;
				INFOPLIST_FILE = tvOS/Info.plist;
				LD_RUNPATH_SEARCH_PATHS = "$(inherited) @executable_path/Frameworks";
				PRODUCT_BUNDLE_IDENTIFIER = com.PabloHenri91.GameVI;
				PRODUCT_NAME = GameVI;
				SDKROOT = appletvos;
				SWIFT_VERSION = 3.0;
				TVOS_DEPLOYMENT_TARGET = 10.1;
			};
			name = Debug;
		};
		842A85CE1E25B715006B31F7 /* Release */ = {
			isa = XCBuildConfiguration;
			buildSettings = {
				ASSETCATALOG_COMPILER_APPICON_NAME = "tvOS App Icon & Top Shelf Image";
				ASSETCATALOG_COMPILER_LAUNCHIMAGE_NAME = "tvOS LaunchImage";
				DEVELOPMENT_TEAM = JZ3J7RVLD7;
				INFOPLIST_FILE = tvOS/Info.plist;
				LD_RUNPATH_SEARCH_PATHS = "$(inherited) @executable_path/Frameworks";
				PRODUCT_BUNDLE_IDENTIFIER = com.PabloHenri91.GameVI;
				PRODUCT_NAME = GameVI;
				SDKROOT = appletvos;
				SWIFT_VERSION = 3.0;
				TVOS_DEPLOYMENT_TARGET = 10.1;
				VALIDATE_PRODUCT = YES;
			};
			name = Release;
		};
		842A85D01E25B715006B31F7 /* Debug */ = {
			isa = XCBuildConfiguration;
			buildSettings = {
				ASSETCATALOG_COMPILER_APPICON_NAME = AppIcon;
				CODE_SIGN_IDENTITY = "-";
				COMBINE_HIDPI_IMAGES = YES;
				DEVELOPMENT_TEAM = JZ3J7RVLD7;
				INFOPLIST_FILE = macOS/Info.plist;
				LD_RUNPATH_SEARCH_PATHS = "$(inherited) @executable_path/../Frameworks";
				MACOSX_DEPLOYMENT_TARGET = 10.11;
				PRODUCT_BUNDLE_IDENTIFIER = com.PabloHenri91.GameVI;
				PRODUCT_NAME = GameVI;
				SDKROOT = macosx;
				SWIFT_VERSION = 3.0;
			};
			name = Debug;
		};
		842A85D11E25B715006B31F7 /* Release */ = {
			isa = XCBuildConfiguration;
			buildSettings = {
				ASSETCATALOG_COMPILER_APPICON_NAME = AppIcon;
				CODE_SIGN_IDENTITY = "-";
				COMBINE_HIDPI_IMAGES = YES;
				DEVELOPMENT_TEAM = JZ3J7RVLD7;
				INFOPLIST_FILE = macOS/Info.plist;
				LD_RUNPATH_SEARCH_PATHS = "$(inherited) @executable_path/../Frameworks";
				MACOSX_DEPLOYMENT_TARGET = 10.11;
				PRODUCT_BUNDLE_IDENTIFIER = com.PabloHenri91.GameVI;
				PRODUCT_NAME = GameVI;
				SDKROOT = macosx;
				SWIFT_VERSION = 3.0;
			};
			name = Release;
		};
/* End XCBuildConfiguration section */

/* Begin XCConfigurationList section */
		842A85631E25B715006B31F7 /* Build configuration list for PBXProject "GameVI" */ = {
			isa = XCConfigurationList;
			buildConfigurations = (
				842A85BF1E25B715006B31F7 /* Debug */,
				842A85C01E25B715006B31F7 /* Release */,
			);
			defaultConfigurationIsVisible = 0;
			defaultConfigurationName = Release;
		};
		842A85C11E25B715006B31F7 /* Build configuration list for PBXNativeTarget "watchOS Extension" */ = {
			isa = XCConfigurationList;
			buildConfigurations = (
				842A85C21E25B715006B31F7 /* Debug */,
				842A85C31E25B715006B31F7 /* Release */,
			);
			defaultConfigurationIsVisible = 0;
			defaultConfigurationName = Release;
		};
		842A85C51E25B715006B31F7 /* Build configuration list for PBXNativeTarget "watchOS App" */ = {
			isa = XCConfigurationList;
			buildConfigurations = (
				842A85C61E25B715006B31F7 /* Debug */,
				842A85C71E25B715006B31F7 /* Release */,
			);
			defaultConfigurationIsVisible = 0;
			defaultConfigurationName = Release;
		};
		842A85C91E25B715006B31F7 /* Build configuration list for PBXNativeTarget "iOS" */ = {
			isa = XCConfigurationList;
			buildConfigurations = (
				842A85CA1E25B715006B31F7 /* Debug */,
				842A85CB1E25B715006B31F7 /* Release */,
			);
			defaultConfigurationIsVisible = 0;
			defaultConfigurationName = Release;
		};
		842A85CC1E25B715006B31F7 /* Build configuration list for PBXNativeTarget "tvOS" */ = {
			isa = XCConfigurationList;
			buildConfigurations = (
				842A85CD1E25B715006B31F7 /* Debug */,
				842A85CE1E25B715006B31F7 /* Release */,
			);
			defaultConfigurationIsVisible = 0;
			defaultConfigurationName = Release;
		};
		842A85CF1E25B715006B31F7 /* Build configuration list for PBXNativeTarget "macOS" */ = {
			isa = XCConfigurationList;
			buildConfigurations = (
				842A85D01E25B715006B31F7 /* Debug */,
				842A85D11E25B715006B31F7 /* Release */,
			);
			defaultConfigurationIsVisible = 0;
			defaultConfigurationName = Release;
		};
/* End XCConfigurationList section */

/* Begin XCVersionGroup section */
		84E0F2961E25C6F000E12E09 /* Model.xcdatamodeld */ = {
			isa = XCVersionGroup;
			children = (
				84E0F2971E25C6F000E12E09 /* Model.xcdatamodel */,
			);
			currentVersion = 84E0F2971E25C6F000E12E09 /* Model.xcdatamodel */;
			path = Model.xcdatamodeld;
			sourceTree = "<group>";
			versionGroupType = wrapper.xcdatamodel;
		};
/* End XCVersionGroup section */
	};
	rootObject = 842A85601E25B715006B31F7 /* Project object */;
}
